// !$*UTF8*$!
{
	archiveVersion = 1;
	classes = {
	};
	objectVersion = 46;
	objects = {

/* Begin PBXBuildFile section */
		BF21EA561C06500700E2031E /* libuv.a in Frameworks */ = {isa = PBXBuildFile; fileRef = BF21EA551C06500700E2031E /* libuv.a */; };
		BF5DD9BF18E105080041F796 /* main.c in Sources */ = {isa = PBXBuildFile; fileRef = BF5DD9BE18E105080041F796 /* main.c */; };
		BF5DD9C118E1096F0041F796 /* benchmark.c in Sources */ = {isa = PBXBuildFile; fileRef = BF5DD9C018E1096F0041F796 /* benchmark.c */; };
		BFBA53FB18E1EF5800DC6D8B /* libaerospike.a in Frameworks */ = {isa = PBXBuildFile; fileRef = BFBA53F818E1EF4600DC6D8B /* libaerospike.a */; };
		BFBA53FD18E1EF8800DC6D8B /* libz.dylib in Frameworks */ = {isa = PBXBuildFile; fileRef = BFBA53FC18E1EF8800DC6D8B /* libz.dylib */; };
		BFBA53FF18E1EF9300DC6D8B /* libpthread.dylib in Frameworks */ = {isa = PBXBuildFile; fileRef = BFBA53FE18E1EF9300DC6D8B /* libpthread.dylib */; };
		BFBA540118E1EFAA00DC6D8B /* libcrypto.dylib in Frameworks */ = {isa = PBXBuildFile; fileRef = BFBA540018E1EFAA00DC6D8B /* libcrypto.dylib */; };
		BFBA540318E1EFF200DC6D8B /* liblua.a in Frameworks */ = {isa = PBXBuildFile; fileRef = BFBA540218E1EFF200DC6D8B /* liblua.a */; };
		BFBA540A18E1F2D300DC6D8B /* linear.c in Sources */ = {isa = PBXBuildFile; fileRef = BFBA540818E1F2D300DC6D8B /* linear.c */; };
		BFBA540B18E1F2D300DC6D8B /* random.c in Sources */ = {isa = PBXBuildFile; fileRef = BFBA540918E1F2D300DC6D8B /* random.c */; };
		BFBA540D18E20AE900DC6D8B /* latency.c in Sources */ = {isa = PBXBuildFile; fileRef = BFBA540C18E20AE900DC6D8B /* latency.c */; };
		BFBA540F18E211A200DC6D8B /* record.c in Sources */ = {isa = PBXBuildFile; fileRef = BFBA540E18E211A200DC6D8B /* record.c */; };
		BFC212AF1BDECA9F00E5730A /* libev.a in Frameworks */ = {isa = PBXBuildFile; fileRef = BFC212AE1BDECA9F00E5730A /* libev.a */; };
/* End PBXBuildFile section */

/* Begin PBXContainerItemProxy section */
		BFBA53F718E1EF4600DC6D8B /* PBXContainerItemProxy */ = {
			isa = PBXContainerItemProxy;
			containerPortal = BFBA53F318E1EF4600DC6D8B /* aerospike.xcodeproj */;
			proxyType = 2;
			remoteGlobalIDString = BF07F63718B4252500CE1850;
			remoteInfo = aerospike;
		};
		BFBA53F918E1EF5000DC6D8B /* PBXContainerItemProxy */ = {
			isa = PBXContainerItemProxy;
			containerPortal = BFBA53F318E1EF4600DC6D8B /* aerospike.xcodeproj */;
			proxyType = 1;
			remoteGlobalIDString = BF07F63618B4252500CE1850;
			remoteInfo = aerospike;
		};
/* End PBXContainerItemProxy section */

/* Begin PBXCopyFilesBuildPhase section */
		BFC79A7818DCB27D00CFE830 /* CopyFiles */ = {
			isa = PBXCopyFilesBuildPhase;
			buildActionMask = 2147483647;
			dstPath = /usr/share/man/man1/;
			dstSubfolderSpec = 0;
			files = (
			);
			runOnlyForDeploymentPostprocessing = 1;
		};
/* End PBXCopyFilesBuildPhase section */

/* Begin PBXFileReference section */
		BF21EA551C06500700E2031E /* libuv.a */ = {isa = PBXFileReference; lastKnownFileType = archive.ar; name = libuv.a; path = /usr/local/Cellar/libuv/1.7.5/lib/libuv.a; sourceTree = "<absolute>"; };
		BF5DD9BE18E105080041F796 /* main.c */ = {isa = PBXFileReference; fileEncoding = 4; lastKnownFileType = sourcecode.c.c; name = main.c; path = ../benchmarks/src/main/main.c; sourceTree = "<group>"; };
		BF5DD9C018E1096F0041F796 /* benchmark.c */ = {isa = PBXFileReference; fileEncoding = 4; lastKnownFileType = sourcecode.c.c; name = benchmark.c; path = ../benchmarks/src/main/benchmark.c; sourceTree = "<group>"; };
		BFBA53F318E1EF4600DC6D8B /* aerospike.xcodeproj */ = {isa = PBXFileReference; lastKnownFileType = "wrapper.pb-project"; path = aerospike.xcodeproj; sourceTree = "<group>"; };
		BFBA53FC18E1EF8800DC6D8B /* libz.dylib */ = {isa = PBXFileReference; lastKnownFileType = "compiled.mach-o.dylib"; name = libz.dylib; path = usr/lib/libz.dylib; sourceTree = SDKROOT; };
		BFBA53FE18E1EF9300DC6D8B /* libpthread.dylib */ = {isa = PBXFileReference; lastKnownFileType = "compiled.mach-o.dylib"; name = libpthread.dylib; path = usr/lib/libpthread.dylib; sourceTree = SDKROOT; };
		BFBA540018E1EFAA00DC6D8B /* libcrypto.dylib */ = {isa = PBXFileReference; lastKnownFileType = "compiled.mach-o.dylib"; name = libcrypto.dylib; path = usr/lib/libcrypto.dylib; sourceTree = SDKROOT; };
		BFBA540218E1EFF200DC6D8B /* liblua.a */ = {isa = PBXFileReference; lastKnownFileType = archive.ar; name = liblua.a; path = /usr/local/lib/liblua.a; sourceTree = "<absolute>"; };
		BFBA540818E1F2D300DC6D8B /* linear.c */ = {isa = PBXFileReference; fileEncoding = 4; lastKnownFileType = sourcecode.c.c; name = linear.c; path = ../benchmarks/src/main/linear.c; sourceTree = "<group>"; };
		BFBA540918E1F2D300DC6D8B /* random.c */ = {isa = PBXFileReference; fileEncoding = 4; lastKnownFileType = sourcecode.c.c; name = random.c; path = ../benchmarks/src/main/random.c; sourceTree = "<group>"; };
		BFBA540C18E20AE900DC6D8B /* latency.c */ = {isa = PBXFileReference; fileEncoding = 4; lastKnownFileType = sourcecode.c.c; name = latency.c; path = ../benchmarks/src/main/latency.c; sourceTree = "<group>"; };
		BFBA540E18E211A200DC6D8B /* record.c */ = {isa = PBXFileReference; fileEncoding = 4; lastKnownFileType = sourcecode.c.c; name = record.c; path = ../benchmarks/src/main/record.c; sourceTree = "<group>"; };
		BFBA541218E212CD00DC6D8B /* benchmark.h */ = {isa = PBXFileReference; fileEncoding = 4; lastKnownFileType = sourcecode.c.h; name = benchmark.h; path = ../benchmarks/src/main/benchmark.h; sourceTree = "<group>"; };
		BFBFE57818E3761900B07B6B /* latency.h */ = {isa = PBXFileReference; fileEncoding = 4; lastKnownFileType = sourcecode.c.h; name = latency.h; path = ../benchmarks/src/main/latency.h; sourceTree = "<group>"; };
		BFC212AE1BDECA9F00E5730A /* libev.a */ = {isa = PBXFileReference; lastKnownFileType = archive.ar; name = libev.a; path = /usr/local/lib/libev.a; sourceTree = "<absolute>"; };
		BFC79A7A18DCB27D00CFE830 /* benchmarks */ = {isa = PBXFileReference; explicitFileType = "compiled.mach-o.executable"; includeInIndex = 0; path = benchmarks; sourceTree = BUILT_PRODUCTS_DIR; };
/* End PBXFileReference section */

/* Begin PBXFrameworksBuildPhase section */
		BFC79A7718DCB27D00CFE830 /* Frameworks */ = {
			isa = PBXFrameworksBuildPhase;
			buildActionMask = 2147483647;
			files = (
				BFBA53FB18E1EF5800DC6D8B /* libaerospike.a in Frameworks */,
				BFBA540118E1EFAA00DC6D8B /* libcrypto.dylib in Frameworks */,
				BFBA540318E1EFF200DC6D8B /* liblua.a in Frameworks */,
				BFC212AF1BDECA9F00E5730A /* libev.a in Frameworks */,
				BF21EA561C06500700E2031E /* libuv.a in Frameworks */,
				BFBA53FF18E1EF9300DC6D8B /* libpthread.dylib in Frameworks */,
				BFBA53FD18E1EF8800DC6D8B /* libz.dylib in Frameworks */,
			);
			runOnlyForDeploymentPostprocessing = 0;
		};
/* End PBXFrameworksBuildPhase section */

/* Begin PBXGroup section */
		BFBA53F418E1EF4600DC6D8B /* Products */ = {
			isa = PBXGroup;
			children = (
				BFBA53F818E1EF4600DC6D8B /* libaerospike.a */,
			);
			name = Products;
			sourceTree = "<group>";
		};
		BFC65BED1C9222C00079DF5A /* libs */ = {
			isa = PBXGroup;
			children = (
				BFBA53F318E1EF4600DC6D8B /* aerospike.xcodeproj */,
				BF21EA551C06500700E2031E /* libuv.a */,
				BFC212AE1BDECA9F00E5730A /* libev.a */,
				BFBA540218E1EFF200DC6D8B /* liblua.a */,
				BFBA540018E1EFAA00DC6D8B /* libcrypto.dylib */,
				BFBA53FE18E1EF9300DC6D8B /* libpthread.dylib */,
				BFBA53FC18E1EF8800DC6D8B /* libz.dylib */,
			);
			name = libs;
			sourceTree = "<group>";
		};
		BFC65BEE1C9223110079DF5A /* src */ = {
			isa = PBXGroup;
			children = (
				BF5DD9BE18E105080041F796 /* main.c */,
				BF5DD9C018E1096F0041F796 /* benchmark.c */,
				BFBA541218E212CD00DC6D8B /* benchmark.h */,
				BFBA540818E1F2D300DC6D8B /* linear.c */,
				BFBA540E18E211A200DC6D8B /* record.c */,
				BFBA540C18E20AE900DC6D8B /* latency.c */,
				BFBFE57818E3761900B07B6B /* latency.h */,
				BFBA540918E1F2D300DC6D8B /* random.c */,
			);
			name = src;
			sourceTree = "<group>";
		};
		BFC79A7118DCB27D00CFE830 = {
			isa = PBXGroup;
			children = (
				BFC65BEE1C9223110079DF5A /* src */,
				BFC65BED1C9222C00079DF5A /* libs */,
				BFC79A7B18DCB27D00CFE830 /* Products */,
			);
			sourceTree = "<group>";
		};
		BFC79A7B18DCB27D00CFE830 /* Products */ = {
			isa = PBXGroup;
			children = (
				BFC79A7A18DCB27D00CFE830 /* benchmarks */,
			);
			name = Products;
			sourceTree = "<group>";
		};
/* End PBXGroup section */

/* Begin PBXNativeTarget section */
		BFC79A7918DCB27D00CFE830 /* benchmarks */ = {
			isa = PBXNativeTarget;
			buildConfigurationList = BFC79A8318DCB27D00CFE830 /* Build configuration list for PBXNativeTarget "benchmarks" */;
			buildPhases = (
				BFC79A7618DCB27D00CFE830 /* Sources */,
				BFC79A7718DCB27D00CFE830 /* Frameworks */,
				BFC79A7818DCB27D00CFE830 /* CopyFiles */,
			);
			buildRules = (
			);
			dependencies = (
				BFBA53FA18E1EF5000DC6D8B /* PBXTargetDependency */,
			);
			name = benchmarks;
			productName = benchmarks;
			productReference = BFC79A7A18DCB27D00CFE830 /* benchmarks */;
			productType = "com.apple.product-type.tool";
		};
/* End PBXNativeTarget section */

/* Begin PBXProject section */
		BFC79A7218DCB27D00CFE830 /* Project object */ = {
			isa = PBXProject;
			attributes = {
				LastUpgradeCheck = 0510;
				ORGANIZATIONNAME = Aerospike;
			};
			buildConfigurationList = BFC79A7518DCB27D00CFE830 /* Build configuration list for PBXProject "benchmarks" */;
			compatibilityVersion = "Xcode 3.2";
			developmentRegion = English;
			hasScannedForEncodings = 0;
			knownRegions = (
				en,
			);
			mainGroup = BFC79A7118DCB27D00CFE830;
			productRefGroup = BFC79A7B18DCB27D00CFE830 /* Products */;
			projectDirPath = "";
			projectReferences = (
				{
					ProductGroup = BFBA53F418E1EF4600DC6D8B /* Products */;
					ProjectRef = BFBA53F318E1EF4600DC6D8B /* aerospike.xcodeproj */;
				},
			);
			projectRoot = "";
			targets = (
				BFC79A7918DCB27D00CFE830 /* benchmarks */,
			);
		};
/* End PBXProject section */

/* Begin PBXReferenceProxy section */
		BFBA53F818E1EF4600DC6D8B /* libaerospike.a */ = {
			isa = PBXReferenceProxy;
			fileType = archive.ar;
			path = libaerospike.a;
			remoteRef = BFBA53F718E1EF4600DC6D8B /* PBXContainerItemProxy */;
			sourceTree = BUILT_PRODUCTS_DIR;
		};
/* End PBXReferenceProxy section */

/* Begin PBXSourcesBuildPhase section */
		BFC79A7618DCB27D00CFE830 /* Sources */ = {
			isa = PBXSourcesBuildPhase;
			buildActionMask = 2147483647;
			files = (
				BFBA540A18E1F2D300DC6D8B /* linear.c in Sources */,
				BFBA540D18E20AE900DC6D8B /* latency.c in Sources */,
				BF5DD9BF18E105080041F796 /* main.c in Sources */,
				BFBA540B18E1F2D300DC6D8B /* random.c in Sources */,
				BFBA540F18E211A200DC6D8B /* record.c in Sources */,
				BF5DD9C118E1096F0041F796 /* benchmark.c in Sources */,
			);
			runOnlyForDeploymentPostprocessing = 0;
		};
/* End PBXSourcesBuildPhase section */

/* Begin PBXTargetDependency section */
		BFBA53FA18E1EF5000DC6D8B /* PBXTargetDependency */ = {
			isa = PBXTargetDependency;
			name = aerospike;
			targetProxy = BFBA53F918E1EF5000DC6D8B /* PBXContainerItemProxy */;
		};
/* End PBXTargetDependency section */

/* Begin XCBuildConfiguration section */
		BFC79A8118DCB27D00CFE830 /* Debug */ = {
			isa = XCBuildConfiguration;
			buildSettings = {
				ALWAYS_SEARCH_USER_PATHS = NO;
				CLANG_CXX_LANGUAGE_STANDARD = "gnu++0x";
				CLANG_CXX_LIBRARY = "libc++";
				CLANG_ENABLE_MODULES = YES;
				CLANG_ENABLE_OBJC_ARC = YES;
				CLANG_WARN_BOOL_CONVERSION = YES;
				CLANG_WARN_CONSTANT_CONVERSION = YES;
				CLANG_WARN_DIRECT_OBJC_ISA_USAGE = YES_ERROR;
				CLANG_WARN_EMPTY_BODY = YES;
				CLANG_WARN_ENUM_CONVERSION = YES;
				CLANG_WARN_INT_CONVERSION = YES;
				CLANG_WARN_OBJC_ROOT_CLASS = YES_ERROR;
				CLANG_WARN__DUPLICATE_METHOD_MATCH = YES;
				COPY_PHASE_STRIP = NO;
				GCC_C_LANGUAGE_STANDARD = gnu99;
				GCC_DYNAMIC_NO_PIC = NO;
				GCC_ENABLE_OBJC_EXCEPTIONS = YES;
				GCC_OPTIMIZATION_LEVEL = 0;
				GCC_PREPROCESSOR_DEFINITIONS = (
					"DEBUG=1",
					"$(inherited)",
				);
				GCC_SYMBOLS_PRIVATE_EXTERN = NO;
				GCC_WARN_64_TO_32_BIT_CONVERSION = YES;
				GCC_WARN_ABOUT_RETURN_TYPE = YES_ERROR;
				GCC_WARN_UNDECLARED_SELECTOR = YES;
				GCC_WARN_UNINITIALIZED_AUTOS = YES_AGGRESSIVE;
				GCC_WARN_UNUSED_FUNCTION = YES;
				GCC_WARN_UNUSED_VARIABLE = YES;
				MACOSX_DEPLOYMENT_TARGET = 10.8;
				ONLY_ACTIVE_ARCH = YES;
				SDKROOT = macosx;
			};
			name = Debug;
		};
		BFC79A8218DCB27D00CFE830 /* Release */ = {
			isa = XCBuildConfiguration;
			buildSettings = {
				ALWAYS_SEARCH_USER_PATHS = NO;
				CLANG_CXX_LANGUAGE_STANDARD = "gnu++0x";
				CLANG_CXX_LIBRARY = "libc++";
				CLANG_ENABLE_MODULES = YES;
				CLANG_ENABLE_OBJC_ARC = YES;
				CLANG_WARN_BOOL_CONVERSION = YES;
				CLANG_WARN_CONSTANT_CONVERSION = YES;
				CLANG_WARN_DIRECT_OBJC_ISA_USAGE = YES_ERROR;
				CLANG_WARN_EMPTY_BODY = YES;
				CLANG_WARN_ENUM_CONVERSION = YES;
				CLANG_WARN_INT_CONVERSION = YES;
				CLANG_WARN_OBJC_ROOT_CLASS = YES_ERROR;
				CLANG_WARN__DUPLICATE_METHOD_MATCH = YES;
				COPY_PHASE_STRIP = YES;
				DEBUG_INFORMATION_FORMAT = "dwarf-with-dsym";
				ENABLE_NS_ASSERTIONS = NO;
				GCC_C_LANGUAGE_STANDARD = gnu99;
				GCC_ENABLE_OBJC_EXCEPTIONS = YES;
				GCC_WARN_64_TO_32_BIT_CONVERSION = YES;
				GCC_WARN_ABOUT_RETURN_TYPE = YES_ERROR;
				GCC_WARN_UNDECLARED_SELECTOR = YES;
				GCC_WARN_UNINITIALIZED_AUTOS = YES_AGGRESSIVE;
				GCC_WARN_UNUSED_FUNCTION = YES;
				GCC_WARN_UNUSED_VARIABLE = YES;
				MACOSX_DEPLOYMENT_TARGET = 10.8;
				SDKROOT = macosx;
			};
			name = Release;
		};
		BFC79A8418DCB27D00CFE830 /* Debug */ = {
			isa = XCBuildConfiguration;
			buildSettings = {
				HEADER_SEARCH_PATHS = (
					"$(inherited)",
					/Applications/Xcode.app/Contents/Developer/Toolchains/XcodeDefault.xctoolchain/usr/include,
					../src/include,
					../modules/common/src/include,
					../modules/base/src/include,
					../modules/ck/include,
				);
				LIBRARY_SEARCH_PATHS = (
					"$(inherited)",
					/usr/local/Cellar/libuv/1.7.5/lib,
				);
				MACOSX_DEPLOYMENT_TARGET = 10.8;
				OTHER_LDFLAGS = "-L/usr/local/lib";
				PRODUCT_NAME = "$(TARGET_NAME)";
				SDKROOT = macosx10.8;
			};
			name = Debug;
		};
		BFC79A8518DCB27D00CFE830 /* Release */ = {
			isa = XCBuildConfiguration;
			buildSettings = {
				HEADER_SEARCH_PATHS = (
					"$(inherited)",
					/Applications/Xcode.app/Contents/Developer/Toolchains/XcodeDefault.xctoolchain/usr/include,
					../src/include,
					../modules/common/src/include,
					../modules/base/src/include,
					../modules/ck/include,
				);
				LIBRARY_SEARCH_PATHS = (
					"$(inherited)",
					/usr/local/Cellar/libuv/1.7.5/lib,
				);
				MACOSX_DEPLOYMENT_TARGET = 10.8;
				OTHER_LDFLAGS = "-L/usr/local/lib";
				PRODUCT_NAME = "$(TARGET_NAME)";
				SDKROOT = macosx10.8;
			};
			name = Release;
		};
/* End XCBuildConfiguration section */

/* Begin XCConfigurationList section */
		BFC79A7518DCB27D00CFE830 /* Build configuration list for PBXProject "benchmarks" */ = {
			isa = XCConfigurationList;
			buildConfigurations = (
				BFC79A8118DCB27D00CFE830 /* Debug */,
				BFC79A8218DCB27D00CFE830 /* Release */,
			);
			defaultConfigurationIsVisible = 0;
			defaultConfigurationName = Release;
		};
		BFC79A8318DCB27D00CFE830 /* Build configuration list for PBXNativeTarget "benchmarks" */ = {
			isa = XCConfigurationList;
			buildConfigurations = (
				BFC79A8418DCB27D00CFE830 /* Debug */,
				BFC79A8518DCB27D00CFE830 /* Release */,
			);
			defaultConfigurationIsVisible = 0;
			defaultConfigurationName = Release;
		};
/* End XCConfigurationList section */
	};
	rootObject = BFC79A7218DCB27D00CFE830 /* Project object */;
}
