
Microsoft Visual Studio Solution File, Format Version 12.00
# Visual Studio Version 17
VisualStudioVersion = 17.4.33213.308
MinimumVisualStudioVersion = 10.0.40219.1
Project("{8BC9CEB8-8B4A-11D0-8D11-00A0C91BC942}") = "aerospike", "aerospike\aerospike.vcxproj", "{FDF0C655-6233-4C54-AF71-8AB68C1D3888}"
EndProject
Project("{2150E333-8FDC-42A3-9474-1A3956D46DE8}") = "examples", "examples", "{8A83023F-8205-4B01-BCA8-D7F41949245B}"
EndProject
Project("{8BC9CEB8-8B4A-11D0-8D11-00A0C91BC942}") = "get", "examples\get\get.vcxproj", "{36173784-C50D-4830-A458-7FFADE886796}"
EndProject
Project("{8BC9CEB8-8B4A-11D0-8D11-00A0C91BC942}") = "append", "examples\append\append.vcxproj", "{E10BF3F1-434A-4943-A2C0-E24509FD3FF9}"
EndProject
Project("{8BC9CEB8-8B4A-11D0-8D11-00A0C91BC942}") = "expire", "examples\expire\expire.vcxproj", "{579C7153-B9E8-4101-BE85-458C0EB2BFB1}"
EndProject
Project("{8BC9CEB8-8B4A-11D0-8D11-00A0C91BC942}") = "generation", "examples\generation\generation.vcxproj", "{B12AFF5E-D263-4288-A887-F774503AF5AF}"
EndProject
Project("{8BC9CEB8-8B4A-11D0-8D11-00A0C91BC942}") = "incr", "examples\incr\incr.vcxproj", "{7E85774D-130C-4E21-8C09-E1691C0370FF}"
EndProject
Project("{8BC9CEB8-8B4A-11D0-8D11-00A0C91BC942}") = "list", "examples\list\list.vcxproj", "{A056934E-AAA4-4492-8963-9F747360E8F0}"
EndProject
Project("{8BC9CEB8-8B4A-11D0-8D11-00A0C91BC942}") = "map", "examples\map\map.vcxproj", "{A0B0DEE5-7D85-4378-A80E-6E232E7FFF10}"
EndProject
Project("{8BC9CEB8-8B4A-11D0-8D11-00A0C91BC942}") = "put", "examples\put\put.vcxproj", "{E63D6EEE-F67D-4070-BE5D-77DC5EF4B4B8}"
EndProject
Project("{8BC9CEB8-8B4A-11D0-8D11-00A0C91BC942}") = "touch", "examples\touch\touch.vcxproj", "{1F86EE23-84F8-4A76-ACD1-A969EC8EC6F4}"
EndProject
Project("{8BC9CEB8-8B4A-11D0-8D11-00A0C91BC942}") = "udf", "examples\udf\udf.vcxproj", "{A48F6806-78F3-499C-A815-F45B048BBD18}"
EndProject
Project("{8BC9CEB8-8B4A-11D0-8D11-00A0C91BC942}") = "batch-get", "examples\batch-get\batch-get.vcxproj", "{D021AE97-3168-43A4-9851-2F3471F1EADD}"
EndProject
Project("{8BC9CEB8-8B4A-11D0-8D11-00A0C91BC942}") = "scan", "examples\scan\scan.vcxproj", "{BA6749C0-141F-489B-93A6-A72346E61425}"
EndProject
Project("{8BC9CEB8-8B4A-11D0-8D11-00A0C91BC942}") = "scan-background", "examples\scan-background\scan-background.vcxproj", "{3F64535F-701E-431C-AE89-D096FA72DA2B}"
EndProject
Project("{8BC9CEB8-8B4A-11D0-8D11-00A0C91BC942}") = "geo-simple", "examples\geo-simple\geo-simple.vcxproj", "{507471A4-8C66-445A-A12F-0F731DD684D3}"
EndProject
Project("{8BC9CEB8-8B4A-11D0-8D11-00A0C91BC942}") = "geo-filter", "examples\geo-filter\geo-filter.vcxproj", "{EE451FB1-F60E-47AE-8C5C-6C2FBFBFBF42}"
EndProject
Project("{8BC9CEB8-8B4A-11D0-8D11-00A0C91BC942}") = "query", "examples\query\query.vcxproj", "{1A577336-B786-4C38-B6B2-CF15A3C92850}"
EndProject
Project("{8BC9CEB8-8B4A-11D0-8D11-00A0C91BC942}") = "query-aggregate", "examples\query-aggregate\query-aggregate.vcxproj", "{AB80C0E8-FE90-478D-8EE9-C30165DDD010}"
EndProject
Project("{8BC9CEB8-8B4A-11D0-8D11-00A0C91BC942}") = "async-get", "examples\async-get\async-get.vcxproj", "{48242998-2002-4B4C-A610-296C2E94677B}"
EndProject
Project("{8BC9CEB8-8B4A-11D0-8D11-00A0C91BC942}") = "async-batch-get", "examples\async-batch-get\async-batch-get.vcxproj", "{05EA735B-3AE2-4BDC-B56D-A87D66FD4BB5}"
EndProject
Project("{8BC9CEB8-8B4A-11D0-8D11-00A0C91BC942}") = "async-query", "examples\async-query\async-query.vcxproj", "{76680446-5B3C-4E58-BD4E-97C70DFD83D3}"
EndProject
Project("{8BC9CEB8-8B4A-11D0-8D11-00A0C91BC942}") = "aerospike-test", "aerospike-test\aerospike-test.vcxproj", "{418744C6-6322-42CB-838B-09106E34E0C6}"
EndProject
Project("{8BC9CEB8-8B4A-11D0-8D11-00A0C91BC942}") = "async-delay-queue", "examples\async-delay-queue\async-delay-queue.vcxproj", "{FBCC7572-5FE3-452D-85DB-7597F4BB42BB}"
EndProject
Project("{8BC9CEB8-8B4A-11D0-8D11-00A0C91BC942}") = "async-scan", "examples\async-scan\async-scan.vcxproj", "{A131974B-A17E-438B-827B-66789B99198C}"
EndProject
Project("{8BC9CEB8-8B4A-11D0-8D11-00A0C91BC942}") = "transaction", "examples\transaction\transaction.vcxproj", "{D939B220-BCEC-481D-81FF-DDC227F242AE}"
EndProject
Project("{8BC9CEB8-8B4A-11D0-8D11-00A0C91BC942}") = "async-transaction", "examples\async-transaction\async-transaction.vcxproj", "{D5AFF637-B093-467E-BF46-6B3C0B13A56F}"
EndProject
Global
	GlobalSection(SolutionConfigurationPlatforms) = preSolution
		Debug libevent|x64 = Debug libevent|x64
		Debug libevent|x86 = Debug libevent|x86
		Debug libuv|x64 = Debug libuv|x64
		Debug libuv|x86 = Debug libuv|x86
		Debug|x64 = Debug|x64
		Debug|x86 = Debug|x86
		Release libevent|x64 = Release libevent|x64
		Release libevent|x86 = Release libevent|x86
		Release libuv|x64 = Release libuv|x64
		Release libuv|x86 = Release libuv|x86
		Release|x64 = Release|x64
		Release|x86 = Release|x86
	EndGlobalSection
	GlobalSection(ProjectConfigurationPlatforms) = postSolution
		{FDF0C655-6233-4C54-AF71-8AB68C1D3888}.Debug libevent|x64.ActiveCfg = Debug libevent|x64
		{FDF0C655-6233-4C54-AF71-8AB68C1D3888}.Debug libevent|x64.Build.0 = Debug libevent|x64
		{FDF0C655-6233-4C54-AF71-8AB68C1D3888}.Debug libevent|x86.ActiveCfg = Debug libevent|x64
		{FDF0C655-6233-4C54-AF71-8AB68C1D3888}.Debug libuv|x64.ActiveCfg = Debug libuv|x64
		{FDF0C655-6233-4C54-AF71-8AB68C1D3888}.Debug libuv|x64.Build.0 = Debug libuv|x64
		{FDF0C655-6233-4C54-AF71-8AB68C1D3888}.Debug libuv|x86.ActiveCfg = Debug libuv|x64
		{FDF0C655-6233-4C54-AF71-8AB68C1D3888}.Debug|x64.ActiveCfg = Debug|x64
		{FDF0C655-6233-4C54-AF71-8AB68C1D3888}.Debug|x64.Build.0 = Debug|x64
		{FDF0C655-6233-4C54-AF71-8AB68C1D3888}.Debug|x86.ActiveCfg = Debug|x64
		{FDF0C655-6233-4C54-AF71-8AB68C1D3888}.Release libevent|x64.ActiveCfg = Release libevent|x64
		{FDF0C655-6233-4C54-AF71-8AB68C1D3888}.Release libevent|x64.Build.0 = Release libevent|x64
		{FDF0C655-6233-4C54-AF71-8AB68C1D3888}.Release libevent|x86.ActiveCfg = Release libevent|x64
		{FDF0C655-6233-4C54-AF71-8AB68C1D3888}.Release libuv|x64.ActiveCfg = Release libuv|x64
		{FDF0C655-6233-4C54-AF71-8AB68C1D3888}.Release libuv|x64.Build.0 = Release libuv|x64
		{FDF0C655-6233-4C54-AF71-8AB68C1D3888}.Release libuv|x86.ActiveCfg = Release libuv|x64
		{FDF0C655-6233-4C54-AF71-8AB68C1D3888}.Release|x64.ActiveCfg = Release|x64
		{FDF0C655-6233-4C54-AF71-8AB68C1D3888}.Release|x64.Build.0 = Release|x64
		{FDF0C655-6233-4C54-AF71-8AB68C1D3888}.Release|x86.ActiveCfg = Release|x64
		{36173784-C50D-4830-A458-7FFADE886796}.Debug libevent|x64.ActiveCfg = Debug libevent|x64
		{36173784-C50D-4830-A458-7FFADE886796}.Debug libevent|x64.Build.0 = Debug libevent|x64
		{36173784-C50D-4830-A458-7FFADE886796}.Debug libevent|x86.ActiveCfg = Debug libevent|x64
		{36173784-C50D-4830-A458-7FFADE886796}.Debug libuv|x64.ActiveCfg = Debug libuv|x64
		{36173784-C50D-4830-A458-7FFADE886796}.Debug libuv|x64.Build.0 = Debug libuv|x64
		{36173784-C50D-4830-A458-7FFADE886796}.Debug libuv|x86.ActiveCfg = Debug libuv|x64
		{36173784-C50D-4830-A458-7FFADE886796}.Debug|x64.ActiveCfg = Debug|x64
		{36173784-C50D-4830-A458-7FFADE886796}.Debug|x64.Build.0 = Debug|x64
		{36173784-C50D-4830-A458-7FFADE886796}.Debug|x86.ActiveCfg = Debug|x64
		{36173784-C50D-4830-A458-7FFADE886796}.Release libevent|x64.ActiveCfg = Release libevent|x64
		{36173784-C50D-4830-A458-7FFADE886796}.Release libevent|x64.Build.0 = Release libevent|x64
		{36173784-C50D-4830-A458-7FFADE886796}.Release libevent|x86.ActiveCfg = Release libevent|x64
		{36173784-C50D-4830-A458-7FFADE886796}.Release libuv|x64.ActiveCfg = Release libuv|x64
		{36173784-C50D-4830-A458-7FFADE886796}.Release libuv|x64.Build.0 = Release libuv|x64
		{36173784-C50D-4830-A458-7FFADE886796}.Release libuv|x86.ActiveCfg = Release libuv|x64
		{36173784-C50D-4830-A458-7FFADE886796}.Release|x64.ActiveCfg = Release|x64
		{36173784-C50D-4830-A458-7FFADE886796}.Release|x64.Build.0 = Release|x64
		{36173784-C50D-4830-A458-7FFADE886796}.Release|x86.ActiveCfg = Release|x64
		{E10BF3F1-434A-4943-A2C0-E24509FD3FF9}.Debug libevent|x64.ActiveCfg = Debug libevent|x64
		{E10BF3F1-434A-4943-A2C0-E24509FD3FF9}.Debug libevent|x64.Build.0 = Debug libevent|x64
		{E10BF3F1-434A-4943-A2C0-E24509FD3FF9}.Debug libevent|x86.ActiveCfg = Release|x64
		{E10BF3F1-434A-4943-A2C0-E24509FD3FF9}.Debug libevent|x86.Build.0 = Release|x64
		{E10BF3F1-434A-4943-A2C0-E24509FD3FF9}.Debug libuv|x64.ActiveCfg = Debug libuv|x64
		{E10BF3F1-434A-4943-A2C0-E24509FD3FF9}.Debug libuv|x64.Build.0 = Debug libuv|x64
		{E10BF3F1-434A-4943-A2C0-E24509FD3FF9}.Debug libuv|x86.ActiveCfg = Release|x64
		{E10BF3F1-434A-4943-A2C0-E24509FD3FF9}.Debug libuv|x86.Build.0 = Release|x64
		{E10BF3F1-434A-4943-A2C0-E24509FD3FF9}.Debug|x64.ActiveCfg = Debug|x64
		{E10BF3F1-434A-4943-A2C0-E24509FD3FF9}.Debug|x64.Build.0 = Debug|x64
		{E10BF3F1-434A-4943-A2C0-E24509FD3FF9}.Debug|x86.ActiveCfg = Debug|x64
		{E10BF3F1-434A-4943-A2C0-E24509FD3FF9}.Release libevent|x64.ActiveCfg = Release libevent|x64
		{E10BF3F1-434A-4943-A2C0-E24509FD3FF9}.Release libevent|x64.Build.0 = Release libevent|x64
		{E10BF3F1-434A-4943-A2C0-E24509FD3FF9}.Release libevent|x86.ActiveCfg = Release|x64
		{E10BF3F1-434A-4943-A2C0-E24509FD3FF9}.Release libevent|x86.Build.0 = Release|x64
		{E10BF3F1-434A-4943-A2C0-E24509FD3FF9}.Release libuv|x64.ActiveCfg = Release libuv|x64
		{E10BF3F1-434A-4943-A2C0-E24509FD3FF9}.Release libuv|x64.Build.0 = Release libuv|x64
		{E10BF3F1-434A-4943-A2C0-E24509FD3FF9}.Release libuv|x86.ActiveCfg = Release|x64
		{E10BF3F1-434A-4943-A2C0-E24509FD3FF9}.Release libuv|x86.Build.0 = Release|x64
		{E10BF3F1-434A-4943-A2C0-E24509FD3FF9}.Release|x64.ActiveCfg = Release|x64
		{E10BF3F1-434A-4943-A2C0-E24509FD3FF9}.Release|x64.Build.0 = Release|x64
		{E10BF3F1-434A-4943-A2C0-E24509FD3FF9}.Release|x86.ActiveCfg = Release|x64
		{579C7153-B9E8-4101-BE85-458C0EB2BFB1}.Debug libevent|x64.ActiveCfg = Debug libevent|x64
		{579C7153-B9E8-4101-BE85-458C0EB2BFB1}.Debug libevent|x64.Build.0 = Debug libevent|x64
		{579C7153-B9E8-4101-BE85-458C0EB2BFB1}.Debug libevent|x86.ActiveCfg = Debug libevent|x64
		{579C7153-B9E8-4101-BE85-458C0EB2BFB1}.Debug libuv|x64.ActiveCfg = Debug libuv|x64
		{579C7153-B9E8-4101-BE85-458C0EB2BFB1}.Debug libuv|x64.Build.0 = Debug libuv|x64
		{579C7153-B9E8-4101-BE85-458C0EB2BFB1}.Debug libuv|x86.ActiveCfg = Debug libuv|x64
		{579C7153-B9E8-4101-BE85-458C0EB2BFB1}.Debug|x64.ActiveCfg = Debug|x64
		{579C7153-B9E8-4101-BE85-458C0EB2BFB1}.Debug|x64.Build.0 = Debug|x64
		{579C7153-B9E8-4101-BE85-458C0EB2BFB1}.Debug|x86.ActiveCfg = Debug|x64
		{579C7153-B9E8-4101-BE85-458C0EB2BFB1}.Release libevent|x64.ActiveCfg = Release libevent|x64
		{579C7153-B9E8-4101-BE85-458C0EB2BFB1}.Release libevent|x64.Build.0 = Release libevent|x64
		{579C7153-B9E8-4101-BE85-458C0EB2BFB1}.Release libevent|x86.ActiveCfg = Release libevent|x64
		{579C7153-B9E8-4101-BE85-458C0EB2BFB1}.Release libuv|x64.ActiveCfg = Release libuv|x64
		{579C7153-B9E8-4101-BE85-458C0EB2BFB1}.Release libuv|x64.Build.0 = Release libuv|x64
		{579C7153-B9E8-4101-BE85-458C0EB2BFB1}.Release libuv|x86.ActiveCfg = Release libuv|x64
		{579C7153-B9E8-4101-BE85-458C0EB2BFB1}.Release|x64.ActiveCfg = Release|x64
		{579C7153-B9E8-4101-BE85-458C0EB2BFB1}.Release|x64.Build.0 = Release|x64
		{579C7153-B9E8-4101-BE85-458C0EB2BFB1}.Release|x86.ActiveCfg = Release|x64
		{B12AFF5E-D263-4288-A887-F774503AF5AF}.Debug libevent|x64.ActiveCfg = Debug libevent|x64
		{B12AFF5E-D263-4288-A887-F774503AF5AF}.Debug libevent|x64.Build.0 = Debug libevent|x64
		{B12AFF5E-D263-4288-A887-F774503AF5AF}.Debug libevent|x86.ActiveCfg = Debug libevent|x64
		{B12AFF5E-D263-4288-A887-F774503AF5AF}.Debug libuv|x64.ActiveCfg = Debug libuv|x64
		{B12AFF5E-D263-4288-A887-F774503AF5AF}.Debug libuv|x64.Build.0 = Debug libuv|x64
		{B12AFF5E-D263-4288-A887-F774503AF5AF}.Debug libuv|x86.ActiveCfg = Debug libuv|x64
		{B12AFF5E-D263-4288-A887-F774503AF5AF}.Debug|x64.ActiveCfg = Debug|x64
		{B12AFF5E-D263-4288-A887-F774503AF5AF}.Debug|x64.Build.0 = Debug|x64
		{B12AFF5E-D263-4288-A887-F774503AF5AF}.Debug|x86.ActiveCfg = Debug|x64
		{B12AFF5E-D263-4288-A887-F774503AF5AF}.Release libevent|x64.ActiveCfg = Release libevent|x64
		{B12AFF5E-D263-4288-A887-F774503AF5AF}.Release libevent|x64.Build.0 = Release libevent|x64
		{B12AFF5E-D263-4288-A887-F774503AF5AF}.Release libevent|x86.ActiveCfg = Release libevent|x64
		{B12AFF5E-D263-4288-A887-F774503AF5AF}.Release libuv|x64.ActiveCfg = Release libuv|x64
		{B12AFF5E-D263-4288-A887-F774503AF5AF}.Release libuv|x64.Build.0 = Release libuv|x64
		{B12AFF5E-D263-4288-A887-F774503AF5AF}.Release libuv|x86.ActiveCfg = Release libuv|x64
		{B12AFF5E-D263-4288-A887-F774503AF5AF}.Release|x64.ActiveCfg = Release|x64
		{B12AFF5E-D263-4288-A887-F774503AF5AF}.Release|x64.Build.0 = Release|x64
		{B12AFF5E-D263-4288-A887-F774503AF5AF}.Release|x86.ActiveCfg = Release|x64
		{7E85774D-130C-4E21-8C09-E1691C0370FF}.Debug libevent|x64.ActiveCfg = Debug libevent|x64
		{7E85774D-130C-4E21-8C09-E1691C0370FF}.Debug libevent|x64.Build.0 = Debug libevent|x64
		{7E85774D-130C-4E21-8C09-E1691C0370FF}.Debug libevent|x86.ActiveCfg = Debug libevent|x64
		{7E85774D-130C-4E21-8C09-E1691C0370FF}.Debug libuv|x64.ActiveCfg = Debug libuv|x64
		{7E85774D-130C-4E21-8C09-E1691C0370FF}.Debug libuv|x64.Build.0 = Debug libuv|x64
		{7E85774D-130C-4E21-8C09-E1691C0370FF}.Debug libuv|x86.ActiveCfg = Debug libuv|x64
		{7E85774D-130C-4E21-8C09-E1691C0370FF}.Debug|x64.ActiveCfg = Debug|x64
		{7E85774D-130C-4E21-8C09-E1691C0370FF}.Debug|x64.Build.0 = Debug|x64
		{7E85774D-130C-4E21-8C09-E1691C0370FF}.Debug|x86.ActiveCfg = Debug|x64
		{7E85774D-130C-4E21-8C09-E1691C0370FF}.Release libevent|x64.ActiveCfg = Release libevent|x64
		{7E85774D-130C-4E21-8C09-E1691C0370FF}.Release libevent|x64.Build.0 = Release libevent|x64
		{7E85774D-130C-4E21-8C09-E1691C0370FF}.Release libevent|x86.ActiveCfg = Release libevent|x64
		{7E85774D-130C-4E21-8C09-E1691C0370FF}.Release libuv|x64.ActiveCfg = Release libuv|x64
		{7E85774D-130C-4E21-8C09-E1691C0370FF}.Release libuv|x64.Build.0 = Release libuv|x64
		{7E85774D-130C-4E21-8C09-E1691C0370FF}.Release libuv|x86.ActiveCfg = Release libuv|x64
		{7E85774D-130C-4E21-8C09-E1691C0370FF}.Release|x64.ActiveCfg = Release|x64
		{7E85774D-130C-4E21-8C09-E1691C0370FF}.Release|x64.Build.0 = Release|x64
		{7E85774D-130C-4E21-8C09-E1691C0370FF}.Release|x86.ActiveCfg = Release|x64
		{A056934E-AAA4-4492-8963-9F747360E8F0}.Debug libevent|x64.ActiveCfg = Debug libevent|x64
		{A056934E-AAA4-4492-8963-9F747360E8F0}.Debug libevent|x64.Build.0 = Debug libevent|x64
		{A056934E-AAA4-4492-8963-9F747360E8F0}.Debug libevent|x86.ActiveCfg = Debug libevent|x64
		{A056934E-AAA4-4492-8963-9F747360E8F0}.Debug libuv|x64.ActiveCfg = Debug libuv|x64
		{A056934E-AAA4-4492-8963-9F747360E8F0}.Debug libuv|x64.Build.0 = Debug libuv|x64
		{A056934E-AAA4-4492-8963-9F747360E8F0}.Debug libuv|x86.ActiveCfg = Debug libuv|x64
		{A056934E-AAA4-4492-8963-9F747360E8F0}.Debug|x64.ActiveCfg = Debug|x64
		{A056934E-AAA4-4492-8963-9F747360E8F0}.Debug|x64.Build.0 = Debug|x64
		{A056934E-AAA4-4492-8963-9F747360E8F0}.Debug|x86.ActiveCfg = Debug|x64
		{A056934E-AAA4-4492-8963-9F747360E8F0}.Release libevent|x64.ActiveCfg = Release libevent|x64
		{A056934E-AAA4-4492-8963-9F747360E8F0}.Release libevent|x64.Build.0 = Release libevent|x64
		{A056934E-AAA4-4492-8963-9F747360E8F0}.Release libevent|x86.ActiveCfg = Release libevent|x64
		{A056934E-AAA4-4492-8963-9F747360E8F0}.Release libuv|x64.ActiveCfg = Release libuv|x64
		{A056934E-AAA4-4492-8963-9F747360E8F0}.Release libuv|x64.Build.0 = Release libuv|x64
		{A056934E-AAA4-4492-8963-9F747360E8F0}.Release libuv|x86.ActiveCfg = Release libuv|x64
		{A056934E-AAA4-4492-8963-9F747360E8F0}.Release|x64.ActiveCfg = Release|x64
		{A056934E-AAA4-4492-8963-9F747360E8F0}.Release|x64.Build.0 = Release|x64
		{A056934E-AAA4-4492-8963-9F747360E8F0}.Release|x86.ActiveCfg = Release|x64
		{A0B0DEE5-7D85-4378-A80E-6E232E7FFF10}.Debug libevent|x64.ActiveCfg = Debug libevent|x64
		{A0B0DEE5-7D85-4378-A80E-6E232E7FFF10}.Debug libevent|x64.Build.0 = Debug libevent|x64
		{A0B0DEE5-7D85-4378-A80E-6E232E7FFF10}.Debug libevent|x86.ActiveCfg = Debug libevent|x64
		{A0B0DEE5-7D85-4378-A80E-6E232E7FFF10}.Debug libuv|x64.ActiveCfg = Debug libuv|x64
		{A0B0DEE5-7D85-4378-A80E-6E232E7FFF10}.Debug libuv|x64.Build.0 = Debug libuv|x64
		{A0B0DEE5-7D85-4378-A80E-6E232E7FFF10}.Debug libuv|x86.ActiveCfg = Debug libuv|x64
		{A0B0DEE5-7D85-4378-A80E-6E232E7FFF10}.Debug|x64.ActiveCfg = Debug|x64
		{A0B0DEE5-7D85-4378-A80E-6E232E7FFF10}.Debug|x64.Build.0 = Debug|x64
		{A0B0DEE5-7D85-4378-A80E-6E232E7FFF10}.Debug|x86.ActiveCfg = Debug|x64
		{A0B0DEE5-7D85-4378-A80E-6E232E7FFF10}.Release libevent|x64.ActiveCfg = Release libevent|x64
		{A0B0DEE5-7D85-4378-A80E-6E232E7FFF10}.Release libevent|x64.Build.0 = Release libevent|x64
		{A0B0DEE5-7D85-4378-A80E-6E232E7FFF10}.Release libevent|x86.ActiveCfg = Release libevent|x64
		{A0B0DEE5-7D85-4378-A80E-6E232E7FFF10}.Release libuv|x64.ActiveCfg = Release libuv|x64
		{A0B0DEE5-7D85-4378-A80E-6E232E7FFF10}.Release libuv|x64.Build.0 = Release libuv|x64
		{A0B0DEE5-7D85-4378-A80E-6E232E7FFF10}.Release libuv|x86.ActiveCfg = Release libuv|x64
		{A0B0DEE5-7D85-4378-A80E-6E232E7FFF10}.Release|x64.ActiveCfg = Release|x64
		{A0B0DEE5-7D85-4378-A80E-6E232E7FFF10}.Release|x64.Build.0 = Release|x64
		{A0B0DEE5-7D85-4378-A80E-6E232E7FFF10}.Release|x86.ActiveCfg = Release|x64
		{E63D6EEE-F67D-4070-BE5D-77DC5EF4B4B8}.Debug libevent|x64.ActiveCfg = Debug libevent|x64
		{E63D6EEE-F67D-4070-BE5D-77DC5EF4B4B8}.Debug libevent|x64.Build.0 = Debug libevent|x64
		{E63D6EEE-F67D-4070-BE5D-77DC5EF4B4B8}.Debug libevent|x86.ActiveCfg = Debug libevent|x64
		{E63D6EEE-F67D-4070-BE5D-77DC5EF4B4B8}.Debug libuv|x64.ActiveCfg = Debug libuv|x64
		{E63D6EEE-F67D-4070-BE5D-77DC5EF4B4B8}.Debug libuv|x64.Build.0 = Debug libuv|x64
		{E63D6EEE-F67D-4070-BE5D-77DC5EF4B4B8}.Debug libuv|x86.ActiveCfg = Debug libuv|x64
		{E63D6EEE-F67D-4070-BE5D-77DC5EF4B4B8}.Debug|x64.ActiveCfg = Debug|x64
		{E63D6EEE-F67D-4070-BE5D-77DC5EF4B4B8}.Debug|x64.Build.0 = Debug|x64
		{E63D6EEE-F67D-4070-BE5D-77DC5EF4B4B8}.Debug|x86.ActiveCfg = Debug|x64
		{E63D6EEE-F67D-4070-BE5D-77DC5EF4B4B8}.Release libevent|x64.ActiveCfg = Release libevent|x64
		{E63D6EEE-F67D-4070-BE5D-77DC5EF4B4B8}.Release libevent|x64.Build.0 = Release libevent|x64
		{E63D6EEE-F67D-4070-BE5D-77DC5EF4B4B8}.Release libevent|x86.ActiveCfg = Release libevent|x64
		{E63D6EEE-F67D-4070-BE5D-77DC5EF4B4B8}.Release libuv|x64.ActiveCfg = Release libuv|x64
		{E63D6EEE-F67D-4070-BE5D-77DC5EF4B4B8}.Release libuv|x64.Build.0 = Release libuv|x64
		{E63D6EEE-F67D-4070-BE5D-77DC5EF4B4B8}.Release libuv|x86.ActiveCfg = Release libuv|x64
		{E63D6EEE-F67D-4070-BE5D-77DC5EF4B4B8}.Release|x64.ActiveCfg = Release|x64
		{E63D6EEE-F67D-4070-BE5D-77DC5EF4B4B8}.Release|x64.Build.0 = Release|x64
		{E63D6EEE-F67D-4070-BE5D-77DC5EF4B4B8}.Release|x86.ActiveCfg = Release|x64
		{1F86EE23-84F8-4A76-ACD1-A969EC8EC6F4}.Debug libevent|x64.ActiveCfg = Debug libevent|x64
		{1F86EE23-84F8-4A76-ACD1-A969EC8EC6F4}.Debug libevent|x64.Build.0 = Debug libevent|x64
		{1F86EE23-84F8-4A76-ACD1-A969EC8EC6F4}.Debug libevent|x86.ActiveCfg = Debug libevent|x64
		{1F86EE23-84F8-4A76-ACD1-A969EC8EC6F4}.Debug libuv|x64.ActiveCfg = Debug libuv|x64
		{1F86EE23-84F8-4A76-ACD1-A969EC8EC6F4}.Debug libuv|x64.Build.0 = Debug libuv|x64
		{1F86EE23-84F8-4A76-ACD1-A969EC8EC6F4}.Debug libuv|x86.ActiveCfg = Debug libuv|x64
		{1F86EE23-84F8-4A76-ACD1-A969EC8EC6F4}.Debug|x64.ActiveCfg = Debug|x64
		{1F86EE23-84F8-4A76-ACD1-A969EC8EC6F4}.Debug|x64.Build.0 = Debug|x64
		{1F86EE23-84F8-4A76-ACD1-A969EC8EC6F4}.Debug|x86.ActiveCfg = Debug|x64
		{1F86EE23-84F8-4A76-ACD1-A969EC8EC6F4}.Release libevent|x64.ActiveCfg = Release libevent|x64
		{1F86EE23-84F8-4A76-ACD1-A969EC8EC6F4}.Release libevent|x64.Build.0 = Release libevent|x64
		{1F86EE23-84F8-4A76-ACD1-A969EC8EC6F4}.Release libevent|x86.ActiveCfg = Release libevent|x64
		{1F86EE23-84F8-4A76-ACD1-A969EC8EC6F4}.Release libuv|x64.ActiveCfg = Release libuv|x64
		{1F86EE23-84F8-4A76-ACD1-A969EC8EC6F4}.Release libuv|x64.Build.0 = Release libuv|x64
		{1F86EE23-84F8-4A76-ACD1-A969EC8EC6F4}.Release libuv|x86.ActiveCfg = Release libuv|x64
		{1F86EE23-84F8-4A76-ACD1-A969EC8EC6F4}.Release|x64.ActiveCfg = Release|x64
		{1F86EE23-84F8-4A76-ACD1-A969EC8EC6F4}.Release|x64.Build.0 = Release|x64
		{1F86EE23-84F8-4A76-ACD1-A969EC8EC6F4}.Release|x86.ActiveCfg = Release|x64
		{A48F6806-78F3-499C-A815-F45B048BBD18}.Debug libevent|x64.ActiveCfg = Debug libevent|x64
		{A48F6806-78F3-499C-A815-F45B048BBD18}.Debug libevent|x64.Build.0 = Debug libevent|x64
		{A48F6806-78F3-499C-A815-F45B048BBD18}.Debug libevent|x86.ActiveCfg = Debug libevent|x64
		{A48F6806-78F3-499C-A815-F45B048BBD18}.Debug libuv|x64.ActiveCfg = Debug libuv|x64
		{A48F6806-78F3-499C-A815-F45B048BBD18}.Debug libuv|x64.Build.0 = Debug libuv|x64
		{A48F6806-78F3-499C-A815-F45B048BBD18}.Debug libuv|x86.ActiveCfg = Debug libuv|x64
		{A48F6806-78F3-499C-A815-F45B048BBD18}.Debug|x64.ActiveCfg = Debug|x64
		{A48F6806-78F3-499C-A815-F45B048BBD18}.Debug|x64.Build.0 = Debug|x64
		{A48F6806-78F3-499C-A815-F45B048BBD18}.Debug|x86.ActiveCfg = Debug|x64
		{A48F6806-78F3-499C-A815-F45B048BBD18}.Release libevent|x64.ActiveCfg = Release libevent|x64
		{A48F6806-78F3-499C-A815-F45B048BBD18}.Release libevent|x64.Build.0 = Release libevent|x64
		{A48F6806-78F3-499C-A815-F45B048BBD18}.Release libevent|x86.ActiveCfg = Release libevent|x64
		{A48F6806-78F3-499C-A815-F45B048BBD18}.Release libuv|x64.ActiveCfg = Release libuv|x64
		{A48F6806-78F3-499C-A815-F45B048BBD18}.Release libuv|x64.Build.0 = Release libuv|x64
		{A48F6806-78F3-499C-A815-F45B048BBD18}.Release libuv|x86.ActiveCfg = Release libuv|x64
		{A48F6806-78F3-499C-A815-F45B048BBD18}.Release|x64.ActiveCfg = Release|x64
		{A48F6806-78F3-499C-A815-F45B048BBD18}.Release|x64.Build.0 = Release|x64
		{A48F6806-78F3-499C-A815-F45B048BBD18}.Release|x86.ActiveCfg = Release|x64
		{D021AE97-3168-43A4-9851-2F3471F1EADD}.Debug libevent|x64.ActiveCfg = Debug libevent|x64
		{D021AE97-3168-43A4-9851-2F3471F1EADD}.Debug libevent|x64.Build.0 = Debug libevent|x64
		{D021AE97-3168-43A4-9851-2F3471F1EADD}.Debug libevent|x86.ActiveCfg = Debug libevent|x64
		{D021AE97-3168-43A4-9851-2F3471F1EADD}.Debug libuv|x64.ActiveCfg = Debug libuv|x64
		{D021AE97-3168-43A4-9851-2F3471F1EADD}.Debug libuv|x64.Build.0 = Debug libuv|x64
		{D021AE97-3168-43A4-9851-2F3471F1EADD}.Debug libuv|x86.ActiveCfg = Debug libuv|x64
		{D021AE97-3168-43A4-9851-2F3471F1EADD}.Debug|x64.ActiveCfg = Debug|x64
		{D021AE97-3168-43A4-9851-2F3471F1EADD}.Debug|x64.Build.0 = Debug|x64
		{D021AE97-3168-43A4-9851-2F3471F1EADD}.Debug|x86.ActiveCfg = Debug|x64
		{D021AE97-3168-43A4-9851-2F3471F1EADD}.Release libevent|x64.ActiveCfg = Release libevent|x64
		{D021AE97-3168-43A4-9851-2F3471F1EADD}.Release libevent|x64.Build.0 = Release libevent|x64
		{D021AE97-3168-43A4-9851-2F3471F1EADD}.Release libevent|x86.ActiveCfg = Release libevent|x64
		{D021AE97-3168-43A4-9851-2F3471F1EADD}.Release libuv|x64.ActiveCfg = Release libuv|x64
		{D021AE97-3168-43A4-9851-2F3471F1EADD}.Release libuv|x64.Build.0 = Release libuv|x64
		{D021AE97-3168-43A4-9851-2F3471F1EADD}.Release libuv|x86.ActiveCfg = Release libuv|x64
		{D021AE97-3168-43A4-9851-2F3471F1EADD}.Release|x64.ActiveCfg = Release|x64
		{D021AE97-3168-43A4-9851-2F3471F1EADD}.Release|x64.Build.0 = Release|x64
		{D021AE97-3168-43A4-9851-2F3471F1EADD}.Release|x86.ActiveCfg = Release|x64
		{BA6749C0-141F-489B-93A6-A72346E61425}.Debug libevent|x64.ActiveCfg = Debug libevent|x64
		{BA6749C0-141F-489B-93A6-A72346E61425}.Debug libevent|x64.Build.0 = Debug libevent|x64
		{BA6749C0-141F-489B-93A6-A72346E61425}.Debug libevent|x86.ActiveCfg = Debug libevent|x64
		{BA6749C0-141F-489B-93A6-A72346E61425}.Debug libuv|x64.ActiveCfg = Debug libuv|x64
		{BA6749C0-141F-489B-93A6-A72346E61425}.Debug libuv|x64.Build.0 = Debug libuv|x64
		{BA6749C0-141F-489B-93A6-A72346E61425}.Debug libuv|x86.ActiveCfg = Debug libuv|x64
		{BA6749C0-141F-489B-93A6-A72346E61425}.Debug|x64.ActiveCfg = Debug|x64
		{BA6749C0-141F-489B-93A6-A72346E61425}.Debug|x64.Build.0 = Debug|x64
		{BA6749C0-141F-489B-93A6-A72346E61425}.Debug|x86.ActiveCfg = Debug|x64
		{BA6749C0-141F-489B-93A6-A72346E61425}.Release libevent|x64.ActiveCfg = Release libevent|x64
		{BA6749C0-141F-489B-93A6-A72346E61425}.Release libevent|x64.Build.0 = Release libevent|x64
		{BA6749C0-141F-489B-93A6-A72346E61425}.Release libevent|x86.ActiveCfg = Release libevent|x64
		{BA6749C0-141F-489B-93A6-A72346E61425}.Release libuv|x64.ActiveCfg = Release libuv|x64
		{BA6749C0-141F-489B-93A6-A72346E61425}.Release libuv|x64.Build.0 = Release libuv|x64
		{BA6749C0-141F-489B-93A6-A72346E61425}.Release libuv|x86.ActiveCfg = Release libuv|x64
		{BA6749C0-141F-489B-93A6-A72346E61425}.Release|x64.ActiveCfg = Release|x64
		{BA6749C0-141F-489B-93A6-A72346E61425}.Release|x64.Build.0 = Release|x64
		{BA6749C0-141F-489B-93A6-A72346E61425}.Release|x86.ActiveCfg = Release|x64
		{3F64535F-701E-431C-AE89-D096FA72DA2B}.Debug libevent|x64.ActiveCfg = Debug libevent|x64
		{3F64535F-701E-431C-AE89-D096FA72DA2B}.Debug libevent|x64.Build.0 = Debug libevent|x64
		{3F64535F-701E-431C-AE89-D096FA72DA2B}.Debug libevent|x86.ActiveCfg = Debug libevent|x64
		{3F64535F-701E-431C-AE89-D096FA72DA2B}.Debug libuv|x64.ActiveCfg = Debug libuv|x64
		{3F64535F-701E-431C-AE89-D096FA72DA2B}.Debug libuv|x64.Build.0 = Debug libuv|x64
		{3F64535F-701E-431C-AE89-D096FA72DA2B}.Debug libuv|x86.ActiveCfg = Debug libuv|x64
		{3F64535F-701E-431C-AE89-D096FA72DA2B}.Debug|x64.ActiveCfg = Debug|x64
		{3F64535F-701E-431C-AE89-D096FA72DA2B}.Debug|x64.Build.0 = Debug|x64
		{3F64535F-701E-431C-AE89-D096FA72DA2B}.Debug|x86.ActiveCfg = Debug|x64
		{3F64535F-701E-431C-AE89-D096FA72DA2B}.Release libevent|x64.ActiveCfg = Release libevent|x64
		{3F64535F-701E-431C-AE89-D096FA72DA2B}.Release libevent|x64.Build.0 = Release libevent|x64
		{3F64535F-701E-431C-AE89-D096FA72DA2B}.Release libevent|x86.ActiveCfg = Release libevent|x64
		{3F64535F-701E-431C-AE89-D096FA72DA2B}.Release libuv|x64.ActiveCfg = Release libuv|x64
		{3F64535F-701E-431C-AE89-D096FA72DA2B}.Release libuv|x64.Build.0 = Release libuv|x64
		{3F64535F-701E-431C-AE89-D096FA72DA2B}.Release libuv|x86.ActiveCfg = Release libuv|x64
		{3F64535F-701E-431C-AE89-D096FA72DA2B}.Release|x64.ActiveCfg = Release|x64
		{3F64535F-701E-431C-AE89-D096FA72DA2B}.Release|x64.Build.0 = Release|x64
		{3F64535F-701E-431C-AE89-D096FA72DA2B}.Release|x86.ActiveCfg = Release|x64
		{507471A4-8C66-445A-A12F-0F731DD684D3}.Debug libevent|x64.ActiveCfg = Debug libevent|x64
		{507471A4-8C66-445A-A12F-0F731DD684D3}.Debug libevent|x64.Build.0 = Debug libevent|x64
		{507471A4-8C66-445A-A12F-0F731DD684D3}.Debug libevent|x86.ActiveCfg = Debug libevent|x64
		{507471A4-8C66-445A-A12F-0F731DD684D3}.Debug libuv|x64.ActiveCfg = Debug libuv|x64
		{507471A4-8C66-445A-A12F-0F731DD684D3}.Debug libuv|x64.Build.0 = Debug libuv|x64
		{507471A4-8C66-445A-A12F-0F731DD684D3}.Debug libuv|x86.ActiveCfg = Debug libuv|x64
		{507471A4-8C66-445A-A12F-0F731DD684D3}.Debug|x64.ActiveCfg = Debug|x64
		{507471A4-8C66-445A-A12F-0F731DD684D3}.Debug|x64.Build.0 = Debug|x64
		{507471A4-8C66-445A-A12F-0F731DD684D3}.Debug|x86.ActiveCfg = Debug|x64
		{507471A4-8C66-445A-A12F-0F731DD684D3}.Release libevent|x64.ActiveCfg = Release libevent|x64
		{507471A4-8C66-445A-A12F-0F731DD684D3}.Release libevent|x64.Build.0 = Release libevent|x64
		{507471A4-8C66-445A-A12F-0F731DD684D3}.Release libevent|x86.ActiveCfg = Release libevent|x64
		{507471A4-8C66-445A-A12F-0F731DD684D3}.Release libuv|x64.ActiveCfg = Release libuv|x64
		{507471A4-8C66-445A-A12F-0F731DD684D3}.Release libuv|x64.Build.0 = Release libuv|x64
		{507471A4-8C66-445A-A12F-0F731DD684D3}.Release libuv|x86.ActiveCfg = Release libuv|x64
		{507471A4-8C66-445A-A12F-0F731DD684D3}.Release|x64.ActiveCfg = Release|x64
		{507471A4-8C66-445A-A12F-0F731DD684D3}.Release|x64.Build.0 = Release|x64
		{507471A4-8C66-445A-A12F-0F731DD684D3}.Release|x86.ActiveCfg = Release|x64
		{EE451FB1-F60E-47AE-8C5C-6C2FBFBFBF42}.Debug libevent|x64.ActiveCfg = Debug libevent|x64
		{EE451FB1-F60E-47AE-8C5C-6C2FBFBFBF42}.Debug libevent|x64.Build.0 = Debug libevent|x64
		{EE451FB1-F60E-47AE-8C5C-6C2FBFBFBF42}.Debug libevent|x86.ActiveCfg = Debug libevent|x64
		{EE451FB1-F60E-47AE-8C5C-6C2FBFBFBF42}.Debug libuv|x64.ActiveCfg = Debug libuv|x64
		{EE451FB1-F60E-47AE-8C5C-6C2FBFBFBF42}.Debug libuv|x64.Build.0 = Debug libuv|x64
		{EE451FB1-F60E-47AE-8C5C-6C2FBFBFBF42}.Debug libuv|x86.ActiveCfg = Debug libuv|x64
		{EE451FB1-F60E-47AE-8C5C-6C2FBFBFBF42}.Debug|x64.ActiveCfg = Debug|x64
		{EE451FB1-F60E-47AE-8C5C-6C2FBFBFBF42}.Debug|x64.Build.0 = Debug|x64
		{EE451FB1-F60E-47AE-8C5C-6C2FBFBFBF42}.Debug|x86.ActiveCfg = Debug|x64
		{EE451FB1-F60E-47AE-8C5C-6C2FBFBFBF42}.Release libevent|x64.ActiveCfg = Release libevent|x64
		{EE451FB1-F60E-47AE-8C5C-6C2FBFBFBF42}.Release libevent|x64.Build.0 = Release libevent|x64
		{EE451FB1-F60E-47AE-8C5C-6C2FBFBFBF42}.Release libevent|x86.ActiveCfg = Release libevent|x64
		{EE451FB1-F60E-47AE-8C5C-6C2FBFBFBF42}.Release libuv|x64.ActiveCfg = Release libuv|x64
		{EE451FB1-F60E-47AE-8C5C-6C2FBFBFBF42}.Release libuv|x64.Build.0 = Release libuv|x64
		{EE451FB1-F60E-47AE-8C5C-6C2FBFBFBF42}.Release libuv|x86.ActiveCfg = Release libuv|x64
		{EE451FB1-F60E-47AE-8C5C-6C2FBFBFBF42}.Release|x64.ActiveCfg = Release|x64
		{EE451FB1-F60E-47AE-8C5C-6C2FBFBFBF42}.Release|x64.Build.0 = Release|x64
		{EE451FB1-F60E-47AE-8C5C-6C2FBFBFBF42}.Release|x86.ActiveCfg = Release|x64
		{1A577336-B786-4C38-B6B2-CF15A3C92850}.Debug libevent|x64.ActiveCfg = Debug libevent|x64
		{1A577336-B786-4C38-B6B2-CF15A3C92850}.Debug libevent|x64.Build.0 = Debug libevent|x64
		{1A577336-B786-4C38-B6B2-CF15A3C92850}.Debug libevent|x86.ActiveCfg = Debug libevent|x64
		{1A577336-B786-4C38-B6B2-CF15A3C92850}.Debug libuv|x64.ActiveCfg = Debug libuv|x64
		{1A577336-B786-4C38-B6B2-CF15A3C92850}.Debug libuv|x64.Build.0 = Debug libuv|x64
		{1A577336-B786-4C38-B6B2-CF15A3C92850}.Debug libuv|x86.ActiveCfg = Debug libuv|x64
		{1A577336-B786-4C38-B6B2-CF15A3C92850}.Debug|x64.ActiveCfg = Debug|x64
		{1A577336-B786-4C38-B6B2-CF15A3C92850}.Debug|x64.Build.0 = Debug|x64
		{1A577336-B786-4C38-B6B2-CF15A3C92850}.Debug|x86.ActiveCfg = Debug|x64
		{1A577336-B786-4C38-B6B2-CF15A3C92850}.Release libevent|x64.ActiveCfg = Release libevent|x64
		{1A577336-B786-4C38-B6B2-CF15A3C92850}.Release libevent|x64.Build.0 = Release libevent|x64
		{1A577336-B786-4C38-B6B2-CF15A3C92850}.Release libevent|x86.ActiveCfg = Release libevent|x64
		{1A577336-B786-4C38-B6B2-CF15A3C92850}.Release libuv|x64.ActiveCfg = Release libuv|x64
		{1A577336-B786-4C38-B6B2-CF15A3C92850}.Release libuv|x64.Build.0 = Release libuv|x64
		{1A577336-B786-4C38-B6B2-CF15A3C92850}.Release libuv|x86.ActiveCfg = Release libuv|x64
		{1A577336-B786-4C38-B6B2-CF15A3C92850}.Release|x64.ActiveCfg = Release|x64
		{1A577336-B786-4C38-B6B2-CF15A3C92850}.Release|x64.Build.0 = Release|x64
		{1A577336-B786-4C38-B6B2-CF15A3C92850}.Release|x86.ActiveCfg = Release|x64
		{AB80C0E8-FE90-478D-8EE9-C30165DDD010}.Debug libevent|x64.ActiveCfg = Debug libevent|x64
		{AB80C0E8-FE90-478D-8EE9-C30165DDD010}.Debug libevent|x64.Build.0 = Debug libevent|x64
		{AB80C0E8-FE90-478D-8EE9-C30165DDD010}.Debug libevent|x86.ActiveCfg = Debug libevent|x64
		{AB80C0E8-FE90-478D-8EE9-C30165DDD010}.Debug libuv|x64.ActiveCfg = Debug libuv|x64
		{AB80C0E8-FE90-478D-8EE9-C30165DDD010}.Debug libuv|x64.Build.0 = Debug libuv|x64
		{AB80C0E8-FE90-478D-8EE9-C30165DDD010}.Debug libuv|x86.ActiveCfg = Debug libuv|x64
		{AB80C0E8-FE90-478D-8EE9-C30165DDD010}.Debug|x64.ActiveCfg = Debug|x64
		{AB80C0E8-FE90-478D-8EE9-C30165DDD010}.Debug|x64.Build.0 = Debug|x64
		{AB80C0E8-FE90-478D-8EE9-C30165DDD010}.Debug|x86.ActiveCfg = Debug|x64
		{AB80C0E8-FE90-478D-8EE9-C30165DDD010}.Release libevent|x64.ActiveCfg = Release libevent|x64
		{AB80C0E8-FE90-478D-8EE9-C30165DDD010}.Release libevent|x64.Build.0 = Release libevent|x64
		{AB80C0E8-FE90-478D-8EE9-C30165DDD010}.Release libevent|x86.ActiveCfg = Release libevent|x64
		{AB80C0E8-FE90-478D-8EE9-C30165DDD010}.Release libuv|x64.ActiveCfg = Release libuv|x64
		{AB80C0E8-FE90-478D-8EE9-C30165DDD010}.Release libuv|x64.Build.0 = Release libuv|x64
		{AB80C0E8-FE90-478D-8EE9-C30165DDD010}.Release libuv|x86.ActiveCfg = Release libuv|x64
		{AB80C0E8-FE90-478D-8EE9-C30165DDD010}.Release|x64.ActiveCfg = Release|x64
		{AB80C0E8-FE90-478D-8EE9-C30165DDD010}.Release|x64.Build.0 = Release|x64
		{AB80C0E8-FE90-478D-8EE9-C30165DDD010}.Release|x86.ActiveCfg = Release|x64
		{48242998-2002-4B4C-A610-296C2E94677B}.Debug libevent|x64.ActiveCfg = Debug libevent|x64
		{48242998-2002-4B4C-A610-296C2E94677B}.Debug libevent|x64.Build.0 = Debug libevent|x64
		{48242998-2002-4B4C-A610-296C2E94677B}.Debug libevent|x86.ActiveCfg = Debug libevent|x64
		{48242998-2002-4B4C-A610-296C2E94677B}.Debug libuv|x64.ActiveCfg = Debug libuv|x64
		{48242998-2002-4B4C-A610-296C2E94677B}.Debug libuv|x64.Build.0 = Debug libuv|x64
		{48242998-2002-4B4C-A610-296C2E94677B}.Debug libuv|x86.ActiveCfg = Debug libuv|x64
		{48242998-2002-4B4C-A610-296C2E94677B}.Debug|x64.ActiveCfg = Debug|x64
		{48242998-2002-4B4C-A610-296C2E94677B}.Debug|x64.Build.0 = Debug|x64
		{48242998-2002-4B4C-A610-296C2E94677B}.Debug|x86.ActiveCfg = Debug|x64
		{48242998-2002-4B4C-A610-296C2E94677B}.Release libevent|x64.ActiveCfg = Release libevent|x64
		{48242998-2002-4B4C-A610-296C2E94677B}.Release libevent|x64.Build.0 = Release libevent|x64
		{48242998-2002-4B4C-A610-296C2E94677B}.Release libevent|x86.ActiveCfg = Release libevent|x64
		{48242998-2002-4B4C-A610-296C2E94677B}.Release libuv|x64.ActiveCfg = Release libuv|x64
		{48242998-2002-4B4C-A610-296C2E94677B}.Release libuv|x64.Build.0 = Release libuv|x64
		{48242998-2002-4B4C-A610-296C2E94677B}.Release libuv|x86.ActiveCfg = Release libuv|x64
		{48242998-2002-4B4C-A610-296C2E94677B}.Release|x64.ActiveCfg = Release|x64
		{48242998-2002-4B4C-A610-296C2E94677B}.Release|x64.Build.0 = Release|x64
		{48242998-2002-4B4C-A610-296C2E94677B}.Release|x86.ActiveCfg = Release|x64
		{05EA735B-3AE2-4BDC-B56D-A87D66FD4BB5}.Debug libevent|x64.ActiveCfg = Debug libevent|x64
		{05EA735B-3AE2-4BDC-B56D-A87D66FD4BB5}.Debug libevent|x64.Build.0 = Debug libevent|x64
		{05EA735B-3AE2-4BDC-B56D-A87D66FD4BB5}.Debug libevent|x86.ActiveCfg = Debug libevent|x64
		{05EA735B-3AE2-4BDC-B56D-A87D66FD4BB5}.Debug libuv|x64.ActiveCfg = Debug libuv|x64
		{05EA735B-3AE2-4BDC-B56D-A87D66FD4BB5}.Debug libuv|x64.Build.0 = Debug libuv|x64
		{05EA735B-3AE2-4BDC-B56D-A87D66FD4BB5}.Debug libuv|x86.ActiveCfg = Debug libuv|x64
		{05EA735B-3AE2-4BDC-B56D-A87D66FD4BB5}.Debug|x64.ActiveCfg = Debug|x64
		{05EA735B-3AE2-4BDC-B56D-A87D66FD4BB5}.Debug|x64.Build.0 = Debug|x64
		{05EA735B-3AE2-4BDC-B56D-A87D66FD4BB5}.Debug|x86.ActiveCfg = Debug|x64
		{05EA735B-3AE2-4BDC-B56D-A87D66FD4BB5}.Release libevent|x64.ActiveCfg = Release libevent|x64
		{05EA735B-3AE2-4BDC-B56D-A87D66FD4BB5}.Release libevent|x64.Build.0 = Release libevent|x64
		{05EA735B-3AE2-4BDC-B56D-A87D66FD4BB5}.Release libevent|x86.ActiveCfg = Release libevent|x64
		{05EA735B-3AE2-4BDC-B56D-A87D66FD4BB5}.Release libuv|x64.ActiveCfg = Release libuv|x64
		{05EA735B-3AE2-4BDC-B56D-A87D66FD4BB5}.Release libuv|x64.Build.0 = Release libuv|x64
		{05EA735B-3AE2-4BDC-B56D-A87D66FD4BB5}.Release libuv|x86.ActiveCfg = Release libuv|x64
		{05EA735B-3AE2-4BDC-B56D-A87D66FD4BB5}.Release|x64.ActiveCfg = Release|x64
		{05EA735B-3AE2-4BDC-B56D-A87D66FD4BB5}.Release|x64.Build.0 = Release|x64
		{05EA735B-3AE2-4BDC-B56D-A87D66FD4BB5}.Release|x86.ActiveCfg = Release|x64
		{76680446-5B3C-4E58-BD4E-97C70DFD83D3}.Debug libevent|x64.ActiveCfg = Debug libevent|x64
		{76680446-5B3C-4E58-BD4E-97C70DFD83D3}.Debug libevent|x64.Build.0 = Debug libevent|x64
		{76680446-5B3C-4E58-BD4E-97C70DFD83D3}.Debug libevent|x86.ActiveCfg = Debug libevent|x64
		{76680446-5B3C-4E58-BD4E-97C70DFD83D3}.Debug libuv|x64.ActiveCfg = Debug libuv|x64
		{76680446-5B3C-4E58-BD4E-97C70DFD83D3}.Debug libuv|x64.Build.0 = Debug libuv|x64
		{76680446-5B3C-4E58-BD4E-97C70DFD83D3}.Debug libuv|x86.ActiveCfg = Debug libuv|x64
		{76680446-5B3C-4E58-BD4E-97C70DFD83D3}.Debug|x64.ActiveCfg = Debug|x64
		{76680446-5B3C-4E58-BD4E-97C70DFD83D3}.Debug|x64.Build.0 = Debug|x64
		{76680446-5B3C-4E58-BD4E-97C70DFD83D3}.Debug|x86.ActiveCfg = Debug|x64
		{76680446-5B3C-4E58-BD4E-97C70DFD83D3}.Release libevent|x64.ActiveCfg = Release libevent|x64
		{76680446-5B3C-4E58-BD4E-97C70DFD83D3}.Release libevent|x64.Build.0 = Release libevent|x64
		{76680446-5B3C-4E58-BD4E-97C70DFD83D3}.Release libevent|x86.ActiveCfg = Release libevent|x64
		{76680446-5B3C-4E58-BD4E-97C70DFD83D3}.Release libuv|x64.ActiveCfg = Release libuv|x64
		{76680446-5B3C-4E58-BD4E-97C70DFD83D3}.Release libuv|x64.Build.0 = Release libuv|x64
		{76680446-5B3C-4E58-BD4E-97C70DFD83D3}.Release libuv|x86.ActiveCfg = Release libuv|x64
		{76680446-5B3C-4E58-BD4E-97C70DFD83D3}.Release|x64.ActiveCfg = Release|x64
		{76680446-5B3C-4E58-BD4E-97C70DFD83D3}.Release|x64.Build.0 = Release|x64
		{76680446-5B3C-4E58-BD4E-97C70DFD83D3}.Release|x86.ActiveCfg = Release|x64
		{418744C6-6322-42CB-838B-09106E34E0C6}.Debug libevent|x64.ActiveCfg = Debug libevent|x64
		{418744C6-6322-42CB-838B-09106E34E0C6}.Debug libevent|x64.Build.0 = Debug libevent|x64
		{418744C6-6322-42CB-838B-09106E34E0C6}.Debug libevent|x86.ActiveCfg = Debug libevent|x64
		{418744C6-6322-42CB-838B-09106E34E0C6}.Debug libuv|x64.ActiveCfg = Debug libuv|x64
		{418744C6-6322-42CB-838B-09106E34E0C6}.Debug libuv|x64.Build.0 = Debug libuv|x64
		{418744C6-6322-42CB-838B-09106E34E0C6}.Debug libuv|x86.ActiveCfg = Debug libuv|x64
		{418744C6-6322-42CB-838B-09106E34E0C6}.Debug|x64.ActiveCfg = Debug|x64
		{418744C6-6322-42CB-838B-09106E34E0C6}.Debug|x64.Build.0 = Debug|x64
		{418744C6-6322-42CB-838B-09106E34E0C6}.Debug|x86.ActiveCfg = Debug|x64
		{418744C6-6322-42CB-838B-09106E34E0C6}.Release libevent|x64.ActiveCfg = Release libevent|x64
		{418744C6-6322-42CB-838B-09106E34E0C6}.Release libevent|x64.Build.0 = Release libevent|x64
		{418744C6-6322-42CB-838B-09106E34E0C6}.Release libevent|x86.ActiveCfg = Release libevent|x64
		{418744C6-6322-42CB-838B-09106E34E0C6}.Release libuv|x64.ActiveCfg = Release libuv|x64
		{418744C6-6322-42CB-838B-09106E34E0C6}.Release libuv|x64.Build.0 = Release libuv|x64
		{418744C6-6322-42CB-838B-09106E34E0C6}.Release libuv|x86.ActiveCfg = Release libuv|x64
		{418744C6-6322-42CB-838B-09106E34E0C6}.Release|x64.ActiveCfg = Release|x64
		{418744C6-6322-42CB-838B-09106E34E0C6}.Release|x64.Build.0 = Release|x64
		{418744C6-6322-42CB-838B-09106E34E0C6}.Release|x86.ActiveCfg = Release|x64
		{FBCC7572-5FE3-452D-85DB-7597F4BB42BB}.Debug libevent|x64.ActiveCfg = Debug libevent|x64
		{FBCC7572-5FE3-452D-85DB-7597F4BB42BB}.Debug libevent|x64.Build.0 = Debug libevent|x64
		{FBCC7572-5FE3-452D-85DB-7597F4BB42BB}.Debug libevent|x86.ActiveCfg = Debug libevent|x64
		{FBCC7572-5FE3-452D-85DB-7597F4BB42BB}.Debug libuv|x64.ActiveCfg = Debug libuv|x64
		{FBCC7572-5FE3-452D-85DB-7597F4BB42BB}.Debug libuv|x64.Build.0 = Debug libuv|x64
		{FBCC7572-5FE3-452D-85DB-7597F4BB42BB}.Debug libuv|x86.ActiveCfg = Debug libuv|x64
		{FBCC7572-5FE3-452D-85DB-7597F4BB42BB}.Debug|x64.ActiveCfg = Debug|x64
		{FBCC7572-5FE3-452D-85DB-7597F4BB42BB}.Debug|x64.Build.0 = Debug|x64
		{FBCC7572-5FE3-452D-85DB-7597F4BB42BB}.Debug|x86.ActiveCfg = Debug|x64
		{FBCC7572-5FE3-452D-85DB-7597F4BB42BB}.Release libevent|x64.ActiveCfg = Release libevent|x64
		{FBCC7572-5FE3-452D-85DB-7597F4BB42BB}.Release libevent|x64.Build.0 = Release libevent|x64
		{FBCC7572-5FE3-452D-85DB-7597F4BB42BB}.Release libevent|x86.ActiveCfg = Release libevent|x64
		{FBCC7572-5FE3-452D-85DB-7597F4BB42BB}.Release libuv|x64.ActiveCfg = Release libuv|x64
		{FBCC7572-5FE3-452D-85DB-7597F4BB42BB}.Release libuv|x64.Build.0 = Release libuv|x64
		{FBCC7572-5FE3-452D-85DB-7597F4BB42BB}.Release libuv|x86.ActiveCfg = Release libuv|x64
		{FBCC7572-5FE3-452D-85DB-7597F4BB42BB}.Release|x64.ActiveCfg = Release|x64
		{FBCC7572-5FE3-452D-85DB-7597F4BB42BB}.Release|x64.Build.0 = Release|x64
		{FBCC7572-5FE3-452D-85DB-7597F4BB42BB}.Release|x86.ActiveCfg = Release|x64
		{A131974B-A17E-438B-827B-66789B99198C}.Debug libevent|x64.ActiveCfg = Debug libevent|x64
		{A131974B-A17E-438B-827B-66789B99198C}.Debug libevent|x64.Build.0 = Debug libevent|x64
		{A131974B-A17E-438B-827B-66789B99198C}.Debug libevent|x86.ActiveCfg = Debug libevent|x64
		{A131974B-A17E-438B-827B-66789B99198C}.Debug libuv|x64.ActiveCfg = Debug libuv|x64
		{A131974B-A17E-438B-827B-66789B99198C}.Debug libuv|x64.Build.0 = Debug libuv|x64
		{A131974B-A17E-438B-827B-66789B99198C}.Debug libuv|x86.ActiveCfg = Debug libuv|x64
		{A131974B-A17E-438B-827B-66789B99198C}.Debug|x64.ActiveCfg = Debug|x64
		{A131974B-A17E-438B-827B-66789B99198C}.Debug|x64.Build.0 = Debug|x64
		{A131974B-A17E-438B-827B-66789B99198C}.Debug|x86.ActiveCfg = Debug|x64
		{A131974B-A17E-438B-827B-66789B99198C}.Release libevent|x64.ActiveCfg = Release libevent|x64
		{A131974B-A17E-438B-827B-66789B99198C}.Release libevent|x64.Build.0 = Release libevent|x64
		{A131974B-A17E-438B-827B-66789B99198C}.Release libevent|x86.ActiveCfg = Release libevent|x64
		{A131974B-A17E-438B-827B-66789B99198C}.Release libuv|x64.ActiveCfg = Release libuv|x64
		{A131974B-A17E-438B-827B-66789B99198C}.Release libuv|x64.Build.0 = Release libuv|x64
		{A131974B-A17E-438B-827B-66789B99198C}.Release libuv|x86.ActiveCfg = Release libuv|x64
		{A131974B-A17E-438B-827B-66789B99198C}.Release|x64.ActiveCfg = Release|x64
		{A131974B-A17E-438B-827B-66789B99198C}.Release|x64.Build.0 = Release|x64
		{A131974B-A17E-438B-827B-66789B99198C}.Release|x86.ActiveCfg = Release|x64
		{D939B220-BCEC-481D-81FF-DDC227F242AE}.Debug libevent|x64.ActiveCfg = Debug|x64
		{D939B220-BCEC-481D-81FF-DDC227F242AE}.Debug libevent|x64.Build.0 = Debug|x64
		{D939B220-BCEC-481D-81FF-DDC227F242AE}.Debug libevent|x86.ActiveCfg = Debug|Win32
		{D939B220-BCEC-481D-81FF-DDC227F242AE}.Debug libevent|x86.Build.0 = Debug|Win32
		{D939B220-BCEC-481D-81FF-DDC227F242AE}.Debug libuv|x64.ActiveCfg = Debug|x64
		{D939B220-BCEC-481D-81FF-DDC227F242AE}.Debug libuv|x64.Build.0 = Debug|x64
		{D939B220-BCEC-481D-81FF-DDC227F242AE}.Debug libuv|x86.ActiveCfg = Debug|Win32
		{D939B220-BCEC-481D-81FF-DDC227F242AE}.Debug libuv|x86.Build.0 = Debug|Win32
		{D939B220-BCEC-481D-81FF-DDC227F242AE}.Debug|x64.ActiveCfg = Debug|x64
		{D939B220-BCEC-481D-81FF-DDC227F242AE}.Debug|x64.Build.0 = Debug|x64
		{D939B220-BCEC-481D-81FF-DDC227F242AE}.Debug|x86.ActiveCfg = Debug|Win32
		{D939B220-BCEC-481D-81FF-DDC227F242AE}.Debug|x86.Build.0 = Debug|Win32
		{D939B220-BCEC-481D-81FF-DDC227F242AE}.Release libevent|x64.ActiveCfg = Release|x64
		{D939B220-BCEC-481D-81FF-DDC227F242AE}.Release libevent|x64.Build.0 = Release|x64
		{D939B220-BCEC-481D-81FF-DDC227F242AE}.Release libevent|x86.ActiveCfg = Release|Win32
		{D939B220-BCEC-481D-81FF-DDC227F242AE}.Release libevent|x86.Build.0 = Release|Win32
		{D939B220-BCEC-481D-81FF-DDC227F242AE}.Release libuv|x64.ActiveCfg = Release|x64
		{D939B220-BCEC-481D-81FF-DDC227F242AE}.Release libuv|x64.Build.0 = Release|x64
		{D939B220-BCEC-481D-81FF-DDC227F242AE}.Release libuv|x86.ActiveCfg = Release|Win32
		{D939B220-BCEC-481D-81FF-DDC227F242AE}.Release libuv|x86.Build.0 = Release|Win32
		{D939B220-BCEC-481D-81FF-DDC227F242AE}.Release|x64.ActiveCfg = Release|x64
		{D939B220-BCEC-481D-81FF-DDC227F242AE}.Release|x64.Build.0 = Release|x64
		{D939B220-BCEC-481D-81FF-DDC227F242AE}.Release|x86.ActiveCfg = Release|Win32
		{D939B220-BCEC-481D-81FF-DDC227F242AE}.Release|x86.Build.0 = Release|Win32
		{D5AFF637-B093-467E-BF46-6B3C0B13A56F}.Debug libevent|x64.ActiveCfg = Debug|x64
		{D5AFF637-B093-467E-BF46-6B3C0B13A56F}.Debug libevent|x64.Build.0 = Debug|x64
		{D5AFF637-B093-467E-BF46-6B3C0B13A56F}.Debug libevent|x86.ActiveCfg = Debug|Win32
		{D5AFF637-B093-467E-BF46-6B3C0B13A56F}.Debug libevent|x86.Build.0 = Debug|Win32
		{D5AFF637-B093-467E-BF46-6B3C0B13A56F}.Debug libuv|x64.ActiveCfg = Debug libuv|x64
		{D5AFF637-B093-467E-BF46-6B3C0B13A56F}.Debug libuv|x64.Build.0 = Debug libuv|x64
		{D5AFF637-B093-467E-BF46-6B3C0B13A56F}.Debug libuv|x86.ActiveCfg = Debug|Win32
		{D5AFF637-B093-467E-BF46-6B3C0B13A56F}.Debug libuv|x86.Build.0 = Debug|Win32
		{D5AFF637-B093-467E-BF46-6B3C0B13A56F}.Debug|x64.ActiveCfg = Debug|x64
		{D5AFF637-B093-467E-BF46-6B3C0B13A56F}.Debug|x64.Build.0 = Debug|x64
		{D5AFF637-B093-467E-BF46-6B3C0B13A56F}.Debug|x86.ActiveCfg = Debug|Win32
		{D5AFF637-B093-467E-BF46-6B3C0B13A56F}.Debug|x86.Build.0 = Debug|Win32
		{D5AFF637-B093-467E-BF46-6B3C0B13A56F}.Release libevent|x64.ActiveCfg = Release|x64
		{D5AFF637-B093-467E-BF46-6B3C0B13A56F}.Release libevent|x64.Build.0 = Release|x64
		{D5AFF637-B093-467E-BF46-6B3C0B13A56F}.Release libevent|x86.ActiveCfg = Release|Win32
		{D5AFF637-B093-467E-BF46-6B3C0B13A56F}.Release libevent|x86.Build.0 = Release|Win32
		{D5AFF637-B093-467E-BF46-6B3C0B13A56F}.Release libuv|x64.ActiveCfg = Release|x64
		{D5AFF637-B093-467E-BF46-6B3C0B13A56F}.Release libuv|x64.Build.0 = Release|x64
		{D5AFF637-B093-467E-BF46-6B3C0B13A56F}.Release libuv|x86.ActiveCfg = Release|Win32
		{D5AFF637-B093-467E-BF46-6B3C0B13A56F}.Release libuv|x86.Build.0 = Release|Win32
		{D5AFF637-B093-467E-BF46-6B3C0B13A56F}.Release|x64.ActiveCfg = Release|x64
		{D5AFF637-B093-467E-BF46-6B3C0B13A56F}.Release|x64.Build.0 = Release|x64
		{D5AFF637-B093-467E-BF46-6B3C0B13A56F}.Release|x86.ActiveCfg = Release|Win32
		{D5AFF637-B093-467E-BF46-6B3C0B13A56F}.Release|x86.Build.0 = Release|Win32
	EndGlobalSection
	GlobalSection(SolutionProperties) = preSolution
		HideSolutionNode = FALSE
	EndGlobalSection
	GlobalSection(NestedProjects) = preSolution
		{36173784-C50D-4830-A458-7FFADE886796} = {8A83023F-8205-4B01-BCA8-D7F41949245B}
		{E10BF3F1-434A-4943-A2C0-E24509FD3FF9} = {8A83023F-8205-4B01-BCA8-D7F41949245B}
		{579C7153-B9E8-4101-BE85-458C0EB2BFB1} = {8A83023F-8205-4B01-BCA8-D7F41949245B}
		{B12AFF5E-D263-4288-A887-F774503AF5AF} = {8A83023F-8205-4B01-BCA8-D7F41949245B}
		{7E85774D-130C-4E21-8C09-E1691C0370FF} = {8A83023F-8205-4B01-BCA8-D7F41949245B}
		{A056934E-AAA4-4492-8963-9F747360E8F0} = {8A83023F-8205-4B01-BCA8-D7F41949245B}
		{A0B0DEE5-7D85-4378-A80E-6E232E7FFF10} = {8A83023F-8205-4B01-BCA8-D7F41949245B}
		{E63D6EEE-F67D-4070-BE5D-77DC5EF4B4B8} = {8A83023F-8205-4B01-BCA8-D7F41949245B}
		{1F86EE23-84F8-4A76-ACD1-A969EC8EC6F4} = {8A83023F-8205-4B01-BCA8-D7F41949245B}
		{A48F6806-78F3-499C-A815-F45B048BBD18} = {8A83023F-8205-4B01-BCA8-D7F41949245B}
		{D021AE97-3168-43A4-9851-2F3471F1EADD} = {8A83023F-8205-4B01-BCA8-D7F41949245B}
		{BA6749C0-141F-489B-93A6-A72346E61425} = {8A83023F-8205-4B01-BCA8-D7F41949245B}
		{3F64535F-701E-431C-AE89-D096FA72DA2B} = {8A83023F-8205-4B01-BCA8-D7F41949245B}
		{507471A4-8C66-445A-A12F-0F731DD684D3} = {8A83023F-8205-4B01-BCA8-D7F41949245B}
		{EE451FB1-F60E-47AE-8C5C-6C2FBFBFBF42} = {8A83023F-8205-4B01-BCA8-D7F41949245B}
		{1A577336-B786-4C38-B6B2-CF15A3C92850} = {8A83023F-8205-4B01-BCA8-D7F41949245B}
		{AB80C0E8-FE90-478D-8EE9-C30165DDD010} = {8A83023F-8205-4B01-BCA8-D7F41949245B}
		{48242998-2002-4B4C-A610-296C2E94677B} = {8A83023F-8205-4B01-BCA8-D7F41949245B}
		{05EA735B-3AE2-4BDC-B56D-A87D66FD4BB5} = {8A83023F-8205-4B01-BCA8-D7F41949245B}
		{76680446-5B3C-4E58-BD4E-97C70DFD83D3} = {8A83023F-8205-4B01-BCA8-D7F41949245B}
		{FBCC7572-5FE3-452D-85DB-7597F4BB42BB} = {8A83023F-8205-4B01-BCA8-D7F41949245B}
		{A131974B-A17E-438B-827B-66789B99198C} = {8A83023F-8205-4B01-BCA8-D7F41949245B}
		{D939B220-BCEC-481D-81FF-DDC227F242AE} = {8A83023F-8205-4B01-BCA8-D7F41949245B}
		{D5AFF637-B093-467E-BF46-6B3C0B13A56F} = {8A83023F-8205-4B01-BCA8-D7F41949245B}
	EndGlobalSection
EndGlobal
