// !$*UTF8*$!
{
	archiveVersion = 1;
	classes = {
	};
	objectVersion = 46;
	objects = {

/* Begin PBXBuildFile section */
		BF219F0E1A62255A001E321C /* as_proto.c in Sources */ = {isa = PBXBuildFile; fileRef = BF219F0D1A62255A001E321C /* as_proto.c */; };
		BF219F101A622C23001E321C /* as_socket.c in Sources */ = {isa = PBXBuildFile; fileRef = BF219F0F1A622C23001E321C /* as_socket.c */; };
		BF21EA541C062FF500E2031E /* as_event_none.c in Sources */ = {isa = PBXBuildFile; fileRef = BF21EA531C062FF500E2031E /* as_event_none.c */; };
		BF222CFD1BB33961006827A6 /* as_geojson.c in Sources */ = {isa = PBXBuildFile; fileRef = BF222CFC1BB33961006827A6 /* as_geojson.c */; };
		BF222CFF1BB3397E006827A6 /* mod_lua_geojson.c in Sources */ = {isa = PBXBuildFile; fileRef = BF222CFE1BB3397E006827A6 /* mod_lua_geojson.c */; };
		BF2337A11B4DC8BD00670C64 /* as_buffer_pool.c in Sources */ = {isa = PBXBuildFile; fileRef = BF23379F1B4DC8BD00670C64 /* as_buffer_pool.c */; };
		BF2337A21B4DC8BD00670C64 /* as_double.c in Sources */ = {isa = PBXBuildFile; fileRef = BF2337A01B4DC8BD00670C64 /* as_double.c */; };
		BF25DA931BB0790F00AC7512 /* as_event.c in Sources */ = {isa = PBXBuildFile; fileRef = BF25DA921BB0790F00AC7512 /* as_event.c */; };
		BF2669921BBB74AE00C61962 /* as_queue.c in Sources */ = {isa = PBXBuildFile; fileRef = BF2669911BBB74AE00C61962 /* as_queue.c */; };
		BF26A38919C2621000AE763C /* as_shm_cluster.c in Sources */ = {isa = PBXBuildFile; fileRef = BF26A38819C2621000AE763C /* as_shm_cluster.c */; };
		BF26C4671B45AE8F00E6929D /* as_job.c in Sources */ = {isa = PBXBuildFile; fileRef = BF26C4661B45AE8F00E6929D /* as_job.c */; };
		BF26CF841BFE7C7900E143DC /* as_async.c in Sources */ = {isa = PBXBuildFile; fileRef = BF26CF831BFE7C7900E143DC /* as_async.c */; };
		BF2AA7CF18BEBFA500E54AF3 /* _bin.c in Sources */ = {isa = PBXBuildFile; fileRef = BF2AA7A918BEBFA400E54AF3 /* _bin.c */; };
		BF2AA7D018BEBFA500E54AF3 /* _bin.h in Headers */ = {isa = PBXBuildFile; fileRef = BF2AA7AA18BEBFA400E54AF3 /* _bin.h */; };
		BF2AA7D118BEBFA500E54AF3 /* _ldt.c in Sources */ = {isa = PBXBuildFile; fileRef = BF2AA7AB18BEBFA400E54AF3 /* _ldt.c */; };
		BF2AA7D218BEBFA500E54AF3 /* _ldt.h in Headers */ = {isa = PBXBuildFile; fileRef = BF2AA7AC18BEBFA400E54AF3 /* _ldt.h */; };
		BF2AA7DA18BEBFA500E54AF3 /* aerospike_batch.c in Sources */ = {isa = PBXBuildFile; fileRef = BF2AA7B418BEBFA400E54AF3 /* aerospike_batch.c */; };
		BF2AA7DB18BEBFA500E54AF3 /* aerospike_index.c in Sources */ = {isa = PBXBuildFile; fileRef = BF2AA7B518BEBFA400E54AF3 /* aerospike_index.c */; };
		BF2AA7DC18BEBFA500E54AF3 /* aerospike_info.c in Sources */ = {isa = PBXBuildFile; fileRef = BF2AA7B618BEBFA400E54AF3 /* aerospike_info.c */; };
		BF2AA7DD18BEBFA500E54AF3 /* aerospike_key.c in Sources */ = {isa = PBXBuildFile; fileRef = BF2AA7B718BEBFA400E54AF3 /* aerospike_key.c */; };
		BF2AA7DE18BEBFA500E54AF3 /* aerospike_llist.c in Sources */ = {isa = PBXBuildFile; fileRef = BF2AA7B818BEBFA400E54AF3 /* aerospike_llist.c */; };
		BF2AA7DF18BEBFA500E54AF3 /* aerospike_lmap.c in Sources */ = {isa = PBXBuildFile; fileRef = BF2AA7B918BEBFA400E54AF3 /* aerospike_lmap.c */; };
		BF2AA7E018BEBFA500E54AF3 /* aerospike_lset.c in Sources */ = {isa = PBXBuildFile; fileRef = BF2AA7BA18BEBFA400E54AF3 /* aerospike_lset.c */; };
		BF2AA7E118BEBFA500E54AF3 /* aerospike_lstack.c in Sources */ = {isa = PBXBuildFile; fileRef = BF2AA7BB18BEBFA400E54AF3 /* aerospike_lstack.c */; };
		BF2AA7E218BEBFA500E54AF3 /* aerospike_query.c in Sources */ = {isa = PBXBuildFile; fileRef = BF2AA7BC18BEBFA400E54AF3 /* aerospike_query.c */; };
		BF2AA7E318BEBFA500E54AF3 /* aerospike_scan.c in Sources */ = {isa = PBXBuildFile; fileRef = BF2AA7BD18BEBFA400E54AF3 /* aerospike_scan.c */; };
		BF2AA7E418BEBFA500E54AF3 /* aerospike_udf.c in Sources */ = {isa = PBXBuildFile; fileRef = BF2AA7BE18BEBFA400E54AF3 /* aerospike_udf.c */; };
		BF2AA7E518BEBFA500E54AF3 /* aerospike.c in Sources */ = {isa = PBXBuildFile; fileRef = BF2AA7BF18BEBFA400E54AF3 /* aerospike.c */; };
		BF2AA7E618BEBFA500E54AF3 /* as_batch.c in Sources */ = {isa = PBXBuildFile; fileRef = BF2AA7C018BEBFA400E54AF3 /* as_batch.c */; };
		BF2AA7E818BEBFA500E54AF3 /* as_config.c in Sources */ = {isa = PBXBuildFile; fileRef = BF2AA7C218BEBFA400E54AF3 /* as_config.c */; };
		BF2AA7E918BEBFA500E54AF3 /* as_error.c in Sources */ = {isa = PBXBuildFile; fileRef = BF2AA7C318BEBFA400E54AF3 /* as_error.c */; };
		BF2AA7EA18BEBFA500E54AF3 /* as_key.c in Sources */ = {isa = PBXBuildFile; fileRef = BF2AA7C418BEBFA400E54AF3 /* as_key.c */; };
		BF2AA7EB18BEBFA500E54AF3 /* as_ldt.c in Sources */ = {isa = PBXBuildFile; fileRef = BF2AA7C518BEBFA400E54AF3 /* as_ldt.c */; };
		BF2AA7ED18BEBFA500E54AF3 /* as_operations.c in Sources */ = {isa = PBXBuildFile; fileRef = BF2AA7C718BEBFA400E54AF3 /* as_operations.c */; };
		BF2AA7EE18BEBFA500E54AF3 /* as_policy.c in Sources */ = {isa = PBXBuildFile; fileRef = BF2AA7C818BEBFA400E54AF3 /* as_policy.c */; };
		BF2AA7EF18BEBFA500E54AF3 /* as_query.c in Sources */ = {isa = PBXBuildFile; fileRef = BF2AA7C918BEBFA400E54AF3 /* as_query.c */; };
		BF2AA7F018BEBFA500E54AF3 /* as_record_hooks.c in Sources */ = {isa = PBXBuildFile; fileRef = BF2AA7CA18BEBFA400E54AF3 /* as_record_hooks.c */; };
		BF2AA7F118BEBFA500E54AF3 /* as_record_iterator.c in Sources */ = {isa = PBXBuildFile; fileRef = BF2AA7CB18BEBFA500E54AF3 /* as_record_iterator.c */; };
		BF2AA7F218BEBFA500E54AF3 /* as_record.c in Sources */ = {isa = PBXBuildFile; fileRef = BF2AA7CC18BEBFA500E54AF3 /* as_record.c */; };
		BF2AA7F318BEBFA500E54AF3 /* as_scan.c in Sources */ = {isa = PBXBuildFile; fileRef = BF2AA7CD18BEBFA500E54AF3 /* as_scan.c */; };
		BF2AA7F418BEBFA500E54AF3 /* as_udf.c in Sources */ = {isa = PBXBuildFile; fileRef = BF2AA7CE18BEBFA500E54AF3 /* as_udf.c */; };
		BF5548ED19E36A7C007DDB9E /* as_log.c in Sources */ = {isa = PBXBuildFile; fileRef = BF5548EC19E36A7C007DDB9E /* as_log.c */; };
		BF6FE4331BF2748E00175BF8 /* as_pipe.c in Sources */ = {isa = PBXBuildFile; fileRef = BF6FE4321BF2748E00175BF8 /* as_pipe.c */; };
		BF843C5918D3E64900A06CFB /* cf_alloc.c in Sources */ = {isa = PBXBuildFile; fileRef = BF843C5618D3E64900A06CFB /* cf_alloc.c */; };
		BF843C5A18D3E64900A06CFB /* cf_queue_priority.c in Sources */ = {isa = PBXBuildFile; fileRef = BF843C5718D3E64900A06CFB /* cf_queue_priority.c */; };
		BF843C5B18D3E64900A06CFB /* cf_queue.c in Sources */ = {isa = PBXBuildFile; fileRef = BF843C5818D3E64900A06CFB /* cf_queue.c */; };
		BF8EABF61BF3C2800027EF45 /* as_event_ev.c in Sources */ = {isa = PBXBuildFile; fileRef = BF8EABF51BF3C2800027EF45 /* as_event_ev.c */; };
		BF8EABF81BF3C28F0027EF45 /* as_event_uv.c in Sources */ = {isa = PBXBuildFile; fileRef = BF8EABF71BF3C28F0027EF45 /* as_event_uv.c */; };
		BF8EEB2D1A2CED34000F2B00 /* as_command.c in Sources */ = {isa = PBXBuildFile; fileRef = BF8EEB2C1A2CED34000F2B00 /* as_command.c */; };
		BF93AA061AE9E6EB003ECE3B /* as_thread_pool.c in Sources */ = {isa = PBXBuildFile; fileRef = BF93AA051AE9E6EB003ECE3B /* as_thread_pool.c */; };
		BFBA04A91947AA8400F9924E /* cf_random.c in Sources */ = {isa = PBXBuildFile; fileRef = BFBA04A81947AA8400F9924E /* cf_random.c */; };
		BFBA04AF1947AA9C00F9924E /* crypt_blowfish.c in Sources */ = {isa = PBXBuildFile; fileRef = BFBA04AA1947AA9C00F9924E /* crypt_blowfish.c */; };
		BFBA04B51947B42000F9924E /* as_password.c in Sources */ = {isa = PBXBuildFile; fileRef = BFBA04B41947B42000F9924E /* as_password.c */; };
		BFBA104C18B7D8B300A64E68 /* as_aerospike.c in Sources */ = {isa = PBXBuildFile; fileRef = BFBA102C18B7D8B200A64E68 /* as_aerospike.c */; };
		BFBA104D18B7D8B300A64E68 /* as_arraylist_hooks.c in Sources */ = {isa = PBXBuildFile; fileRef = BFBA102D18B7D8B200A64E68 /* as_arraylist_hooks.c */; };
		BFBA104E18B7D8B300A64E68 /* as_arraylist_iterator_hooks.c in Sources */ = {isa = PBXBuildFile; fileRef = BFBA102E18B7D8B200A64E68 /* as_arraylist_iterator_hooks.c */; };
		BFBA104F18B7D8B300A64E68 /* as_arraylist_iterator.c in Sources */ = {isa = PBXBuildFile; fileRef = BFBA102F18B7D8B200A64E68 /* as_arraylist_iterator.c */; };
		BFBA105018B7D8B300A64E68 /* as_arraylist.c in Sources */ = {isa = PBXBuildFile; fileRef = BFBA103018B7D8B200A64E68 /* as_arraylist.c */; };
		BFBA105118B7D8B300A64E68 /* as_boolean.c in Sources */ = {isa = PBXBuildFile; fileRef = BFBA103118B7D8B200A64E68 /* as_boolean.c */; };
		BFBA105218B7D8B300A64E68 /* as_buffer.c in Sources */ = {isa = PBXBuildFile; fileRef = BFBA103218B7D8B200A64E68 /* as_buffer.c */; };
		BFBA105318B7D8B300A64E68 /* as_bytes.c in Sources */ = {isa = PBXBuildFile; fileRef = BFBA103318B7D8B200A64E68 /* as_bytes.c */; };
		BFBA105418B7D8B300A64E68 /* as_hashmap_hooks.c in Sources */ = {isa = PBXBuildFile; fileRef = BFBA103418B7D8B200A64E68 /* as_hashmap_hooks.c */; };
		BFBA105518B7D8B300A64E68 /* as_hashmap_iterator_hooks.c in Sources */ = {isa = PBXBuildFile; fileRef = BFBA103518B7D8B200A64E68 /* as_hashmap_iterator_hooks.c */; };
		BFBA105618B7D8B300A64E68 /* as_hashmap_iterator.c in Sources */ = {isa = PBXBuildFile; fileRef = BFBA103618B7D8B200A64E68 /* as_hashmap_iterator.c */; };
		BFBA105718B7D8B300A64E68 /* as_hashmap.c in Sources */ = {isa = PBXBuildFile; fileRef = BFBA103718B7D8B200A64E68 /* as_hashmap.c */; };
		BFBA105818B7D8B300A64E68 /* as_integer.c in Sources */ = {isa = PBXBuildFile; fileRef = BFBA103818B7D8B200A64E68 /* as_integer.c */; };
		BFBA105918B7D8B300A64E68 /* as_iterator.c in Sources */ = {isa = PBXBuildFile; fileRef = BFBA103918B7D8B200A64E68 /* as_iterator.c */; };
		BFBA105A18B7D8B300A64E68 /* as_list.c in Sources */ = {isa = PBXBuildFile; fileRef = BFBA103A18B7D8B200A64E68 /* as_list.c */; };
		BFBA105C18B7D8B300A64E68 /* as_map.c in Sources */ = {isa = PBXBuildFile; fileRef = BFBA103C18B7D8B200A64E68 /* as_map.c */; };
		BFBA105D18B7D8B300A64E68 /* as_memtracker.c in Sources */ = {isa = PBXBuildFile; fileRef = BFBA103D18B7D8B200A64E68 /* as_memtracker.c */; };
		BFBA105E18B7D8B300A64E68 /* as_module.c in Sources */ = {isa = PBXBuildFile; fileRef = BFBA103E18B7D8B200A64E68 /* as_module.c */; };
		BFBA106118B7D8B300A64E68 /* as_nil.c in Sources */ = {isa = PBXBuildFile; fileRef = BFBA104118B7D8B200A64E68 /* as_nil.c */; };
		BFBA106218B7D8B300A64E68 /* as_pair.c in Sources */ = {isa = PBXBuildFile; fileRef = BFBA104218B7D8B200A64E68 /* as_pair.c */; };
		BFBA106318B7D8B300A64E68 /* as_rec.c in Sources */ = {isa = PBXBuildFile; fileRef = BFBA104318B7D8B200A64E68 /* as_rec.c */; };
		BFBA106418B7D8B300A64E68 /* as_result.c in Sources */ = {isa = PBXBuildFile; fileRef = BFBA104418B7D8B200A64E68 /* as_result.c */; };
		BFBA106518B7D8B300A64E68 /* as_serializer.c in Sources */ = {isa = PBXBuildFile; fileRef = BFBA104518B7D8B200A64E68 /* as_serializer.c */; };
		BFBA106618B7D8B300A64E68 /* as_stream.c in Sources */ = {isa = PBXBuildFile; fileRef = BFBA104618B7D8B200A64E68 /* as_stream.c */; };
		BFBA106718B7D8B300A64E68 /* as_string.c in Sources */ = {isa = PBXBuildFile; fileRef = BFBA104718B7D8B200A64E68 /* as_string.c */; };
		BFBA106918B7D8B300A64E68 /* as_val.c in Sources */ = {isa = PBXBuildFile; fileRef = BFBA104918B7D8B300A64E68 /* as_val.c */; };
		BFBA106E18B7DFA100A64E68 /* as_msgpack_serializer.c in Sources */ = {isa = PBXBuildFile; fileRef = BFBA106C18B7DFA100A64E68 /* as_msgpack_serializer.c */; };
		BFBA106F18B7DFA100A64E68 /* as_msgpack.c in Sources */ = {isa = PBXBuildFile; fileRef = BFBA106D18B7DFA100A64E68 /* as_msgpack.c */; };
		BFBA916B1914344B00AADA9A /* as_partition.c in Sources */ = {isa = PBXBuildFile; fileRef = BFBA916A1914344B00AADA9A /* as_partition.c */; };
		BFBB3C8F192D729A00251B15 /* as_node.c in Sources */ = {isa = PBXBuildFile; fileRef = BFBB3C8E192D729A00251B15 /* as_node.c */; };
		BFBB6481190595E900682A6E /* as_timer.c in Sources */ = {isa = PBXBuildFile; fileRef = BFBB647F190595E900682A6E /* as_timer.c */; };
		BFBB64831905D5B500682A6E /* as_cluster.c in Sources */ = {isa = PBXBuildFile; fileRef = BFBB64821905D5B500682A6E /* as_cluster.c */; };
		BFBBBAEB18B6D9D0003FFD88 /* cf_b64.c in Sources */ = {isa = PBXBuildFile; fileRef = BFBBBAE118B6D9D0003FFD88 /* cf_b64.c */; };
		BFBBBAED18B6D9D0003FFD88 /* cf_clock.c in Sources */ = {isa = PBXBuildFile; fileRef = BFBBBAE318B6D9D0003FFD88 /* cf_clock.c */; };
		BFBBBAEE18B6D9D0003FFD88 /* cf_crypto.c in Sources */ = {isa = PBXBuildFile; fileRef = BFBBBAE418B6D9D0003FFD88 /* cf_crypto.c */; };
		BFBBBAEF18B6D9D0003FFD88 /* cf_digest.c in Sources */ = {isa = PBXBuildFile; fileRef = BFBBBAE518B6D9D0003FFD88 /* cf_digest.c */; };
		BFBBBAF118B6D9D0003FFD88 /* cf_ll.c in Sources */ = {isa = PBXBuildFile; fileRef = BFBBBAE718B6D9D0003FFD88 /* cf_ll.c */; };
		BFBBBAF218B6D9D0003FFD88 /* cf_rchash.c in Sources */ = {isa = PBXBuildFile; fileRef = BFBBBAE818B6D9D0003FFD88 /* cf_rchash.c */; };
		BFBBBAF318B6D9D0003FFD88 /* cf_shash.c in Sources */ = {isa = PBXBuildFile; fileRef = BFBBBAE918B6D9D0003FFD88 /* cf_shash.c */; };
		BFBBBAF418B6D9D0003FFD88 /* cf_vector.c in Sources */ = {isa = PBXBuildFile; fileRef = BFBBBAEA18B6D9D0003FFD88 /* cf_vector.c */; };
		BFBD205018BC3436009ED931 /* internal.c in Sources */ = {isa = PBXBuildFile; fileRef = BFBD204518BC3435009ED931 /* internal.c */; };
		BFBD205118BC3436009ED931 /* mod_lua_aerospike.c in Sources */ = {isa = PBXBuildFile; fileRef = BFBD204618BC3436009ED931 /* mod_lua_aerospike.c */; };
		BFBD205218BC3436009ED931 /* mod_lua_bytes.c in Sources */ = {isa = PBXBuildFile; fileRef = BFBD204718BC3436009ED931 /* mod_lua_bytes.c */; };
		BFBD205318BC3436009ED931 /* mod_lua_iterator.c in Sources */ = {isa = PBXBuildFile; fileRef = BFBD204818BC3436009ED931 /* mod_lua_iterator.c */; };
		BFBD205418BC3436009ED931 /* mod_lua_list.c in Sources */ = {isa = PBXBuildFile; fileRef = BFBD204918BC3436009ED931 /* mod_lua_list.c */; };
		BFBD205518BC3436009ED931 /* mod_lua_map.c in Sources */ = {isa = PBXBuildFile; fileRef = BFBD204A18BC3436009ED931 /* mod_lua_map.c */; };
		BFBD205618BC3436009ED931 /* mod_lua_record.c in Sources */ = {isa = PBXBuildFile; fileRef = BFBD204B18BC3436009ED931 /* mod_lua_record.c */; };
		BFBD205718BC3436009ED931 /* mod_lua_reg.c in Sources */ = {isa = PBXBuildFile; fileRef = BFBD204C18BC3436009ED931 /* mod_lua_reg.c */; };
		BFBD205818BC3436009ED931 /* mod_lua_stream.c in Sources */ = {isa = PBXBuildFile; fileRef = BFBD204D18BC3436009ED931 /* mod_lua_stream.c */; };
		BFBD205918BC3436009ED931 /* mod_lua_val.c in Sources */ = {isa = PBXBuildFile; fileRef = BFBD204E18BC3436009ED931 /* mod_lua_val.c */; };
		BFBD205A18BC3436009ED931 /* mod_lua.c in Sources */ = {isa = PBXBuildFile; fileRef = BFBD204F18BC3436009ED931 /* mod_lua.c */; };
		BFBDAFE0191B0C5C007EB07C /* as_info.c in Sources */ = {isa = PBXBuildFile; fileRef = BFBDAFDF191B0C5C007EB07C /* as_info.c */; };
		BFC002881901BCB200CB9BC8 /* as_vector.c in Sources */ = {isa = PBXBuildFile; fileRef = BFC002871901BCB200CB9BC8 /* as_vector.c */; };
		BFC0028A1901E08500CB9BC8 /* as_lookup.c in Sources */ = {isa = PBXBuildFile; fileRef = BFC002891901E08500CB9BC8 /* as_lookup.c */; };
		BFC38AE11948F7CA000C53D9 /* as_admin.c in Sources */ = {isa = PBXBuildFile; fileRef = BFC38AE01948F7CA000C53D9 /* as_admin.c */; };
		BFC3A8EB1B97D24D00F2F758 /* version.c in Sources */ = {isa = PBXBuildFile; fileRef = BFC3A8EA1B97D24D00F2F758 /* version.c */; };
		BFC65B181C910A900079DF5A /* as_random.c in Sources */ = {isa = PBXBuildFile; fileRef = BFC65B171C910A900079DF5A /* as_random.c */; };
		BFC65B611C921E9E0079DF5A /* aerospike_batch.h in Headers */ = {isa = PBXBuildFile; fileRef = BFC65B361C921E9E0079DF5A /* aerospike_batch.h */; };
		BFC65B621C921E9E0079DF5A /* aerospike_index.h in Headers */ = {isa = PBXBuildFile; fileRef = BFC65B371C921E9E0079DF5A /* aerospike_index.h */; };
		BFC65B631C921E9E0079DF5A /* aerospike_info.h in Headers */ = {isa = PBXBuildFile; fileRef = BFC65B381C921E9E0079DF5A /* aerospike_info.h */; };
		BFC65B641C921E9E0079DF5A /* aerospike_key.h in Headers */ = {isa = PBXBuildFile; fileRef = BFC65B391C921E9E0079DF5A /* aerospike_key.h */; };
		BFC65B651C921E9E0079DF5A /* aerospike_llist.h in Headers */ = {isa = PBXBuildFile; fileRef = BFC65B3A1C921E9E0079DF5A /* aerospike_llist.h */; };
		BFC65B661C921E9E0079DF5A /* aerospike_lmap.h in Headers */ = {isa = PBXBuildFile; fileRef = BFC65B3B1C921E9E0079DF5A /* aerospike_lmap.h */; };
		BFC65B671C921E9E0079DF5A /* aerospike_lset.h in Headers */ = {isa = PBXBuildFile; fileRef = BFC65B3C1C921E9E0079DF5A /* aerospike_lset.h */; };
		BFC65B681C921E9E0079DF5A /* aerospike_lstack.h in Headers */ = {isa = PBXBuildFile; fileRef = BFC65B3D1C921E9E0079DF5A /* aerospike_lstack.h */; };
		BFC65B691C921E9E0079DF5A /* aerospike_query.h in Headers */ = {isa = PBXBuildFile; fileRef = BFC65B3E1C921E9E0079DF5A /* aerospike_query.h */; };
		BFC65B6A1C921E9E0079DF5A /* aerospike_scan.h in Headers */ = {isa = PBXBuildFile; fileRef = BFC65B3F1C921E9E0079DF5A /* aerospike_scan.h */; };
		BFC65B6B1C921E9E0079DF5A /* aerospike_udf.h in Headers */ = {isa = PBXBuildFile; fileRef = BFC65B401C921E9E0079DF5A /* aerospike_udf.h */; };
		BFC65B6C1C921E9E0079DF5A /* aerospike.h in Headers */ = {isa = PBXBuildFile; fileRef = BFC65B411C921E9E0079DF5A /* aerospike.h */; };
		BFC65B6D1C921E9E0079DF5A /* as_admin.h in Headers */ = {isa = PBXBuildFile; fileRef = BFC65B421C921E9E0079DF5A /* as_admin.h */; };
		BFC65B6E1C921E9E0079DF5A /* as_async_proto.h in Headers */ = {isa = PBXBuildFile; fileRef = BFC65B431C921E9E0079DF5A /* as_async_proto.h */; };
		BFC65B6F1C921E9E0079DF5A /* as_async.h in Headers */ = {isa = PBXBuildFile; fileRef = BFC65B441C921E9E0079DF5A /* as_async.h */; };
		BFC65B701C921E9E0079DF5A /* as_batch.h in Headers */ = {isa = PBXBuildFile; fileRef = BFC65B451C921E9E0079DF5A /* as_batch.h */; };
		BFC65B711C921E9E0079DF5A /* as_bin.h in Headers */ = {isa = PBXBuildFile; fileRef = BFC65B461C921E9E0079DF5A /* as_bin.h */; };
		BFC65B721C921E9E0079DF5A /* as_cluster.h in Headers */ = {isa = PBXBuildFile; fileRef = BFC65B471C921E9E0079DF5A /* as_cluster.h */; };
		BFC65B731C921E9E0079DF5A /* as_command.h in Headers */ = {isa = PBXBuildFile; fileRef = BFC65B481C921E9E0079DF5A /* as_command.h */; };
		BFC65B741C921E9E0079DF5A /* as_config.h in Headers */ = {isa = PBXBuildFile; fileRef = BFC65B491C921E9E0079DF5A /* as_config.h */; };
		BFC65B751C921E9E0079DF5A /* as_error.h in Headers */ = {isa = PBXBuildFile; fileRef = BFC65B4A1C921E9E0079DF5A /* as_error.h */; };
		BFC65B761C921E9E0079DF5A /* as_event_internal.h in Headers */ = {isa = PBXBuildFile; fileRef = BFC65B4B1C921E9E0079DF5A /* as_event_internal.h */; };
		BFC65B771C921E9E0079DF5A /* as_event.h in Headers */ = {isa = PBXBuildFile; fileRef = BFC65B4C1C921E9E0079DF5A /* as_event.h */; };
		BFC65B781C921E9E0079DF5A /* as_info.h in Headers */ = {isa = PBXBuildFile; fileRef = BFC65B4D1C921E9E0079DF5A /* as_info.h */; };
		BFC65B791C921E9E0079DF5A /* as_job.h in Headers */ = {isa = PBXBuildFile; fileRef = BFC65B4E1C921E9E0079DF5A /* as_job.h */; };
		BFC65B7A1C921E9E0079DF5A /* as_key.h in Headers */ = {isa = PBXBuildFile; fileRef = BFC65B4F1C921E9E0079DF5A /* as_key.h */; };
		BFC65B7B1C921E9E0079DF5A /* as_ldt.h in Headers */ = {isa = PBXBuildFile; fileRef = BFC65B501C921E9E0079DF5A /* as_ldt.h */; };
		BFC65B7C1C921E9E0079DF5A /* as_listener.h in Headers */ = {isa = PBXBuildFile; fileRef = BFC65B511C921E9E0079DF5A /* as_listener.h */; };
		BFC65B7D1C921E9E0079DF5A /* as_lookup.h in Headers */ = {isa = PBXBuildFile; fileRef = BFC65B521C921E9E0079DF5A /* as_lookup.h */; };
		BFC65B7E1C921E9E0079DF5A /* as_node.h in Headers */ = {isa = PBXBuildFile; fileRef = BFC65B531C921E9E0079DF5A /* as_node.h */; };
		BFC65B7F1C921E9E0079DF5A /* as_operations.h in Headers */ = {isa = PBXBuildFile; fileRef = BFC65B541C921E9E0079DF5A /* as_operations.h */; };
		BFC65B801C921E9E0079DF5A /* as_partition.h in Headers */ = {isa = PBXBuildFile; fileRef = BFC65B551C921E9E0079DF5A /* as_partition.h */; };
		BFC65B811C921E9E0079DF5A /* as_pipe.h in Headers */ = {isa = PBXBuildFile; fileRef = BFC65B561C921E9E0079DF5A /* as_pipe.h */; };
		BFC65B821C921E9E0079DF5A /* as_policy.h in Headers */ = {isa = PBXBuildFile; fileRef = BFC65B571C921E9E0079DF5A /* as_policy.h */; };
		BFC65B831C921E9E0079DF5A /* as_proto.h in Headers */ = {isa = PBXBuildFile; fileRef = BFC65B581C921E9E0079DF5A /* as_proto.h */; };
		BFC65B841C921E9E0079DF5A /* as_query.h in Headers */ = {isa = PBXBuildFile; fileRef = BFC65B591C921E9E0079DF5A /* as_query.h */; };
		BFC65B851C921E9E0079DF5A /* as_record_iterator.h in Headers */ = {isa = PBXBuildFile; fileRef = BFC65B5A1C921E9E0079DF5A /* as_record_iterator.h */; };
		BFC65B861C921E9E0079DF5A /* as_record.h in Headers */ = {isa = PBXBuildFile; fileRef = BFC65B5B1C921E9E0079DF5A /* as_record.h */; };
		BFC65B871C921E9E0079DF5A /* as_scan.h in Headers */ = {isa = PBXBuildFile; fileRef = BFC65B5C1C921E9E0079DF5A /* as_scan.h */; };
		BFC65B881C921E9E0079DF5A /* as_shm_cluster.h in Headers */ = {isa = PBXBuildFile; fileRef = BFC65B5D1C921E9E0079DF5A /* as_shm_cluster.h */; };
		BFC65B891C921E9E0079DF5A /* as_socket.h in Headers */ = {isa = PBXBuildFile; fileRef = BFC65B5E1C921E9E0079DF5A /* as_socket.h */; };
		BFC65B8A1C921E9E0079DF5A /* as_status.h in Headers */ = {isa = PBXBuildFile; fileRef = BFC65B5F1C921E9E0079DF5A /* as_status.h */; };
		BFC65B8B1C921E9E0079DF5A /* as_udf.h in Headers */ = {isa = PBXBuildFile; fileRef = BFC65B601C921E9E0079DF5A /* as_udf.h */; };
		BFCF26BF1AC1FBBF0062B75C /* as_string_builder.c in Sources */ = {isa = PBXBuildFile; fileRef = BFCF26BE1AC1FBBF0062B75C /* as_string_builder.c */; };
/* End PBXBuildFile section */

/* Begin PBXFileReference section */
		BF07F63718B4252500CE1850 /* libaerospike.a */ = {isa = PBXFileReference; explicitFileType = archive.ar; includeInIndex = 0; path = libaerospike.a; sourceTree = BUILT_PRODUCTS_DIR; };
		BF219F0D1A62255A001E321C /* as_proto.c */ = {isa = PBXFileReference; fileEncoding = 4; lastKnownFileType = sourcecode.c.c; name = as_proto.c; path = ../src/main/aerospike/as_proto.c; sourceTree = "<group>"; };
		BF219F0F1A622C23001E321C /* as_socket.c */ = {isa = PBXFileReference; fileEncoding = 4; lastKnownFileType = sourcecode.c.c; name = as_socket.c; path = ../src/main/aerospike/as_socket.c; sourceTree = "<group>"; };
		BF21EA531C062FF500E2031E /* as_event_none.c */ = {isa = PBXFileReference; fileEncoding = 4; lastKnownFileType = sourcecode.c.c; name = as_event_none.c; path = ../src/main/aerospike/as_event_none.c; sourceTree = "<group>"; };
		BF222CFC1BB33961006827A6 /* as_geojson.c */ = {isa = PBXFileReference; fileEncoding = 4; lastKnownFileType = sourcecode.c.c; name = as_geojson.c; path = ../modules/common/src/main/aerospike/as_geojson.c; sourceTree = "<group>"; };
		BF222CFE1BB3397E006827A6 /* mod_lua_geojson.c */ = {isa = PBXFileReference; fileEncoding = 4; lastKnownFileType = sourcecode.c.c; name = mod_lua_geojson.c; path = "../modules/mod-lua/src/main/mod_lua_geojson.c"; sourceTree = "<group>"; };
		BF23379F1B4DC8BD00670C64 /* as_buffer_pool.c */ = {isa = PBXFileReference; fileEncoding = 4; lastKnownFileType = sourcecode.c.c; name = as_buffer_pool.c; path = ../modules/common/src/main/aerospike/as_buffer_pool.c; sourceTree = "<group>"; };
		BF2337A01B4DC8BD00670C64 /* as_double.c */ = {isa = PBXFileReference; fileEncoding = 4; lastKnownFileType = sourcecode.c.c; name = as_double.c; path = ../modules/common/src/main/aerospike/as_double.c; sourceTree = "<group>"; };
		BF25DA921BB0790F00AC7512 /* as_event.c */ = {isa = PBXFileReference; fileEncoding = 4; lastKnownFileType = sourcecode.c.c; name = as_event.c; path = ../src/main/aerospike/as_event.c; sourceTree = "<group>"; };
		BF2669911BBB74AE00C61962 /* as_queue.c */ = {isa = PBXFileReference; fileEncoding = 4; lastKnownFileType = sourcecode.c.c; name = as_queue.c; path = ../modules/common/src/main/aerospike/as_queue.c; sourceTree = "<group>"; };
		BF26A38819C2621000AE763C /* as_shm_cluster.c */ = {isa = PBXFileReference; fileEncoding = 4; lastKnownFileType = sourcecode.c.c; lineEnding = 0; name = as_shm_cluster.c; path = ../src/main/aerospike/as_shm_cluster.c; sourceTree = "<group>"; };
		BF26C4661B45AE8F00E6929D /* as_job.c */ = {isa = PBXFileReference; fileEncoding = 4; lastKnownFileType = sourcecode.c.c; name = as_job.c; path = ../src/main/aerospike/as_job.c; sourceTree = "<group>"; };
		BF26CF831BFE7C7900E143DC /* as_async.c */ = {isa = PBXFileReference; fileEncoding = 4; lastKnownFileType = sourcecode.c.c; name = as_async.c; path = ../src/main/aerospike/as_async.c; sourceTree = "<group>"; };
		BF2AA7A918BEBFA400E54AF3 /* _bin.c */ = {isa = PBXFileReference; fileEncoding = 4; lastKnownFileType = sourcecode.c.c; name = _bin.c; path = ../src/main/aerospike/_bin.c; sourceTree = "<group>"; };
		BF2AA7AA18BEBFA400E54AF3 /* _bin.h */ = {isa = PBXFileReference; fileEncoding = 4; lastKnownFileType = sourcecode.c.h; name = _bin.h; path = ../src/main/aerospike/_bin.h; sourceTree = "<group>"; };
		BF2AA7AB18BEBFA400E54AF3 /* _ldt.c */ = {isa = PBXFileReference; fileEncoding = 4; lastKnownFileType = sourcecode.c.c; name = _ldt.c; path = ../src/main/aerospike/_ldt.c; sourceTree = "<group>"; };
		BF2AA7AC18BEBFA400E54AF3 /* _ldt.h */ = {isa = PBXFileReference; fileEncoding = 4; lastKnownFileType = sourcecode.c.h; name = _ldt.h; path = ../src/main/aerospike/_ldt.h; sourceTree = "<group>"; };
		BF2AA7B418BEBFA400E54AF3 /* aerospike_batch.c */ = {isa = PBXFileReference; fileEncoding = 4; lastKnownFileType = sourcecode.c.c; name = aerospike_batch.c; path = ../src/main/aerospike/aerospike_batch.c; sourceTree = "<group>"; };
		BF2AA7B518BEBFA400E54AF3 /* aerospike_index.c */ = {isa = PBXFileReference; fileEncoding = 4; lastKnownFileType = sourcecode.c.c; lineEnding = 0; name = aerospike_index.c; path = ../src/main/aerospike/aerospike_index.c; sourceTree = "<group>"; };
		BF2AA7B618BEBFA400E54AF3 /* aerospike_info.c */ = {isa = PBXFileReference; fileEncoding = 4; lastKnownFileType = sourcecode.c.c; lineEnding = 0; name = aerospike_info.c; path = ../src/main/aerospike/aerospike_info.c; sourceTree = "<group>"; };
		BF2AA7B718BEBFA400E54AF3 /* aerospike_key.c */ = {isa = PBXFileReference; fileEncoding = 4; lastKnownFileType = sourcecode.c.c; lineEnding = 0; name = aerospike_key.c; path = ../src/main/aerospike/aerospike_key.c; sourceTree = "<group>"; };
		BF2AA7B818BEBFA400E54AF3 /* aerospike_llist.c */ = {isa = PBXFileReference; fileEncoding = 4; lastKnownFileType = sourcecode.c.c; name = aerospike_llist.c; path = ../src/main/aerospike/aerospike_llist.c; sourceTree = "<group>"; };
		BF2AA7B918BEBFA400E54AF3 /* aerospike_lmap.c */ = {isa = PBXFileReference; fileEncoding = 4; lastKnownFileType = sourcecode.c.c; name = aerospike_lmap.c; path = ../src/main/aerospike/aerospike_lmap.c; sourceTree = "<group>"; };
		BF2AA7BA18BEBFA400E54AF3 /* aerospike_lset.c */ = {isa = PBXFileReference; fileEncoding = 4; lastKnownFileType = sourcecode.c.c; name = aerospike_lset.c; path = ../src/main/aerospike/aerospike_lset.c; sourceTree = "<group>"; };
		BF2AA7BB18BEBFA400E54AF3 /* aerospike_lstack.c */ = {isa = PBXFileReference; fileEncoding = 4; lastKnownFileType = sourcecode.c.c; name = aerospike_lstack.c; path = ../src/main/aerospike/aerospike_lstack.c; sourceTree = "<group>"; };
		BF2AA7BC18BEBFA400E54AF3 /* aerospike_query.c */ = {isa = PBXFileReference; fileEncoding = 4; lastKnownFileType = sourcecode.c.c; lineEnding = 0; name = aerospike_query.c; path = ../src/main/aerospike/aerospike_query.c; sourceTree = "<group>"; };
		BF2AA7BD18BEBFA400E54AF3 /* aerospike_scan.c */ = {isa = PBXFileReference; fileEncoding = 4; lastKnownFileType = sourcecode.c.c; lineEnding = 0; name = aerospike_scan.c; path = ../src/main/aerospike/aerospike_scan.c; sourceTree = "<group>"; };
		BF2AA7BE18BEBFA400E54AF3 /* aerospike_udf.c */ = {isa = PBXFileReference; fileEncoding = 4; lastKnownFileType = sourcecode.c.c; name = aerospike_udf.c; path = ../src/main/aerospike/aerospike_udf.c; sourceTree = "<group>"; };
		BF2AA7BF18BEBFA400E54AF3 /* aerospike.c */ = {isa = PBXFileReference; fileEncoding = 4; lastKnownFileType = sourcecode.c.c; lineEnding = 0; name = aerospike.c; path = ../src/main/aerospike/aerospike.c; sourceTree = "<group>"; };
		BF2AA7C018BEBFA400E54AF3 /* as_batch.c */ = {isa = PBXFileReference; fileEncoding = 4; lastKnownFileType = sourcecode.c.c; name = as_batch.c; path = ../src/main/aerospike/as_batch.c; sourceTree = "<group>"; };
		BF2AA7C218BEBFA400E54AF3 /* as_config.c */ = {isa = PBXFileReference; fileEncoding = 4; lastKnownFileType = sourcecode.c.c; name = as_config.c; path = ../src/main/aerospike/as_config.c; sourceTree = "<group>"; };
		BF2AA7C318BEBFA400E54AF3 /* as_error.c */ = {isa = PBXFileReference; fileEncoding = 4; lastKnownFileType = sourcecode.c.c; name = as_error.c; path = ../src/main/aerospike/as_error.c; sourceTree = "<group>"; };
		BF2AA7C418BEBFA400E54AF3 /* as_key.c */ = {isa = PBXFileReference; fileEncoding = 4; lastKnownFileType = sourcecode.c.c; name = as_key.c; path = ../src/main/aerospike/as_key.c; sourceTree = "<group>"; };
		BF2AA7C518BEBFA400E54AF3 /* as_ldt.c */ = {isa = PBXFileReference; fileEncoding = 4; lastKnownFileType = sourcecode.c.c; name = as_ldt.c; path = ../src/main/aerospike/as_ldt.c; sourceTree = "<group>"; };
		BF2AA7C718BEBFA400E54AF3 /* as_operations.c */ = {isa = PBXFileReference; fileEncoding = 4; lastKnownFileType = sourcecode.c.c; name = as_operations.c; path = ../src/main/aerospike/as_operations.c; sourceTree = "<group>"; };
		BF2AA7C818BEBFA400E54AF3 /* as_policy.c */ = {isa = PBXFileReference; fileEncoding = 4; lastKnownFileType = sourcecode.c.c; name = as_policy.c; path = ../src/main/aerospike/as_policy.c; sourceTree = "<group>"; };
		BF2AA7C918BEBFA400E54AF3 /* as_query.c */ = {isa = PBXFileReference; fileEncoding = 4; lastKnownFileType = sourcecode.c.c; name = as_query.c; path = ../src/main/aerospike/as_query.c; sourceTree = "<group>"; };
		BF2AA7CA18BEBFA400E54AF3 /* as_record_hooks.c */ = {isa = PBXFileReference; fileEncoding = 4; lastKnownFileType = sourcecode.c.c; name = as_record_hooks.c; path = ../src/main/aerospike/as_record_hooks.c; sourceTree = "<group>"; };
		BF2AA7CB18BEBFA500E54AF3 /* as_record_iterator.c */ = {isa = PBXFileReference; fileEncoding = 4; lastKnownFileType = sourcecode.c.c; name = as_record_iterator.c; path = ../src/main/aerospike/as_record_iterator.c; sourceTree = "<group>"; };
		BF2AA7CC18BEBFA500E54AF3 /* as_record.c */ = {isa = PBXFileReference; fileEncoding = 4; lastKnownFileType = sourcecode.c.c; name = as_record.c; path = ../src/main/aerospike/as_record.c; sourceTree = "<group>"; };
		BF2AA7CD18BEBFA500E54AF3 /* as_scan.c */ = {isa = PBXFileReference; fileEncoding = 4; lastKnownFileType = sourcecode.c.c; name = as_scan.c; path = ../src/main/aerospike/as_scan.c; sourceTree = "<group>"; };
		BF2AA7CE18BEBFA500E54AF3 /* as_udf.c */ = {isa = PBXFileReference; fileEncoding = 4; lastKnownFileType = sourcecode.c.c; name = as_udf.c; path = ../src/main/aerospike/as_udf.c; sourceTree = "<group>"; };
		BF5548EC19E36A7C007DDB9E /* as_log.c */ = {isa = PBXFileReference; fileEncoding = 4; lastKnownFileType = sourcecode.c.c; name = as_log.c; path = ../modules/common/src/main/aerospike/as_log.c; sourceTree = "<group>"; };
		BF6FE4321BF2748E00175BF8 /* as_pipe.c */ = {isa = PBXFileReference; fileEncoding = 4; lastKnownFileType = sourcecode.c.c; name = as_pipe.c; path = ../src/main/aerospike/as_pipe.c; sourceTree = "<group>"; };
		BF843C5618D3E64900A06CFB /* cf_alloc.c */ = {isa = PBXFileReference; fileEncoding = 4; lastKnownFileType = sourcecode.c.c; name = cf_alloc.c; path = ../modules/common/src/main/citrusleaf/cf_alloc.c; sourceTree = "<group>"; };
		BF843C5718D3E64900A06CFB /* cf_queue_priority.c */ = {isa = PBXFileReference; fileEncoding = 4; lastKnownFileType = sourcecode.c.c; name = cf_queue_priority.c; path = ../modules/common/src/main/citrusleaf/cf_queue_priority.c; sourceTree = "<group>"; };
		BF843C5818D3E64900A06CFB /* cf_queue.c */ = {isa = PBXFileReference; fileEncoding = 4; lastKnownFileType = sourcecode.c.c; name = cf_queue.c; path = ../modules/common/src/main/citrusleaf/cf_queue.c; sourceTree = "<group>"; };
		BF8EABF51BF3C2800027EF45 /* as_event_ev.c */ = {isa = PBXFileReference; fileEncoding = 4; lastKnownFileType = sourcecode.c.c; name = as_event_ev.c; path = ../src/main/aerospike/as_event_ev.c; sourceTree = "<group>"; };
		BF8EABF71BF3C28F0027EF45 /* as_event_uv.c */ = {isa = PBXFileReference; fileEncoding = 4; lastKnownFileType = sourcecode.c.c; name = as_event_uv.c; path = ../src/main/aerospike/as_event_uv.c; sourceTree = "<group>"; };
		BF8EEB2C1A2CED34000F2B00 /* as_command.c */ = {isa = PBXFileReference; fileEncoding = 4; lastKnownFileType = sourcecode.c.c; name = as_command.c; path = ../src/main/aerospike/as_command.c; sourceTree = "<group>"; };
		BF93AA051AE9E6EB003ECE3B /* as_thread_pool.c */ = {isa = PBXFileReference; fileEncoding = 4; lastKnownFileType = sourcecode.c.c; name = as_thread_pool.c; path = ../modules/common/src/main/aerospike/as_thread_pool.c; sourceTree = "<group>"; };
		BFBA04A81947AA8400F9924E /* cf_random.c */ = {isa = PBXFileReference; fileEncoding = 4; lastKnownFileType = sourcecode.c.c; name = cf_random.c; path = ../modules/common/src/main/citrusleaf/cf_random.c; sourceTree = "<group>"; };
		BFBA04AA1947AA9C00F9924E /* crypt_blowfish.c */ = {isa = PBXFileReference; fileEncoding = 4; lastKnownFileType = sourcecode.c.c; name = crypt_blowfish.c; path = ../modules/common/src/main/aerospike/crypt_blowfish.c; sourceTree = "<group>"; };
		BFBA04B41947B42000F9924E /* as_password.c */ = {isa = PBXFileReference; fileEncoding = 4; lastKnownFileType = sourcecode.c.c; name = as_password.c; path = ../modules/common/src/main/aerospike/as_password.c; sourceTree = "<group>"; };
		BFBA102C18B7D8B200A64E68 /* as_aerospike.c */ = {isa = PBXFileReference; fileEncoding = 4; lastKnownFileType = sourcecode.c.c; name = as_aerospike.c; path = ../modules/common/src/main/aerospike/as_aerospike.c; sourceTree = "<group>"; };
		BFBA102D18B7D8B200A64E68 /* as_arraylist_hooks.c */ = {isa = PBXFileReference; fileEncoding = 4; lastKnownFileType = sourcecode.c.c; name = as_arraylist_hooks.c; path = ../modules/common/src/main/aerospike/as_arraylist_hooks.c; sourceTree = "<group>"; };
		BFBA102E18B7D8B200A64E68 /* as_arraylist_iterator_hooks.c */ = {isa = PBXFileReference; fileEncoding = 4; lastKnownFileType = sourcecode.c.c; name = as_arraylist_iterator_hooks.c; path = ../modules/common/src/main/aerospike/as_arraylist_iterator_hooks.c; sourceTree = "<group>"; };
		BFBA102F18B7D8B200A64E68 /* as_arraylist_iterator.c */ = {isa = PBXFileReference; fileEncoding = 4; lastKnownFileType = sourcecode.c.c; name = as_arraylist_iterator.c; path = ../modules/common/src/main/aerospike/as_arraylist_iterator.c; sourceTree = "<group>"; };
		BFBA103018B7D8B200A64E68 /* as_arraylist.c */ = {isa = PBXFileReference; fileEncoding = 4; lastKnownFileType = sourcecode.c.c; name = as_arraylist.c; path = ../modules/common/src/main/aerospike/as_arraylist.c; sourceTree = "<group>"; };
		BFBA103118B7D8B200A64E68 /* as_boolean.c */ = {isa = PBXFileReference; fileEncoding = 4; lastKnownFileType = sourcecode.c.c; name = as_boolean.c; path = ../modules/common/src/main/aerospike/as_boolean.c; sourceTree = "<group>"; };
		BFBA103218B7D8B200A64E68 /* as_buffer.c */ = {isa = PBXFileReference; fileEncoding = 4; lastKnownFileType = sourcecode.c.c; name = as_buffer.c; path = ../modules/common/src/main/aerospike/as_buffer.c; sourceTree = "<group>"; };
		BFBA103318B7D8B200A64E68 /* as_bytes.c */ = {isa = PBXFileReference; fileEncoding = 4; lastKnownFileType = sourcecode.c.c; name = as_bytes.c; path = ../modules/common/src/main/aerospike/as_bytes.c; sourceTree = "<group>"; };
		BFBA103418B7D8B200A64E68 /* as_hashmap_hooks.c */ = {isa = PBXFileReference; fileEncoding = 4; lastKnownFileType = sourcecode.c.c; name = as_hashmap_hooks.c; path = ../modules/common/src/main/aerospike/as_hashmap_hooks.c; sourceTree = "<group>"; };
		BFBA103518B7D8B200A64E68 /* as_hashmap_iterator_hooks.c */ = {isa = PBXFileReference; fileEncoding = 4; lastKnownFileType = sourcecode.c.c; name = as_hashmap_iterator_hooks.c; path = ../modules/common/src/main/aerospike/as_hashmap_iterator_hooks.c; sourceTree = "<group>"; };
		BFBA103618B7D8B200A64E68 /* as_hashmap_iterator.c */ = {isa = PBXFileReference; fileEncoding = 4; lastKnownFileType = sourcecode.c.c; name = as_hashmap_iterator.c; path = ../modules/common/src/main/aerospike/as_hashmap_iterator.c; sourceTree = "<group>"; };
		BFBA103718B7D8B200A64E68 /* as_hashmap.c */ = {isa = PBXFileReference; fileEncoding = 4; lastKnownFileType = sourcecode.c.c; name = as_hashmap.c; path = ../modules/common/src/main/aerospike/as_hashmap.c; sourceTree = "<group>"; };
		BFBA103818B7D8B200A64E68 /* as_integer.c */ = {isa = PBXFileReference; fileEncoding = 4; lastKnownFileType = sourcecode.c.c; name = as_integer.c; path = ../modules/common/src/main/aerospike/as_integer.c; sourceTree = "<group>"; };
		BFBA103918B7D8B200A64E68 /* as_iterator.c */ = {isa = PBXFileReference; fileEncoding = 4; lastKnownFileType = sourcecode.c.c; name = as_iterator.c; path = ../modules/common/src/main/aerospike/as_iterator.c; sourceTree = "<group>"; };
		BFBA103A18B7D8B200A64E68 /* as_list.c */ = {isa = PBXFileReference; fileEncoding = 4; lastKnownFileType = sourcecode.c.c; name = as_list.c; path = ../modules/common/src/main/aerospike/as_list.c; sourceTree = "<group>"; };
		BFBA103C18B7D8B200A64E68 /* as_map.c */ = {isa = PBXFileReference; fileEncoding = 4; lastKnownFileType = sourcecode.c.c; name = as_map.c; path = ../modules/common/src/main/aerospike/as_map.c; sourceTree = "<group>"; };
		BFBA103D18B7D8B200A64E68 /* as_memtracker.c */ = {isa = PBXFileReference; fileEncoding = 4; lastKnownFileType = sourcecode.c.c; name = as_memtracker.c; path = ../modules/common/src/main/aerospike/as_memtracker.c; sourceTree = "<group>"; };
		BFBA103E18B7D8B200A64E68 /* as_module.c */ = {isa = PBXFileReference; fileEncoding = 4; lastKnownFileType = sourcecode.c.c; name = as_module.c; path = ../modules/common/src/main/aerospike/as_module.c; sourceTree = "<group>"; };
		BFBA104118B7D8B200A64E68 /* as_nil.c */ = {isa = PBXFileReference; fileEncoding = 4; lastKnownFileType = sourcecode.c.c; name = as_nil.c; path = ../modules/common/src/main/aerospike/as_nil.c; sourceTree = "<group>"; };
		BFBA104218B7D8B200A64E68 /* as_pair.c */ = {isa = PBXFileReference; fileEncoding = 4; lastKnownFileType = sourcecode.c.c; name = as_pair.c; path = ../modules/common/src/main/aerospike/as_pair.c; sourceTree = "<group>"; };
		BFBA104318B7D8B200A64E68 /* as_rec.c */ = {isa = PBXFileReference; fileEncoding = 4; lastKnownFileType = sourcecode.c.c; name = as_rec.c; path = ../modules/common/src/main/aerospike/as_rec.c; sourceTree = "<group>"; };
		BFBA104418B7D8B200A64E68 /* as_result.c */ = {isa = PBXFileReference; fileEncoding = 4; lastKnownFileType = sourcecode.c.c; name = as_result.c; path = ../modules/common/src/main/aerospike/as_result.c; sourceTree = "<group>"; };
		BFBA104518B7D8B200A64E68 /* as_serializer.c */ = {isa = PBXFileReference; fileEncoding = 4; lastKnownFileType = sourcecode.c.c; name = as_serializer.c; path = ../modules/common/src/main/aerospike/as_serializer.c; sourceTree = "<group>"; };
		BFBA104618B7D8B200A64E68 /* as_stream.c */ = {isa = PBXFileReference; fileEncoding = 4; lastKnownFileType = sourcecode.c.c; name = as_stream.c; path = ../modules/common/src/main/aerospike/as_stream.c; sourceTree = "<group>"; };
		BFBA104718B7D8B200A64E68 /* as_string.c */ = {isa = PBXFileReference; fileEncoding = 4; lastKnownFileType = sourcecode.c.c; name = as_string.c; path = ../modules/common/src/main/aerospike/as_string.c; sourceTree = "<group>"; };
		BFBA104918B7D8B300A64E68 /* as_val.c */ = {isa = PBXFileReference; fileEncoding = 4; lastKnownFileType = sourcecode.c.c; name = as_val.c; path = ../modules/common/src/main/aerospike/as_val.c; sourceTree = "<group>"; };
		BFBA106C18B7DFA100A64E68 /* as_msgpack_serializer.c */ = {isa = PBXFileReference; fileEncoding = 4; lastKnownFileType = sourcecode.c.c; name = as_msgpack_serializer.c; path = ../modules/common/src/main/aerospike/as_msgpack_serializer.c; sourceTree = "<group>"; };
		BFBA106D18B7DFA100A64E68 /* as_msgpack.c */ = {isa = PBXFileReference; fileEncoding = 4; lastKnownFileType = sourcecode.c.c; name = as_msgpack.c; path = ../modules/common/src/main/aerospike/as_msgpack.c; sourceTree = "<group>"; };
		BFBA916A1914344B00AADA9A /* as_partition.c */ = {isa = PBXFileReference; fileEncoding = 4; lastKnownFileType = sourcecode.c.c; lineEnding = 0; name = as_partition.c; path = ../src/main/aerospike/as_partition.c; sourceTree = "<group>"; };
		BFBB3C8E192D729A00251B15 /* as_node.c */ = {isa = PBXFileReference; fileEncoding = 4; lastKnownFileType = sourcecode.c.c; lineEnding = 0; name = as_node.c; path = ../src/main/aerospike/as_node.c; sourceTree = "<group>"; };
		BFBB647F190595E900682A6E /* as_timer.c */ = {isa = PBXFileReference; fileEncoding = 4; lastKnownFileType = sourcecode.c.c; name = as_timer.c; path = ../modules/common/src/main/aerospike/as_timer.c; sourceTree = "<group>"; };
		BFBB64821905D5B500682A6E /* as_cluster.c */ = {isa = PBXFileReference; fileEncoding = 4; lastKnownFileType = sourcecode.c.c; lineEnding = 0; name = as_cluster.c; path = ../src/main/aerospike/as_cluster.c; sourceTree = "<group>"; };
		BFBBBAE118B6D9D0003FFD88 /* cf_b64.c */ = {isa = PBXFileReference; fileEncoding = 4; lastKnownFileType = sourcecode.c.c; name = cf_b64.c; path = ../modules/common/src/main/citrusleaf/cf_b64.c; sourceTree = "<group>"; };
		BFBBBAE318B6D9D0003FFD88 /* cf_clock.c */ = {isa = PBXFileReference; fileEncoding = 4; lastKnownFileType = sourcecode.c.c; name = cf_clock.c; path = ../modules/common/src/main/citrusleaf/cf_clock.c; sourceTree = "<group>"; };
		BFBBBAE418B6D9D0003FFD88 /* cf_crypto.c */ = {isa = PBXFileReference; fileEncoding = 4; lastKnownFileType = sourcecode.c.c; name = cf_crypto.c; path = ../modules/common/src/main/citrusleaf/cf_crypto.c; sourceTree = "<group>"; };
		BFBBBAE518B6D9D0003FFD88 /* cf_digest.c */ = {isa = PBXFileReference; fileEncoding = 4; lastKnownFileType = sourcecode.c.c; name = cf_digest.c; path = ../modules/common/src/main/citrusleaf/cf_digest.c; sourceTree = "<group>"; };
		BFBBBAE718B6D9D0003FFD88 /* cf_ll.c */ = {isa = PBXFileReference; fileEncoding = 4; lastKnownFileType = sourcecode.c.c; name = cf_ll.c; path = ../modules/common/src/main/citrusleaf/cf_ll.c; sourceTree = "<group>"; };
		BFBBBAE818B6D9D0003FFD88 /* cf_rchash.c */ = {isa = PBXFileReference; fileEncoding = 4; lastKnownFileType = sourcecode.c.c; lineEnding = 0; name = cf_rchash.c; path = ../modules/common/src/main/citrusleaf/cf_rchash.c; sourceTree = "<group>"; };
		BFBBBAE918B6D9D0003FFD88 /* cf_shash.c */ = {isa = PBXFileReference; fileEncoding = 4; lastKnownFileType = sourcecode.c.c; name = cf_shash.c; path = ../modules/common/src/main/citrusleaf/cf_shash.c; sourceTree = "<group>"; };
		BFBBBAEA18B6D9D0003FFD88 /* cf_vector.c */ = {isa = PBXFileReference; fileEncoding = 4; lastKnownFileType = sourcecode.c.c; name = cf_vector.c; path = ../modules/common/src/main/citrusleaf/cf_vector.c; sourceTree = "<group>"; };
		BFBD204518BC3435009ED931 /* internal.c */ = {isa = PBXFileReference; fileEncoding = 4; lastKnownFileType = sourcecode.c.c; name = internal.c; path = "../modules/mod-lua/src/main/internal.c"; sourceTree = "<group>"; };
		BFBD204618BC3436009ED931 /* mod_lua_aerospike.c */ = {isa = PBXFileReference; fileEncoding = 4; lastKnownFileType = sourcecode.c.c; name = mod_lua_aerospike.c; path = "../modules/mod-lua/src/main/mod_lua_aerospike.c"; sourceTree = "<group>"; };
		BFBD204718BC3436009ED931 /* mod_lua_bytes.c */ = {isa = PBXFileReference; fileEncoding = 4; lastKnownFileType = sourcecode.c.c; name = mod_lua_bytes.c; path = "../modules/mod-lua/src/main/mod_lua_bytes.c"; sourceTree = "<group>"; };
		BFBD204818BC3436009ED931 /* mod_lua_iterator.c */ = {isa = PBXFileReference; fileEncoding = 4; lastKnownFileType = sourcecode.c.c; name = mod_lua_iterator.c; path = "../modules/mod-lua/src/main/mod_lua_iterator.c"; sourceTree = "<group>"; };
		BFBD204918BC3436009ED931 /* mod_lua_list.c */ = {isa = PBXFileReference; fileEncoding = 4; lastKnownFileType = sourcecode.c.c; name = mod_lua_list.c; path = "../modules/mod-lua/src/main/mod_lua_list.c"; sourceTree = "<group>"; };
		BFBD204A18BC3436009ED931 /* mod_lua_map.c */ = {isa = PBXFileReference; fileEncoding = 4; lastKnownFileType = sourcecode.c.c; name = mod_lua_map.c; path = "../modules/mod-lua/src/main/mod_lua_map.c"; sourceTree = "<group>"; };
		BFBD204B18BC3436009ED931 /* mod_lua_record.c */ = {isa = PBXFileReference; fileEncoding = 4; lastKnownFileType = sourcecode.c.c; name = mod_lua_record.c; path = "../modules/mod-lua/src/main/mod_lua_record.c"; sourceTree = "<group>"; };
		BFBD204C18BC3436009ED931 /* mod_lua_reg.c */ = {isa = PBXFileReference; fileEncoding = 4; lastKnownFileType = sourcecode.c.c; name = mod_lua_reg.c; path = "../modules/mod-lua/src/main/mod_lua_reg.c"; sourceTree = "<group>"; };
		BFBD204D18BC3436009ED931 /* mod_lua_stream.c */ = {isa = PBXFileReference; fileEncoding = 4; lastKnownFileType = sourcecode.c.c; name = mod_lua_stream.c; path = "../modules/mod-lua/src/main/mod_lua_stream.c"; sourceTree = "<group>"; };
		BFBD204E18BC3436009ED931 /* mod_lua_val.c */ = {isa = PBXFileReference; fileEncoding = 4; lastKnownFileType = sourcecode.c.c; name = mod_lua_val.c; path = "../modules/mod-lua/src/main/mod_lua_val.c"; sourceTree = "<group>"; };
		BFBD204F18BC3436009ED931 /* mod_lua.c */ = {isa = PBXFileReference; fileEncoding = 4; lastKnownFileType = sourcecode.c.c; lineEnding = 0; name = mod_lua.c; path = "../modules/mod-lua/src/main/mod_lua.c"; sourceTree = "<group>"; };
		BFBDAFDF191B0C5C007EB07C /* as_info.c */ = {isa = PBXFileReference; fileEncoding = 4; lastKnownFileType = sourcecode.c.c; name = as_info.c; path = ../src/main/aerospike/as_info.c; sourceTree = "<group>"; };
		BFC002871901BCB200CB9BC8 /* as_vector.c */ = {isa = PBXFileReference; fileEncoding = 4; lastKnownFileType = sourcecode.c.c; name = as_vector.c; path = ../modules/common/src/main/aerospike/as_vector.c; sourceTree = "<group>"; };
		BFC002891901E08500CB9BC8 /* as_lookup.c */ = {isa = PBXFileReference; fileEncoding = 4; lastKnownFileType = sourcecode.c.c; name = as_lookup.c; path = ../src/main/aerospike/as_lookup.c; sourceTree = "<group>"; };
		BFC38AE01948F7CA000C53D9 /* as_admin.c */ = {isa = PBXFileReference; fileEncoding = 4; lastKnownFileType = sourcecode.c.c; lineEnding = 0; name = as_admin.c; path = ../src/main/aerospike/as_admin.c; sourceTree = "<group>"; };
		BFC3A8EA1B97D24D00F2F758 /* version.c */ = {isa = PBXFileReference; fileEncoding = 4; lastKnownFileType = sourcecode.c.c; name = version.c; path = ../src/main/aerospike/version.c; sourceTree = "<group>"; };
		BFC65B171C910A900079DF5A /* as_random.c */ = {isa = PBXFileReference; fileEncoding = 4; lastKnownFileType = sourcecode.c.c; name = as_random.c; path = ../modules/common/src/main/aerospike/as_random.c; sourceTree = "<group>"; };
		BFC65B361C921E9E0079DF5A /* aerospike_batch.h */ = {isa = PBXFileReference; fileEncoding = 4; lastKnownFileType = sourcecode.c.h; name = aerospike_batch.h; path = ../src/include/aerospike/aerospike_batch.h; sourceTree = "<group>"; };
		BFC65B371C921E9E0079DF5A /* aerospike_index.h */ = {isa = PBXFileReference; fileEncoding = 4; lastKnownFileType = sourcecode.c.h; name = aerospike_index.h; path = ../src/include/aerospike/aerospike_index.h; sourceTree = "<group>"; };
		BFC65B381C921E9E0079DF5A /* aerospike_info.h */ = {isa = PBXFileReference; fileEncoding = 4; lastKnownFileType = sourcecode.c.h; name = aerospike_info.h; path = ../src/include/aerospike/aerospike_info.h; sourceTree = "<group>"; };
		BFC65B391C921E9E0079DF5A /* aerospike_key.h */ = {isa = PBXFileReference; fileEncoding = 4; lastKnownFileType = sourcecode.c.h; name = aerospike_key.h; path = ../src/include/aerospike/aerospike_key.h; sourceTree = "<group>"; };
		BFC65B3A1C921E9E0079DF5A /* aerospike_llist.h */ = {isa = PBXFileReference; fileEncoding = 4; lastKnownFileType = sourcecode.c.h; name = aerospike_llist.h; path = ../src/include/aerospike/aerospike_llist.h; sourceTree = "<group>"; };
		BFC65B3B1C921E9E0079DF5A /* aerospike_lmap.h */ = {isa = PBXFileReference; fileEncoding = 4; lastKnownFileType = sourcecode.c.h; name = aerospike_lmap.h; path = ../src/include/aerospike/aerospike_lmap.h; sourceTree = "<group>"; };
		BFC65B3C1C921E9E0079DF5A /* aerospike_lset.h */ = {isa = PBXFileReference; fileEncoding = 4; lastKnownFileType = sourcecode.c.h; name = aerospike_lset.h; path = ../src/include/aerospike/aerospike_lset.h; sourceTree = "<group>"; };
		BFC65B3D1C921E9E0079DF5A /* aerospike_lstack.h */ = {isa = PBXFileReference; fileEncoding = 4; lastKnownFileType = sourcecode.c.h; name = aerospike_lstack.h; path = ../src/include/aerospike/aerospike_lstack.h; sourceTree = "<group>"; };
		BFC65B3E1C921E9E0079DF5A /* aerospike_query.h */ = {isa = PBXFileReference; fileEncoding = 4; lastKnownFileType = sourcecode.c.h; name = aerospike_query.h; path = ../src/include/aerospike/aerospike_query.h; sourceTree = "<group>"; };
		BFC65B3F1C921E9E0079DF5A /* aerospike_scan.h */ = {isa = PBXFileReference; fileEncoding = 4; lastKnownFileType = sourcecode.c.h; name = aerospike_scan.h; path = ../src/include/aerospike/aerospike_scan.h; sourceTree = "<group>"; };
		BFC65B401C921E9E0079DF5A /* aerospike_udf.h */ = {isa = PBXFileReference; fileEncoding = 4; lastKnownFileType = sourcecode.c.h; name = aerospike_udf.h; path = ../src/include/aerospike/aerospike_udf.h; sourceTree = "<group>"; };
		BFC65B411C921E9E0079DF5A /* aerospike.h */ = {isa = PBXFileReference; fileEncoding = 4; lastKnownFileType = sourcecode.c.h; name = aerospike.h; path = ../src/include/aerospike/aerospike.h; sourceTree = "<group>"; };
		BFC65B421C921E9E0079DF5A /* as_admin.h */ = {isa = PBXFileReference; fileEncoding = 4; lastKnownFileType = sourcecode.c.h; name = as_admin.h; path = ../src/include/aerospike/as_admin.h; sourceTree = "<group>"; };
		BFC65B431C921E9E0079DF5A /* as_async_proto.h */ = {isa = PBXFileReference; fileEncoding = 4; lastKnownFileType = sourcecode.c.h; name = as_async_proto.h; path = ../src/include/aerospike/as_async_proto.h; sourceTree = "<group>"; };
		BFC65B441C921E9E0079DF5A /* as_async.h */ = {isa = PBXFileReference; fileEncoding = 4; lastKnownFileType = sourcecode.c.h; name = as_async.h; path = ../src/include/aerospike/as_async.h; sourceTree = "<group>"; };
		BFC65B451C921E9E0079DF5A /* as_batch.h */ = {isa = PBXFileReference; fileEncoding = 4; lastKnownFileType = sourcecode.c.h; name = as_batch.h; path = ../src/include/aerospike/as_batch.h; sourceTree = "<group>"; };
		BFC65B461C921E9E0079DF5A /* as_bin.h */ = {isa = PBXFileReference; fileEncoding = 4; lastKnownFileType = sourcecode.c.h; name = as_bin.h; path = ../src/include/aerospike/as_bin.h; sourceTree = "<group>"; };
		BFC65B471C921E9E0079DF5A /* as_cluster.h */ = {isa = PBXFileReference; fileEncoding = 4; lastKnownFileType = sourcecode.c.h; name = as_cluster.h; path = ../src/include/aerospike/as_cluster.h; sourceTree = "<group>"; };
		BFC65B481C921E9E0079DF5A /* as_command.h */ = {isa = PBXFileReference; fileEncoding = 4; lastKnownFileType = sourcecode.c.h; name = as_command.h; path = ../src/include/aerospike/as_command.h; sourceTree = "<group>"; };
		BFC65B491C921E9E0079DF5A /* as_config.h */ = {isa = PBXFileReference; fileEncoding = 4; lastKnownFileType = sourcecode.c.h; name = as_config.h; path = ../src/include/aerospike/as_config.h; sourceTree = "<group>"; };
		BFC65B4A1C921E9E0079DF5A /* as_error.h */ = {isa = PBXFileReference; fileEncoding = 4; lastKnownFileType = sourcecode.c.h; name = as_error.h; path = ../src/include/aerospike/as_error.h; sourceTree = "<group>"; };
		BFC65B4B1C921E9E0079DF5A /* as_event_internal.h */ = {isa = PBXFileReference; fileEncoding = 4; lastKnownFileType = sourcecode.c.h; name = as_event_internal.h; path = ../src/include/aerospike/as_event_internal.h; sourceTree = "<group>"; };
		BFC65B4C1C921E9E0079DF5A /* as_event.h */ = {isa = PBXFileReference; fileEncoding = 4; lastKnownFileType = sourcecode.c.h; name = as_event.h; path = ../src/include/aerospike/as_event.h; sourceTree = "<group>"; };
		BFC65B4D1C921E9E0079DF5A /* as_info.h */ = {isa = PBXFileReference; fileEncoding = 4; lastKnownFileType = sourcecode.c.h; name = as_info.h; path = ../src/include/aerospike/as_info.h; sourceTree = "<group>"; };
		BFC65B4E1C921E9E0079DF5A /* as_job.h */ = {isa = PBXFileReference; fileEncoding = 4; lastKnownFileType = sourcecode.c.h; name = as_job.h; path = ../src/include/aerospike/as_job.h; sourceTree = "<group>"; };
		BFC65B4F1C921E9E0079DF5A /* as_key.h */ = {isa = PBXFileReference; fileEncoding = 4; lastKnownFileType = sourcecode.c.h; name = as_key.h; path = ../src/include/aerospike/as_key.h; sourceTree = "<group>"; };
		BFC65B501C921E9E0079DF5A /* as_ldt.h */ = {isa = PBXFileReference; fileEncoding = 4; lastKnownFileType = sourcecode.c.h; name = as_ldt.h; path = ../src/include/aerospike/as_ldt.h; sourceTree = "<group>"; };
		BFC65B511C921E9E0079DF5A /* as_listener.h */ = {isa = PBXFileReference; fileEncoding = 4; lastKnownFileType = sourcecode.c.h; name = as_listener.h; path = ../src/include/aerospike/as_listener.h; sourceTree = "<group>"; };
		BFC65B521C921E9E0079DF5A /* as_lookup.h */ = {isa = PBXFileReference; fileEncoding = 4; lastKnownFileType = sourcecode.c.h; name = as_lookup.h; path = ../src/include/aerospike/as_lookup.h; sourceTree = "<group>"; };
		BFC65B531C921E9E0079DF5A /* as_node.h */ = {isa = PBXFileReference; fileEncoding = 4; lastKnownFileType = sourcecode.c.h; name = as_node.h; path = ../src/include/aerospike/as_node.h; sourceTree = "<group>"; };
		BFC65B541C921E9E0079DF5A /* as_operations.h */ = {isa = PBXFileReference; fileEncoding = 4; lastKnownFileType = sourcecode.c.h; name = as_operations.h; path = ../src/include/aerospike/as_operations.h; sourceTree = "<group>"; };
		BFC65B551C921E9E0079DF5A /* as_partition.h */ = {isa = PBXFileReference; fileEncoding = 4; lastKnownFileType = sourcecode.c.h; name = as_partition.h; path = ../src/include/aerospike/as_partition.h; sourceTree = "<group>"; };
		BFC65B561C921E9E0079DF5A /* as_pipe.h */ = {isa = PBXFileReference; fileEncoding = 4; lastKnownFileType = sourcecode.c.h; name = as_pipe.h; path = ../src/include/aerospike/as_pipe.h; sourceTree = "<group>"; };
		BFC65B571C921E9E0079DF5A /* as_policy.h */ = {isa = PBXFileReference; fileEncoding = 4; lastKnownFileType = sourcecode.c.h; name = as_policy.h; path = ../src/include/aerospike/as_policy.h; sourceTree = "<group>"; };
		BFC65B581C921E9E0079DF5A /* as_proto.h */ = {isa = PBXFileReference; fileEncoding = 4; lastKnownFileType = sourcecode.c.h; name = as_proto.h; path = ../src/include/aerospike/as_proto.h; sourceTree = "<group>"; };
		BFC65B591C921E9E0079DF5A /* as_query.h */ = {isa = PBXFileReference; fileEncoding = 4; lastKnownFileType = sourcecode.c.h; name = as_query.h; path = ../src/include/aerospike/as_query.h; sourceTree = "<group>"; };
		BFC65B5A1C921E9E0079DF5A /* as_record_iterator.h */ = {isa = PBXFileReference; fileEncoding = 4; lastKnownFileType = sourcecode.c.h; name = as_record_iterator.h; path = ../src/include/aerospike/as_record_iterator.h; sourceTree = "<group>"; };
		BFC65B5B1C921E9E0079DF5A /* as_record.h */ = {isa = PBXFileReference; fileEncoding = 4; lastKnownFileType = sourcecode.c.h; name = as_record.h; path = ../src/include/aerospike/as_record.h; sourceTree = "<group>"; };
		BFC65B5C1C921E9E0079DF5A /* as_scan.h */ = {isa = PBXFileReference; fileEncoding = 4; lastKnownFileType = sourcecode.c.h; name = as_scan.h; path = ../src/include/aerospike/as_scan.h; sourceTree = "<group>"; };
		BFC65B5D1C921E9E0079DF5A /* as_shm_cluster.h */ = {isa = PBXFileReference; fileEncoding = 4; lastKnownFileType = sourcecode.c.h; name = as_shm_cluster.h; path = ../src/include/aerospike/as_shm_cluster.h; sourceTree = "<group>"; };
		BFC65B5E1C921E9E0079DF5A /* as_socket.h */ = {isa = PBXFileReference; fileEncoding = 4; lastKnownFileType = sourcecode.c.h; name = as_socket.h; path = ../src/include/aerospike/as_socket.h; sourceTree = "<group>"; };
		BFC65B5F1C921E9E0079DF5A /* as_status.h */ = {isa = PBXFileReference; fileEncoding = 4; lastKnownFileType = sourcecode.c.h; name = as_status.h; path = ../src/include/aerospike/as_status.h; sourceTree = "<group>"; };
		BFC65B601C921E9E0079DF5A /* as_udf.h */ = {isa = PBXFileReference; fileEncoding = 4; lastKnownFileType = sourcecode.c.h; name = as_udf.h; path = ../src/include/aerospike/as_udf.h; sourceTree = "<group>"; };
		BFC65BE61C9220E80079DF5A /* include */ = {isa = PBXFileReference; lastKnownFileType = folder; name = include; path = ../modules/common/src/include; sourceTree = "<group>"; };
		BFC65BE71C92213F0079DF5A /* include */ = {isa = PBXFileReference; lastKnownFileType = folder; name = include; path = "../modules/mod-lua/src/include"; sourceTree = "<group>"; };
		BFCF26BE1AC1FBBF0062B75C /* as_string_builder.c */ = {isa = PBXFileReference; fileEncoding = 4; lastKnownFileType = sourcecode.c.c; name = as_string_builder.c; path = ../modules/common/src/main/aerospike/as_string_builder.c; sourceTree = "<group>"; };
/* End PBXFileReference section */

/* Begin PBXFrameworksBuildPhase section */
		BF07F63418B4252500CE1850 /* Frameworks */ = {
			isa = PBXFrameworksBuildPhase;
			buildActionMask = 2147483647;
			files = (
			);
			runOnlyForDeploymentPostprocessing = 0;
		};
/* End PBXFrameworksBuildPhase section */

/* Begin PBXGroup section */
		BF07F62E18B4252500CE1850 = {
			isa = PBXGroup;
			children = (
				BFC65B2C1C921B490079DF5A /* modules */,
				BFC65B291C92189A0079DF5A /* src */,
				BF07F63818B4252500CE1850 /* Products */,
			);
			sourceTree = "<group>";
		};
		BF07F63818B4252500CE1850 /* Products */ = {
			isa = PBXGroup;
			children = (
				BF07F63718B4252500CE1850 /* libaerospike.a */,
			);
			name = Products;
			sourceTree = "<group>";
		};
		BFC65B291C92189A0079DF5A /* src */ = {
			isa = PBXGroup;
			children = (
				BFC65B351C921E3F0079DF5A /* include */,
				BFC65B2A1C9218B40079DF5A /* main */,
			);
			name = src;
			sourceTree = "<group>";
		};
		BFC65B2A1C9218B40079DF5A /* main */ = {
			isa = PBXGroup;
			children = (
				BF2AA7A918BEBFA400E54AF3 /* _bin.c */,
				BF2AA7AA18BEBFA400E54AF3 /* _bin.h */,
				BF2AA7AB18BEBFA400E54AF3 /* _ldt.c */,
				BF2AA7AC18BEBFA400E54AF3 /* _ldt.h */,
				BF2AA7B418BEBFA400E54AF3 /* aerospike_batch.c */,
				BF2AA7B518BEBFA400E54AF3 /* aerospike_index.c */,
				BF2AA7B618BEBFA400E54AF3 /* aerospike_info.c */,
				BF2AA7B718BEBFA400E54AF3 /* aerospike_key.c */,
				BF2AA7B818BEBFA400E54AF3 /* aerospike_llist.c */,
				BF2AA7B918BEBFA400E54AF3 /* aerospike_lmap.c */,
				BF2AA7BA18BEBFA400E54AF3 /* aerospike_lset.c */,
				BF2AA7BB18BEBFA400E54AF3 /* aerospike_lstack.c */,
				BF2AA7BC18BEBFA400E54AF3 /* aerospike_query.c */,
				BF2AA7BD18BEBFA400E54AF3 /* aerospike_scan.c */,
				BF2AA7BE18BEBFA400E54AF3 /* aerospike_udf.c */,
				BF2AA7BF18BEBFA400E54AF3 /* aerospike.c */,
				BFC38AE01948F7CA000C53D9 /* as_admin.c */,
				BF26CF831BFE7C7900E143DC /* as_async.c */,
				BF2AA7C018BEBFA400E54AF3 /* as_batch.c */,
				BFBB64821905D5B500682A6E /* as_cluster.c */,
				BF8EEB2C1A2CED34000F2B00 /* as_command.c */,
				BF2AA7C218BEBFA400E54AF3 /* as_config.c */,
				BF2AA7C318BEBFA400E54AF3 /* as_error.c */,
				BF8EABF51BF3C2800027EF45 /* as_event_ev.c */,
				BF21EA531C062FF500E2031E /* as_event_none.c */,
				BF8EABF71BF3C28F0027EF45 /* as_event_uv.c */,
				BF25DA921BB0790F00AC7512 /* as_event.c */,
				BFBDAFDF191B0C5C007EB07C /* as_info.c */,
				BF26C4661B45AE8F00E6929D /* as_job.c */,
				BF2AA7C418BEBFA400E54AF3 /* as_key.c */,
				BF2AA7C518BEBFA400E54AF3 /* as_ldt.c */,
				BFC002891901E08500CB9BC8 /* as_lookup.c */,
				BFBB3C8E192D729A00251B15 /* as_node.c */,
				BF2AA7C718BEBFA400E54AF3 /* as_operations.c */,
				BFBA916A1914344B00AADA9A /* as_partition.c */,
				BF6FE4321BF2748E00175BF8 /* as_pipe.c */,
				BF2AA7C818BEBFA400E54AF3 /* as_policy.c */,
				BF219F0D1A62255A001E321C /* as_proto.c */,
				BF2AA7C918BEBFA400E54AF3 /* as_query.c */,
				BF2AA7CA18BEBFA400E54AF3 /* as_record_hooks.c */,
				BF2AA7CB18BEBFA500E54AF3 /* as_record_iterator.c */,
				BF2AA7CC18BEBFA500E54AF3 /* as_record.c */,
				BF2AA7CD18BEBFA500E54AF3 /* as_scan.c */,
				BF26A38819C2621000AE763C /* as_shm_cluster.c */,
				BF219F0F1A622C23001E321C /* as_socket.c */,
				BF2AA7CE18BEBFA500E54AF3 /* as_udf.c */,
				BFC3A8EA1B97D24D00F2F758 /* version.c */,
			);
			name = main;
			sourceTree = "<group>";
		};
		BFC65B2C1C921B490079DF5A /* modules */ = {
			isa = PBXGroup;
			children = (
				BFC65B2D1C921B650079DF5A /* common */,
				BFC65B311C921CB40079DF5A /* mod-lua */,
			);
			name = modules;
			sourceTree = "<group>";
		};
		BFC65B2D1C921B650079DF5A /* common */ = {
			isa = PBXGroup;
			children = (
				BFC65B2E1C921B760079DF5A /* src */,
			);
			name = common;
			sourceTree = "<group>";
		};
		BFC65B2E1C921B760079DF5A /* src */ = {
			isa = PBXGroup;
			children = (
				BFC65BE61C9220E80079DF5A /* include */,
				BFC65B2F1C921B880079DF5A /* main */,
			);
			name = src;
			sourceTree = "<group>";
		};
		BFC65B2F1C921B880079DF5A /* main */ = {
			isa = PBXGroup;
			children = (
				BFC65B301C921B8E0079DF5A /* aerospike */,
				BFC65B341C921D7A0079DF5A /* citrusleaf */,
			);
			name = main;
			sourceTree = "<group>";
		};
		BFC65B301C921B8E0079DF5A /* aerospike */ = {
			isa = PBXGroup;
			children = (
				BFBA102C18B7D8B200A64E68 /* as_aerospike.c */,
				BFBA102D18B7D8B200A64E68 /* as_arraylist_hooks.c */,
				BFBA102E18B7D8B200A64E68 /* as_arraylist_iterator_hooks.c */,
				BFBA102F18B7D8B200A64E68 /* as_arraylist_iterator.c */,
				BFBA103018B7D8B200A64E68 /* as_arraylist.c */,
				BFBA103118B7D8B200A64E68 /* as_boolean.c */,
				BF23379F1B4DC8BD00670C64 /* as_buffer_pool.c */,
				BFBA103218B7D8B200A64E68 /* as_buffer.c */,
				BFBA103318B7D8B200A64E68 /* as_bytes.c */,
				BF2337A01B4DC8BD00670C64 /* as_double.c */,
				BF222CFC1BB33961006827A6 /* as_geojson.c */,
				BFBA103418B7D8B200A64E68 /* as_hashmap_hooks.c */,
				BFBA103518B7D8B200A64E68 /* as_hashmap_iterator_hooks.c */,
				BFBA103618B7D8B200A64E68 /* as_hashmap_iterator.c */,
				BFBA103718B7D8B200A64E68 /* as_hashmap.c */,
				BFBA103818B7D8B200A64E68 /* as_integer.c */,
				BFBA103918B7D8B200A64E68 /* as_iterator.c */,
				BFBA103A18B7D8B200A64E68 /* as_list.c */,
				BF5548EC19E36A7C007DDB9E /* as_log.c */,
				BFBA103C18B7D8B200A64E68 /* as_map.c */,
				BFBA103D18B7D8B200A64E68 /* as_memtracker.c */,
				BFBA103E18B7D8B200A64E68 /* as_module.c */,
				BFBA106C18B7DFA100A64E68 /* as_msgpack_serializer.c */,
				BFBA106D18B7DFA100A64E68 /* as_msgpack.c */,
				BFBA104118B7D8B200A64E68 /* as_nil.c */,
				BFBA104218B7D8B200A64E68 /* as_pair.c */,
				BFBA04B41947B42000F9924E /* as_password.c */,
				BF2669911BBB74AE00C61962 /* as_queue.c */,
				BFC65B171C910A900079DF5A /* as_random.c */,
				BFBA104318B7D8B200A64E68 /* as_rec.c */,
				BFBA104418B7D8B200A64E68 /* as_result.c */,
				BFBA104518B7D8B200A64E68 /* as_serializer.c */,
				BFBA104618B7D8B200A64E68 /* as_stream.c */,
				BFCF26BE1AC1FBBF0062B75C /* as_string_builder.c */,
				BFBA104718B7D8B200A64E68 /* as_string.c */,
				BF93AA051AE9E6EB003ECE3B /* as_thread_pool.c */,
				BFBB647F190595E900682A6E /* as_timer.c */,
				BFBA104918B7D8B300A64E68 /* as_val.c */,
				BFC002871901BCB200CB9BC8 /* as_vector.c */,
				BFBA04AA1947AA9C00F9924E /* crypt_blowfish.c */,
			);
			name = aerospike;
			sourceTree = "<group>";
		};
		BFC65B311C921CB40079DF5A /* mod-lua */ = {
			isa = PBXGroup;
			children = (
				BFC65B321C921CE10079DF5A /* src */,
			);
			name = "mod-lua";
			sourceTree = "<group>";
		};
		BFC65B321C921CE10079DF5A /* src */ = {
			isa = PBXGroup;
			children = (
				BFC65BE71C92213F0079DF5A /* include */,
				BFC65B331C921CE70079DF5A /* main */,
			);
			name = src;
			sourceTree = "<group>";
		};
		BFC65B331C921CE70079DF5A /* main */ = {
			isa = PBXGroup;
			children = (
				BFBD204518BC3435009ED931 /* internal.c */,
				BFBD204618BC3436009ED931 /* mod_lua_aerospike.c */,
				BFBD204718BC3436009ED931 /* mod_lua_bytes.c */,
				BF222CFE1BB3397E006827A6 /* mod_lua_geojson.c */,
				BFBD204818BC3436009ED931 /* mod_lua_iterator.c */,
				BFBD204918BC3436009ED931 /* mod_lua_list.c */,
				BFBD204A18BC3436009ED931 /* mod_lua_map.c */,
				BFBD204B18BC3436009ED931 /* mod_lua_record.c */,
				BFBD204C18BC3436009ED931 /* mod_lua_reg.c */,
				BFBD204D18BC3436009ED931 /* mod_lua_stream.c */,
				BFBD204E18BC3436009ED931 /* mod_lua_val.c */,
				BFBD204F18BC3436009ED931 /* mod_lua.c */,
			);
			name = main;
			sourceTree = "<group>";
		};
		BFC65B341C921D7A0079DF5A /* citrusleaf */ = {
			isa = PBXGroup;
			children = (
				BFBA04A81947AA8400F9924E /* cf_random.c */,
				BF843C5618D3E64900A06CFB /* cf_alloc.c */,
				BF843C5718D3E64900A06CFB /* cf_queue_priority.c */,
				BF843C5818D3E64900A06CFB /* cf_queue.c */,
				BFBBBAE118B6D9D0003FFD88 /* cf_b64.c */,
				BFBBBAE318B6D9D0003FFD88 /* cf_clock.c */,
				BFBBBAE418B6D9D0003FFD88 /* cf_crypto.c */,
				BFBBBAE518B6D9D0003FFD88 /* cf_digest.c */,
				BFBBBAE718B6D9D0003FFD88 /* cf_ll.c */,
				BFBBBAE818B6D9D0003FFD88 /* cf_rchash.c */,
				BFBBBAE918B6D9D0003FFD88 /* cf_shash.c */,
				BFBBBAEA18B6D9D0003FFD88 /* cf_vector.c */,
			);
			name = citrusleaf;
			sourceTree = "<group>";
		};
		BFC65B351C921E3F0079DF5A /* include */ = {
			isa = PBXGroup;
			children = (
				BFC65B361C921E9E0079DF5A /* aerospike_batch.h */,
				BFC65B371C921E9E0079DF5A /* aerospike_index.h */,
				BFC65B381C921E9E0079DF5A /* aerospike_info.h */,
				BFC65B391C921E9E0079DF5A /* aerospike_key.h */,
				BFC65B3A1C921E9E0079DF5A /* aerospike_llist.h */,
				BFC65B3B1C921E9E0079DF5A /* aerospike_lmap.h */,
				BFC65B3C1C921E9E0079DF5A /* aerospike_lset.h */,
				BFC65B3D1C921E9E0079DF5A /* aerospike_lstack.h */,
				BFC65B3E1C921E9E0079DF5A /* aerospike_query.h */,
				BFC65B3F1C921E9E0079DF5A /* aerospike_scan.h */,
				BFC65B401C921E9E0079DF5A /* aerospike_udf.h */,
				BFC65B411C921E9E0079DF5A /* aerospike.h */,
				BFC65B421C921E9E0079DF5A /* as_admin.h */,
				BFC65B431C921E9E0079DF5A /* as_async_proto.h */,
				BFC65B441C921E9E0079DF5A /* as_async.h */,
				BFC65B451C921E9E0079DF5A /* as_batch.h */,
				BFC65B461C921E9E0079DF5A /* as_bin.h */,
				BFC65B471C921E9E0079DF5A /* as_cluster.h */,
				BFC65B481C921E9E0079DF5A /* as_command.h */,
				BFC65B491C921E9E0079DF5A /* as_config.h */,
				BFC65B4A1C921E9E0079DF5A /* as_error.h */,
				BFC65B4B1C921E9E0079DF5A /* as_event_internal.h */,
				BFC65B4C1C921E9E0079DF5A /* as_event.h */,
				BFC65B4D1C921E9E0079DF5A /* as_info.h */,
				BFC65B4E1C921E9E0079DF5A /* as_job.h */,
				BFC65B4F1C921E9E0079DF5A /* as_key.h */,
				BFC65B501C921E9E0079DF5A /* as_ldt.h */,
				BFC65B511C921E9E0079DF5A /* as_listener.h */,
				BFC65B521C921E9E0079DF5A /* as_lookup.h */,
				BFC65B531C921E9E0079DF5A /* as_node.h */,
				BFC65B541C921E9E0079DF5A /* as_operations.h */,
				BFC65B551C921E9E0079DF5A /* as_partition.h */,
				BFC65B561C921E9E0079DF5A /* as_pipe.h */,
				BFC65B571C921E9E0079DF5A /* as_policy.h */,
				BFC65B581C921E9E0079DF5A /* as_proto.h */,
				BFC65B591C921E9E0079DF5A /* as_query.h */,
				BFC65B5A1C921E9E0079DF5A /* as_record_iterator.h */,
				BFC65B5B1C921E9E0079DF5A /* as_record.h */,
				BFC65B5C1C921E9E0079DF5A /* as_scan.h */,
				BFC65B5D1C921E9E0079DF5A /* as_shm_cluster.h */,
				BFC65B5E1C921E9E0079DF5A /* as_socket.h */,
				BFC65B5F1C921E9E0079DF5A /* as_status.h */,
				BFC65B601C921E9E0079DF5A /* as_udf.h */,
			);
			name = include;
			sourceTree = "<group>";
		};
/* End PBXGroup section */

/* Begin PBXHeadersBuildPhase section */
		BF07F63518B4252500CE1850 /* Headers */ = {
			isa = PBXHeadersBuildPhase;
			buildActionMask = 2147483647;
			files = (
				BFC65B631C921E9E0079DF5A /* aerospike_info.h in Headers */,
				BFC65B8B1C921E9E0079DF5A /* as_udf.h in Headers */,
				BFC65B671C921E9E0079DF5A /* aerospike_lset.h in Headers */,
				BFC65B811C921E9E0079DF5A /* as_pipe.h in Headers */,
				BFC65B761C921E9E0079DF5A /* as_event_internal.h in Headers */,
				BFC65B741C921E9E0079DF5A /* as_config.h in Headers */,
				BFC65B791C921E9E0079DF5A /* as_job.h in Headers */,
				BFC65B651C921E9E0079DF5A /* aerospike_llist.h in Headers */,
				BFC65B731C921E9E0079DF5A /* as_command.h in Headers */,
				BFC65B821C921E9E0079DF5A /* as_policy.h in Headers */,
				BFC65B801C921E9E0079DF5A /* as_partition.h in Headers */,
				BFC65B7D1C921E9E0079DF5A /* as_lookup.h in Headers */,
				BFC65B861C921E9E0079DF5A /* as_record.h in Headers */,
				BFC65B781C921E9E0079DF5A /* as_info.h in Headers */,
				BFC65B7F1C921E9E0079DF5A /* as_operations.h in Headers */,
				BFC65B661C921E9E0079DF5A /* aerospike_lmap.h in Headers */,
				BFC65B6C1C921E9E0079DF5A /* aerospike.h in Headers */,
				BFC65B881C921E9E0079DF5A /* as_shm_cluster.h in Headers */,
				BFC65B7A1C921E9E0079DF5A /* as_key.h in Headers */,
				BFC65B6F1C921E9E0079DF5A /* as_async.h in Headers */,
				BFC65B6D1C921E9E0079DF5A /* as_admin.h in Headers */,
				BFC65B851C921E9E0079DF5A /* as_record_iterator.h in Headers */,
				BFC65B701C921E9E0079DF5A /* as_batch.h in Headers */,
				BFC65B611C921E9E0079DF5A /* aerospike_batch.h in Headers */,
				BFC65B7B1C921E9E0079DF5A /* as_ldt.h in Headers */,
				BFC65B8A1C921E9E0079DF5A /* as_status.h in Headers */,
				BFC65B841C921E9E0079DF5A /* as_query.h in Headers */,
				BFC65B641C921E9E0079DF5A /* aerospike_key.h in Headers */,
				BFC65B621C921E9E0079DF5A /* aerospike_index.h in Headers */,
				BFC65B831C921E9E0079DF5A /* as_proto.h in Headers */,
				BFC65B721C921E9E0079DF5A /* as_cluster.h in Headers */,
				BFC65B6B1C921E9E0079DF5A /* aerospike_udf.h in Headers */,
				BFC65B891C921E9E0079DF5A /* as_socket.h in Headers */,
				BFC65B6E1C921E9E0079DF5A /* as_async_proto.h in Headers */,
				BFC65B711C921E9E0079DF5A /* as_bin.h in Headers */,
				BF2AA7D218BEBFA500E54AF3 /* _ldt.h in Headers */,
				BFC65B7E1C921E9E0079DF5A /* as_node.h in Headers */,
				BFC65B751C921E9E0079DF5A /* as_error.h in Headers */,
				BFC65B771C921E9E0079DF5A /* as_event.h in Headers */,
				BFC65B681C921E9E0079DF5A /* aerospike_lstack.h in Headers */,
				BFC65B7C1C921E9E0079DF5A /* as_listener.h in Headers */,
				BFC65B6A1C921E9E0079DF5A /* aerospike_scan.h in Headers */,
				BFC65B691C921E9E0079DF5A /* aerospike_query.h in Headers */,
				BF2AA7D018BEBFA500E54AF3 /* _bin.h in Headers */,
				BFC65B871C921E9E0079DF5A /* as_scan.h in Headers */,
			);
			runOnlyForDeploymentPostprocessing = 0;
		};
/* End PBXHeadersBuildPhase section */

/* Begin PBXNativeTarget section */
		BF07F63618B4252500CE1850 /* aerospike */ = {
			isa = PBXNativeTarget;
			buildConfigurationList = BF07F63B18B4252500CE1850 /* Build configuration list for PBXNativeTarget "aerospike" */;
			buildPhases = (
				BF07F63318B4252500CE1850 /* Sources */,
				BF07F63418B4252500CE1850 /* Frameworks */,
				BF07F63518B4252500CE1850 /* Headers */,
			);
			buildRules = (
			);
			dependencies = (
			);
			name = aerospike;
			productName = aerospike;
			productReference = BF07F63718B4252500CE1850 /* libaerospike.a */;
			productType = "com.apple.product-type.library.static";
		};
/* End PBXNativeTarget section */

/* Begin PBXProject section */
		BF07F62F18B4252500CE1850 /* Project object */ = {
			isa = PBXProject;
			attributes = {
				LastUpgradeCheck = 0500;
				ORGANIZATIONNAME = Aerospike;
			};
			buildConfigurationList = BF07F63218B4252500CE1850 /* Build configuration list for PBXProject "aerospike" */;
			compatibilityVersion = "Xcode 3.2";
			developmentRegion = English;
			hasScannedForEncodings = 0;
			knownRegions = (
				en,
			);
			mainGroup = BF07F62E18B4252500CE1850;
			productRefGroup = BF07F63818B4252500CE1850 /* Products */;
			projectDirPath = "";
			projectRoot = "";
			targets = (
				BF07F63618B4252500CE1850 /* aerospike */,
			);
		};
/* End PBXProject section */

/* Begin PBXSourcesBuildPhase section */
		BF07F63318B4252500CE1850 /* Sources */ = {
			isa = PBXSourcesBuildPhase;
			buildActionMask = 2147483647;
			files = (
				BFBA916B1914344B00AADA9A /* as_partition.c in Sources */,
				BFBA104F18B7D8B300A64E68 /* as_arraylist_iterator.c in Sources */,
				BFBB6481190595E900682A6E /* as_timer.c in Sources */,
				BF2337A11B4DC8BD00670C64 /* as_buffer_pool.c in Sources */,
				BFBD205118BC3436009ED931 /* mod_lua_aerospike.c in Sources */,
				BF843C5918D3E64900A06CFB /* cf_alloc.c in Sources */,
				BF2AA7F118BEBFA500E54AF3 /* as_record_iterator.c in Sources */,
				BFBA105218B7D8B300A64E68 /* as_buffer.c in Sources */,
				BFBA104E18B7D8B300A64E68 /* as_arraylist_iterator_hooks.c in Sources */,
				BFCF26BF1AC1FBBF0062B75C /* as_string_builder.c in Sources */,
				BFC0028A1901E08500CB9BC8 /* as_lookup.c in Sources */,
				BFBD205218BC3436009ED931 /* mod_lua_bytes.c in Sources */,
				BF5548ED19E36A7C007DDB9E /* as_log.c in Sources */,
				BFBA105518B7D8B300A64E68 /* as_hashmap_iterator_hooks.c in Sources */,
				BFC002881901BCB200CB9BC8 /* as_vector.c in Sources */,
				BF2AA7E218BEBFA500E54AF3 /* aerospike_query.c in Sources */,
				BF93AA061AE9E6EB003ECE3B /* as_thread_pool.c in Sources */,
				BFC38AE11948F7CA000C53D9 /* as_admin.c in Sources */,
				BFBD205618BC3436009ED931 /* mod_lua_record.c in Sources */,
				BFBA105618B7D8B300A64E68 /* as_hashmap_iterator.c in Sources */,
				BF222CFF1BB3397E006827A6 /* mod_lua_geojson.c in Sources */,
				BF2AA7DB18BEBFA500E54AF3 /* aerospike_index.c in Sources */,
				BF2AA7E118BEBFA500E54AF3 /* aerospike_lstack.c in Sources */,
				BF219F101A622C23001E321C /* as_socket.c in Sources */,
				BF2AA7DF18BEBFA500E54AF3 /* aerospike_lmap.c in Sources */,
				BF8EABF81BF3C28F0027EF45 /* as_event_uv.c in Sources */,
				BFBBBAEB18B6D9D0003FFD88 /* cf_b64.c in Sources */,
				BF2AA7D118BEBFA500E54AF3 /* _ldt.c in Sources */,
				BF25DA931BB0790F00AC7512 /* as_event.c in Sources */,
				BF2AA7F318BEBFA500E54AF3 /* as_scan.c in Sources */,
				BFBA106E18B7DFA100A64E68 /* as_msgpack_serializer.c in Sources */,
				BFBA105D18B7D8B300A64E68 /* as_memtracker.c in Sources */,
				BFBA04A91947AA8400F9924E /* cf_random.c in Sources */,
				BF2337A21B4DC8BD00670C64 /* as_double.c in Sources */,
				BF2AA7DC18BEBFA500E54AF3 /* aerospike_info.c in Sources */,
				BFBD205018BC3436009ED931 /* internal.c in Sources */,
				BF2AA7E018BEBFA500E54AF3 /* aerospike_lset.c in Sources */,
				BFBA106618B7D8B300A64E68 /* as_stream.c in Sources */,
				BFBD205718BC3436009ED931 /* mod_lua_reg.c in Sources */,
				BF2AA7DA18BEBFA500E54AF3 /* aerospike_batch.c in Sources */,
				BF2AA7EE18BEBFA500E54AF3 /* as_policy.c in Sources */,
				BF2AA7E918BEBFA500E54AF3 /* as_error.c in Sources */,
				BF222CFD1BB33961006827A6 /* as_geojson.c in Sources */,
				BFBA105018B7D8B300A64E68 /* as_arraylist.c in Sources */,
				BFC3A8EB1B97D24D00F2F758 /* version.c in Sources */,
				BFBD205818BC3436009ED931 /* mod_lua_stream.c in Sources */,
				BFBBBAED18B6D9D0003FFD88 /* cf_clock.c in Sources */,
				BFBA106F18B7DFA100A64E68 /* as_msgpack.c in Sources */,
				BF2AA7F018BEBFA500E54AF3 /* as_record_hooks.c in Sources */,
				BFBD205918BC3436009ED931 /* mod_lua_val.c in Sources */,
				BFBA106218B7D8B300A64E68 /* as_pair.c in Sources */,
				BFBA105318B7D8B300A64E68 /* as_bytes.c in Sources */,
				BF2AA7EA18BEBFA500E54AF3 /* as_key.c in Sources */,
				BF8EABF61BF3C2800027EF45 /* as_event_ev.c in Sources */,
				BFBA105E18B7D8B300A64E68 /* as_module.c in Sources */,
				BF2AA7ED18BEBFA500E54AF3 /* as_operations.c in Sources */,
				BFBBBAEF18B6D9D0003FFD88 /* cf_digest.c in Sources */,
				BFBA104D18B7D8B300A64E68 /* as_arraylist_hooks.c in Sources */,
				BF2AA7E418BEBFA500E54AF3 /* aerospike_udf.c in Sources */,
				BFBA105A18B7D8B300A64E68 /* as_list.c in Sources */,
				BFBA106118B7D8B300A64E68 /* as_nil.c in Sources */,
				BF843C5A18D3E64900A06CFB /* cf_queue_priority.c in Sources */,
				BF21EA541C062FF500E2031E /* as_event_none.c in Sources */,
				BF2AA7DD18BEBFA500E54AF3 /* aerospike_key.c in Sources */,
				BFBA104C18B7D8B300A64E68 /* as_aerospike.c in Sources */,
				BFBA106418B7D8B300A64E68 /* as_result.c in Sources */,
				BF2AA7F218BEBFA500E54AF3 /* as_record.c in Sources */,
				BFBA105118B7D8B300A64E68 /* as_boolean.c in Sources */,
				BF2669921BBB74AE00C61962 /* as_queue.c in Sources */,
				BFBDAFE0191B0C5C007EB07C /* as_info.c in Sources */,
				BF8EEB2D1A2CED34000F2B00 /* as_command.c in Sources */,
				BFBBBAEE18B6D9D0003FFD88 /* cf_crypto.c in Sources */,
				BF2AA7F418BEBFA500E54AF3 /* as_udf.c in Sources */,
				BFBA105818B7D8B300A64E68 /* as_integer.c in Sources */,
				BFBB3C8F192D729A00251B15 /* as_node.c in Sources */,
				BFC65B181C910A900079DF5A /* as_random.c in Sources */,
				BFBD205418BC3436009ED931 /* mod_lua_list.c in Sources */,
				BF26C4671B45AE8F00E6929D /* as_job.c in Sources */,
				BFBD205518BC3436009ED931 /* mod_lua_map.c in Sources */,
				BF2AA7E518BEBFA500E54AF3 /* aerospike.c in Sources */,
				BF2AA7E318BEBFA500E54AF3 /* aerospike_scan.c in Sources */,
				BF6FE4331BF2748E00175BF8 /* as_pipe.c in Sources */,
				BFBA106318B7D8B300A64E68 /* as_rec.c in Sources */,
				BF2AA7EB18BEBFA500E54AF3 /* as_ldt.c in Sources */,
				BF219F0E1A62255A001E321C /* as_proto.c in Sources */,
				BF843C5B18D3E64900A06CFB /* cf_queue.c in Sources */,
				BF2AA7DE18BEBFA500E54AF3 /* aerospike_llist.c in Sources */,
				BF26A38919C2621000AE763C /* as_shm_cluster.c in Sources */,
				BFBA106918B7D8B300A64E68 /* as_val.c in Sources */,
				BF2AA7EF18BEBFA500E54AF3 /* as_query.c in Sources */,
				BFBA04B51947B42000F9924E /* as_password.c in Sources */,
				BFBA105918B7D8B300A64E68 /* as_iterator.c in Sources */,
				BFBBBAF218B6D9D0003FFD88 /* cf_rchash.c in Sources */,
				BFBD205A18BC3436009ED931 /* mod_lua.c in Sources */,
				BFBBBAF118B6D9D0003FFD88 /* cf_ll.c in Sources */,
				BFBA106718B7D8B300A64E68 /* as_string.c in Sources */,
				BF2AA7E818BEBFA500E54AF3 /* as_config.c in Sources */,
				BF2AA7CF18BEBFA500E54AF3 /* _bin.c in Sources */,
				BFBD205318BC3436009ED931 /* mod_lua_iterator.c in Sources */,
				BFBA106518B7D8B300A64E68 /* as_serializer.c in Sources */,
				BFBA105718B7D8B300A64E68 /* as_hashmap.c in Sources */,
				BFBBBAF418B6D9D0003FFD88 /* cf_vector.c in Sources */,
				BF26CF841BFE7C7900E143DC /* as_async.c in Sources */,
				BFBA04AF1947AA9C00F9924E /* crypt_blowfish.c in Sources */,
				BFBB64831905D5B500682A6E /* as_cluster.c in Sources */,
				BFBA105C18B7D8B300A64E68 /* as_map.c in Sources */,
				BF2AA7E618BEBFA500E54AF3 /* as_batch.c in Sources */,
				BFBA105418B7D8B300A64E68 /* as_hashmap_hooks.c in Sources */,
				BFBBBAF318B6D9D0003FFD88 /* cf_shash.c in Sources */,
			);
			runOnlyForDeploymentPostprocessing = 0;
		};
/* End PBXSourcesBuildPhase section */

/* Begin XCBuildConfiguration section */
		BF07F63918B4252500CE1850 /* Debug */ = {
			isa = XCBuildConfiguration;
			buildSettings = {
				ALWAYS_SEARCH_USER_PATHS = NO;
				CLANG_CXX_LANGUAGE_STANDARD = "gnu++0x";
				CLANG_CXX_LIBRARY = "libc++";
				CLANG_ENABLE_OBJC_ARC = YES;
				CLANG_WARN_BOOL_CONVERSION = YES;
				CLANG_WARN_CONSTANT_CONVERSION = YES;
				CLANG_WARN_DIRECT_OBJC_ISA_USAGE = YES_ERROR;
				CLANG_WARN_EMPTY_BODY = YES;
				CLANG_WARN_ENUM_CONVERSION = YES;
				CLANG_WARN_INT_CONVERSION = YES;
				CLANG_WARN_OBJC_ROOT_CLASS = YES_ERROR;
				CLANG_WARN__DUPLICATE_METHOD_MATCH = YES;
				COPY_PHASE_STRIP = NO;
				GCC_C_LANGUAGE_STANDARD = gnu99;
				GCC_DYNAMIC_NO_PIC = NO;
				GCC_ENABLE_OBJC_EXCEPTIONS = YES;
				GCC_OPTIMIZATION_LEVEL = 0;
				GCC_PREPROCESSOR_DEFINITIONS = (
					"DEBUG=1",
					"$(inherited)",
				);
				GCC_SYMBOLS_PRIVATE_EXTERN = NO;
				GCC_WARN_64_TO_32_BIT_CONVERSION = YES;
				GCC_WARN_ABOUT_RETURN_TYPE = YES_ERROR;
				GCC_WARN_UNDECLARED_SELECTOR = YES;
				GCC_WARN_UNINITIALIZED_AUTOS = YES;
				GCC_WARN_UNUSED_FUNCTION = YES;
				GCC_WARN_UNUSED_VARIABLE = YES;
				MACOSX_DEPLOYMENT_TARGET = 10.9;
				ONLY_ACTIVE_ARCH = YES;
				SDKROOT = macosx;
			};
			name = Debug;
		};
		BF07F63A18B4252500CE1850 /* Release */ = {
			isa = XCBuildConfiguration;
			buildSettings = {
				ALWAYS_SEARCH_USER_PATHS = NO;
				CLANG_CXX_LANGUAGE_STANDARD = "gnu++0x";
				CLANG_CXX_LIBRARY = "libc++";
				CLANG_ENABLE_OBJC_ARC = YES;
				CLANG_WARN_BOOL_CONVERSION = YES;
				CLANG_WARN_CONSTANT_CONVERSION = YES;
				CLANG_WARN_DIRECT_OBJC_ISA_USAGE = YES_ERROR;
				CLANG_WARN_EMPTY_BODY = YES;
				CLANG_WARN_ENUM_CONVERSION = YES;
				CLANG_WARN_INT_CONVERSION = YES;
				CLANG_WARN_OBJC_ROOT_CLASS = YES_ERROR;
				CLANG_WARN__DUPLICATE_METHOD_MATCH = YES;
				COPY_PHASE_STRIP = YES;
				DEBUG_INFORMATION_FORMAT = "dwarf-with-dsym";
				ENABLE_NS_ASSERTIONS = NO;
				GCC_C_LANGUAGE_STANDARD = gnu99;
				GCC_ENABLE_OBJC_EXCEPTIONS = YES;
				GCC_WARN_64_TO_32_BIT_CONVERSION = YES;
				GCC_WARN_ABOUT_RETURN_TYPE = YES_ERROR;
				GCC_WARN_UNDECLARED_SELECTOR = YES;
				GCC_WARN_UNINITIALIZED_AUTOS = YES;
				GCC_WARN_UNUSED_FUNCTION = YES;
				GCC_WARN_UNUSED_VARIABLE = YES;
				MACOSX_DEPLOYMENT_TARGET = 10.9;
				SDKROOT = macosx;
			};
			name = Release;
		};
		BF07F63C18B4252500CE1850 /* Debug */ = {
			isa = XCBuildConfiguration;
			buildSettings = {
				EXECUTABLE_PREFIX = lib;
				HEADER_SEARCH_PATHS = (
					"$(inherited)",
					/Applications/Xcode.app/Contents/Developer/Toolchains/XcodeDefault.xctoolchain/usr/include,
					../modules/common/src/include,
					../modules/base/src/include,
					"../modules/mod-lua/src/include",
					../src/include,
					../src/default/include,
					/usr/local/include,
					../modules/ck/include,
				);
				OTHER_CFLAGS = (
					"-D_DARWIN_UNLIMITED_SELECT",
					"-DLUA_DEBUG_HOOK",
					"-DAS_USE_LIBEV",
				);
				PRODUCT_NAME = "$(TARGET_NAME)";
			};
			name = Debug;
		};
		BF07F63D18B4252500CE1850 /* Release */ = {
			isa = XCBuildConfiguration;
			buildSettings = {
				EXECUTABLE_PREFIX = lib;
				HEADER_SEARCH_PATHS = (
					"$(inherited)",
					/Applications/Xcode.app/Contents/Developer/Toolchains/XcodeDefault.xctoolchain/usr/include,
					../modules/common/src/include,
					../modules/base/src/include,
					"../modules/mod-lua/src/include",
					../src/include,
					../src/default/include,
					/usr/local/include,
					../modules/ck/include,
				);
				OTHER_CFLAGS = (
					"-D_DARWIN_UNLIMITED_SELECT",
					"-DLUA_DEBUG_HOOK",
					"-DAS_USE_LIBEV",
				);
				PRODUCT_NAME = "$(TARGET_NAME)";
			};
			name = Release;
		};
/* End XCBuildConfiguration section */

/* Begin XCConfigurationList section */
		BF07F63218B4252500CE1850 /* Build configuration list for PBXProject "aerospike" */ = {
			isa = XCConfigurationList;
			buildConfigurations = (
				BF07F63918B4252500CE1850 /* Debug */,
				BF07F63A18B4252500CE1850 /* Release */,
			);
			defaultConfigurationIsVisible = 0;
			defaultConfigurationName = Release;
		};
		BF07F63B18B4252500CE1850 /* Build configuration list for PBXNativeTarget "aerospike" */ = {
			isa = XCConfigurationList;
			buildConfigurations = (
				BF07F63C18B4252500CE1850 /* Debug */,
				BF07F63D18B4252500CE1850 /* Release */,
			);
			defaultConfigurationIsVisible = 0;
			defaultConfigurationName = Release;
		};
/* End XCConfigurationList section */
	};
	rootObject = BF07F62F18B4252500CE1850 /* Project object */;
}
